// !$*UTF8*$!
{
	archiveVersion = 1;
	classes = {
	};
	objectVersion = 46;
	objects = {

/* Begin PBXBuildFile section */
		594E123E6C9FD768422C1CEE /* libPods.a in Frameworks */ = {isa = PBXBuildFile; fileRef = C530CDEFFEDDFCABBEC918B0 /* libPods.a */; };
		88052D7B1AE103C300AB433D /* Globals.m in Sources */ = {isa = PBXBuildFile; fileRef = 88052D7A1AE103C300AB433D /* Globals.m */; };
		88052D7E1AE4D34D00AB433D /* XMMContentBlocks.m in Sources */ = {isa = PBXBuildFile; fileRef = 88052D7D1AE4D34D00AB433D /* XMMContentBlocks.m */; };
		8806A7631ACC2579000E8552 /* MapkitViewController.m in Sources */ = {isa = PBXBuildFile; fileRef = 8806A7621ACC2579000E8552 /* MapkitViewController.m */; };
		88124DAF1AC5625F00D50C05 /* NavigationViewController.m in Sources */ = {isa = PBXBuildFile; fileRef = 88124DAE1AC5625F00D50C05 /* NavigationViewController.m */; };
		8827D8E71ABB0E7C002F632C /* PingebAnnotation.m in Sources */ = {isa = PBXBuildFile; fileRef = 8827D8E61ABB0E7C002F632C /* PingebAnnotation.m */; };
		8827D8ED1ABB0F1C002F632C /* PingeborgAnnotationView.m in Sources */ = {isa = PBXBuildFile; fileRef = 8827D8EC1ABB0F1C002F632C /* PingeborgAnnotationView.m */; };
		8830CB951AC925D5005C79EF /* FeedTableViewController.m in Sources */ = {isa = PBXBuildFile; fileRef = 8830CB941AC925D5005C79EF /* FeedTableViewController.m */; };
		8830CB971AC92A21005C79EF /* FeedItemCell.xib in Resources */ = {isa = PBXBuildFile; fileRef = 8830CB961AC92A21005C79EF /* FeedItemCell.xib */; };
		8830CB9A1AC92AAE005C79EF /* FeedItemCell.m in Sources */ = {isa = PBXBuildFile; fileRef = 8830CB991AC92AAE005C79EF /* FeedItemCell.m */; };
		883574801AB1CCF40099DF4A /* QuartzCore.framework in Frameworks */ = {isa = PBXBuildFile; fileRef = 8835747F1AB1CCF40099DF4A /* QuartzCore.framework */; };
		883574831AB1D4AD0099DF4A /* styles.css in Resources */ = {isa = PBXBuildFile; fileRef = 883574821AB1D4AD0099DF4A /* styles.css */; };
		885BFCF81AADC23F0047340C /* Main.storyboard in Resources */ = {isa = PBXBuildFile; fileRef = 885BFCF71AADC23F0047340C /* Main.storyboard */; };
		885BFCFE1AADD3950047340C /* MainTabBarController.m in Sources */ = {isa = PBXBuildFile; fileRef = 885BFCFD1AADD3950047340C /* MainTabBarController.m */; };
		885BFD071AADD9FF0047340C /* ScanResultViewController.m in Sources */ = {isa = PBXBuildFile; fileRef = 885BFD051AADD9FF0047340C /* ScanResultViewController.m */; };
		8860DA791AE78CB800DF2239 /* libSVGKit-iOS.1.2.0.a in Frameworks */ = {isa = PBXBuildFile; fileRef = 8860DA771AE78CB800DF2239 /* libSVGKit-iOS.1.2.0.a */; };
		8860DA7A1AE78CB800DF2239 /* usr in Resources */ = {isa = PBXBuildFile; fileRef = 8860DA781AE78CB800DF2239 /* usr */; };
		8860DA7D1AE78D0500DF2239 /* CoreText.framework in Frameworks */ = {isa = PBXBuildFile; fileRef = 8860DA7C1AE78D0500DF2239 /* CoreText.framework */; };
		8860DA7F1AE78D0E00DF2239 /* CoreImage.framework in Frameworks */ = {isa = PBXBuildFile; fileRef = 8860DA7E1AE78D0E00DF2239 /* CoreImage.framework */; };
		8860DA811AE78D2C00DF2239 /* libxml2.dylib in Frameworks */ = {isa = PBXBuildFile; fileRef = 8860DA801AE78D2C00DF2239 /* libxml2.dylib */; };
		8860DA831AE78D3500DF2239 /* CoreGraphics.framework in Frameworks */ = {isa = PBXBuildFile; fileRef = 8860DA821AE78D3500DF2239 /* CoreGraphics.framework */; };
		8860DA851AE78D3B00DF2239 /* UIKit.framework in Frameworks */ = {isa = PBXBuildFile; fileRef = 8860DA841AE78D3B00DF2239 /* UIKit.framework */; };
		8897A9FD1ABB1C710003C3FA /* PingeborgCalloutView.xib in Resources */ = {isa = PBXBuildFile; fileRef = 8897A9FC1ABB1C710003C3FA /* PingeborgCalloutView.xib */; };
		88A62C3B1AD3D8EB00EAD4C3 /* ArtistDetailViewController.m in Sources */ = {isa = PBXBuildFile; fileRef = 88A62C3A1AD3D8EB00EAD4C3 /* ArtistDetailViewController.m */; };
		88A62C461AD3F2AE00EAD4C3 /* TextBlockTableViewCell.m in Sources */ = {isa = PBXBuildFile; fileRef = 88A62C441AD3F2AE00EAD4C3 /* TextBlockTableViewCell.m */; };
		88A62C471AD3F2AE00EAD4C3 /* TextBlockTableViewCell.xib in Resources */ = {isa = PBXBuildFile; fileRef = 88A62C451AD3F2AE00EAD4C3 /* TextBlockTableViewCell.xib */; };
		88A62C4C1AD55B8400EAD4C3 /* AudioBlockTableViewCell.m in Sources */ = {isa = PBXBuildFile; fileRef = 88A62C4A1AD55B8400EAD4C3 /* AudioBlockTableViewCell.m */; };
		88A62C4D1AD55B8400EAD4C3 /* AudioBlockTableViewCell.xib in Resources */ = {isa = PBXBuildFile; fileRef = 88A62C4B1AD55B8400EAD4C3 /* AudioBlockTableViewCell.xib */; };
		88A62C4F1AD55F2C00EAD4C3 /* AVFoundation.framework in Frameworks */ = {isa = PBXBuildFile; fileRef = 88A62C4E1AD55F2C00EAD4C3 /* AVFoundation.framework */; };
		88A62C531AD561DB00EAD4C3 /* MediaPlayer.framework in Frameworks */ = {isa = PBXBuildFile; fileRef = 88A62C521AD561DB00EAD4C3 /* MediaPlayer.framework */; };
		88A62C581AD64FBE00EAD4C3 /* YoutubeBlockTableViewCell.m in Sources */ = {isa = PBXBuildFile; fileRef = 88A62C561AD64FBE00EAD4C3 /* YoutubeBlockTableViewCell.m */; };
		88A62C591AD64FBE00EAD4C3 /* YoutubeBlockTableViewCell.xib in Resources */ = {isa = PBXBuildFile; fileRef = 88A62C571AD64FBE00EAD4C3 /* YoutubeBlockTableViewCell.xib */; };
		88B8598F1ADE97F30000D113 /* SpotMapBlockTableViewCell.m in Sources */ = {isa = PBXBuildFile; fileRef = 88B8598D1ADE97F30000D113 /* SpotMapBlockTableViewCell.m */; };
		88B859901ADE97F30000D113 /* SpotMapBlockTableViewCell.xib in Resources */ = {isa = PBXBuildFile; fileRef = 88B8598E1ADE97F30000D113 /* SpotMapBlockTableViewCell.xib */; };
		88BA01F51AA859F90091A43C /* main.m in Sources */ = {isa = PBXBuildFile; fileRef = 88BA01F41AA859F90091A43C /* main.m */; };
		88BA01F81AA859F90091A43C /* AppDelegate.m in Sources */ = {isa = PBXBuildFile; fileRef = 88BA01F71AA859F90091A43C /* AppDelegate.m */; };
		88BA02001AA859F90091A43C /* Images.xcassets in Resources */ = {isa = PBXBuildFile; fileRef = 88BA01FF1AA859F90091A43C /* Images.xcassets */; };
		88BA02031AA859F90091A43C /* LaunchScreen.xib in Resources */ = {isa = PBXBuildFile; fileRef = 88BA02011AA859F90091A43C /* LaunchScreen.xib */; };
		88BA020F1AA859F90091A43C /* xamoom_pingeborg_iosTests.m in Sources */ = {isa = PBXBuildFile; fileRef = 88BA020E1AA859F90091A43C /* xamoom_pingeborg_iosTests.m */; };
		88CBA7041AD6A98F001C3D37 /* ImageBlockTableViewCell.m in Sources */ = {isa = PBXBuildFile; fileRef = 88CBA7021AD6A98F001C3D37 /* ImageBlockTableViewCell.m */; };
		88CBA7051AD6A98F001C3D37 /* ImageBlockTableViewCell.xib in Resources */ = {isa = PBXBuildFile; fileRef = 88CBA7031AD6A98F001C3D37 /* ImageBlockTableViewCell.xib */; };
		88CBA70C1AD7AD60001C3D37 /* LinkBlockTableViewCell.m in Sources */ = {isa = PBXBuildFile; fileRef = 88CBA70A1AD7AD60001C3D37 /* LinkBlockTableViewCell.m */; };
		88CBA70D1AD7AD60001C3D37 /* LinkBlockTableViewCell.xib in Resources */ = {isa = PBXBuildFile; fileRef = 88CBA70B1AD7AD60001C3D37 /* LinkBlockTableViewCell.xib */; };
		88CBA7121AD7B7EC001C3D37 /* EbookBlockTableViewCell.m in Sources */ = {isa = PBXBuildFile; fileRef = 88CBA7101AD7B7EC001C3D37 /* EbookBlockTableViewCell.m */; };
		88CBA7131AD7B7EC001C3D37 /* EbookBlockTableViewCell.xib in Resources */ = {isa = PBXBuildFile; fileRef = 88CBA7111AD7B7EC001C3D37 /* EbookBlockTableViewCell.xib */; };
		88CBA7181AD7BF78001C3D37 /* ContentBlockTableViewCell.m in Sources */ = {isa = PBXBuildFile; fileRef = 88CBA7161AD7BF78001C3D37 /* ContentBlockTableViewCell.m */; };
		88CBA7191AD7BF78001C3D37 /* ContentBlockTableViewCell.xib in Resources */ = {isa = PBXBuildFile; fileRef = 88CBA7171AD7BF78001C3D37 /* ContentBlockTableViewCell.xib */; };
		88CBAEE11AA9EC9E000E480A /* MapKit.framework in Frameworks */ = {isa = PBXBuildFile; fileRef = 88CBAEE01AA9EC9E000E480A /* MapKit.framework */; };
		88D401651ABC053A006E865D /* PingeborgCalloutView.m in Sources */ = {isa = PBXBuildFile; fileRef = 88D401641ABC053A006E865D /* PingeborgCalloutView.m */; };
		88D8F0A11ABACD2400ACFBE4 /* AboutViewController.m in Sources */ = {isa = PBXBuildFile; fileRef = 88D8F0A01ABACD2400ACFBE4 /* AboutViewController.m */; };
		88DA7D9F1AF24CE80005FEA3 /* _XMMCoreData.m in Sources */ = {isa = PBXBuildFile; fileRef = 88DA7D371AF24CE80005FEA3 /* _XMMCoreData.m */; };
		88DA7DA01AF24CE80005FEA3 /* _XMMCoreDataContent.m in Sources */ = {isa = PBXBuildFile; fileRef = 88DA7D391AF24CE80005FEA3 /* _XMMCoreDataContent.m */; };
		88DA7DA11AF24CE80005FEA3 /* _XMMCoreDataContentBlocks.m in Sources */ = {isa = PBXBuildFile; fileRef = 88DA7D3B1AF24CE80005FEA3 /* _XMMCoreDataContentBlocks.m */; };
		88DA7DA21AF24CE80005FEA3 /* _XMMCoreDataGetById.m in Sources */ = {isa = PBXBuildFile; fileRef = 88DA7D3D1AF24CE80005FEA3 /* _XMMCoreDataGetById.m */; };
		88DA7DA31AF24CE80005FEA3 /* _XMMCoreDataGetByLocation.m in Sources */ = {isa = PBXBuildFile; fileRef = 88DA7D3F1AF24CE80005FEA3 /* _XMMCoreDataGetByLocation.m */; };
		88DA7DA41AF24CE80005FEA3 /* _XMMCoreDataGetByLocationItem.m in Sources */ = {isa = PBXBuildFile; fileRef = 88DA7D411AF24CE80005FEA3 /* _XMMCoreDataGetByLocationItem.m */; };
		88DA7DA51AF24CE80005FEA3 /* _XMMCoreDataMenuItem.m in Sources */ = {isa = PBXBuildFile; fileRef = 88DA7D431AF24CE80005FEA3 /* _XMMCoreDataMenuItem.m */; };
		88DA7DA61AF24CE80005FEA3 /* _XMMCoreDataStyle.m in Sources */ = {isa = PBXBuildFile; fileRef = 88DA7D451AF24CE80005FEA3 /* _XMMCoreDataStyle.m */; };
		88DA7DA71AF24CE80005FEA3 /* Model.xcdatamodeld in Sources */ = {isa = PBXBuildFile; fileRef = 88DA7D461AF24CE80005FEA3 /* Model.xcdatamodeld */; };
		88DA7DA81AF24CE80005FEA3 /* XMMCoreDataContent.m in Sources */ = {isa = PBXBuildFile; fileRef = 88DA7D491AF24CE80005FEA3 /* XMMCoreDataContent.m */; };
		88DA7DA91AF24CE80005FEA3 /* XMMCoreDataContentBlocks.m in Sources */ = {isa = PBXBuildFile; fileRef = 88DA7D4B1AF24CE80005FEA3 /* XMMCoreDataContentBlocks.m */; };
		88DA7DAA1AF24CE80005FEA3 /* XMMCoreDataGetById.m in Sources */ = {isa = PBXBuildFile; fileRef = 88DA7D4D1AF24CE80005FEA3 /* XMMCoreDataGetById.m */; };
		88DA7DAB1AF24CE80005FEA3 /* XMMCoreDataGetByLocation.m in Sources */ = {isa = PBXBuildFile; fileRef = 88DA7D4F1AF24CE80005FEA3 /* XMMCoreDataGetByLocation.m */; };
		88DA7DAC1AF24CE80005FEA3 /* XMMCoreDataGetByLocationItem.m in Sources */ = {isa = PBXBuildFile; fileRef = 88DA7D511AF24CE80005FEA3 /* XMMCoreDataGetByLocationItem.m */; };
		88DA7DAD1AF24CE80005FEA3 /* XMMCoreDataMenuItem.m in Sources */ = {isa = PBXBuildFile; fileRef = 88DA7D531AF24CE80005FEA3 /* XMMCoreDataMenuItem.m */; };
		88DA7DAE1AF24CE80005FEA3 /* XMMCoreDataStyle.m in Sources */ = {isa = PBXBuildFile; fileRef = 88DA7D551AF24CE80005FEA3 /* XMMCoreDataStyle.m */; };
		88DA7DAF1AF24CE80005FEA3 /* DetailTableViewController.m in Sources */ = {isa = PBXBuildFile; fileRef = 88DA7D591AF24CE80005FEA3 /* DetailTableViewController.m */; };
		88DA7DB01AF24CE80005FEA3 /* GTMNSString+HTML.m in Sources */ = {isa = PBXBuildFile; fileRef = 88DA7D5B1AF24CE80005FEA3 /* GTMNSString+HTML.m */; };
		88DA7DB11AF24CE80005FEA3 /* MWFeedInfo.m in Sources */ = {isa = PBXBuildFile; fileRef = 88DA7D5D1AF24CE80005FEA3 /* MWFeedInfo.m */; };
		88DA7DB21AF24CE80005FEA3 /* MWFeedItem.m in Sources */ = {isa = PBXBuildFile; fileRef = 88DA7D5F1AF24CE80005FEA3 /* MWFeedItem.m */; };
		88DA7DB31AF24CE80005FEA3 /* MWFeedParser.m in Sources */ = {isa = PBXBuildFile; fileRef = 88DA7D611AF24CE80005FEA3 /* MWFeedParser.m */; };
		88DA7DB41AF24CE80005FEA3 /* MWFeedParserAppDelegate.m in Sources */ = {isa = PBXBuildFile; fileRef = 88DA7D641AF24CE80005FEA3 /* MWFeedParserAppDelegate.m */; };
		88DA7DB51AF24CE80005FEA3 /* NSDate+InternetDateTime.m in Sources */ = {isa = PBXBuildFile; fileRef = 88DA7D661AF24CE80005FEA3 /* NSDate+InternetDateTime.m */; };
		88DA7DB61AF24CE80005FEA3 /* NSString+HTML.m in Sources */ = {isa = PBXBuildFile; fileRef = 88DA7D681AF24CE80005FEA3 /* NSString+HTML.m */; };
		88DA7DB71AF24CE80005FEA3 /* NSString+XMLEntities.m in Sources */ = {isa = PBXBuildFile; fileRef = 88DA7D6A1AF24CE80005FEA3 /* NSString+XMLEntities.m */; };
		88DA7DB81AF24CE80005FEA3 /* RootViewController.m in Sources */ = {isa = PBXBuildFile; fileRef = 88DA7D6C1AF24CE80005FEA3 /* RootViewController.m */; };
		88DA7DB91AF24CE80005FEA3 /* XMMResponseClosestSpot.m in Sources */ = {isa = PBXBuildFile; fileRef = 88DA7D6F1AF24CE80005FEA3 /* XMMResponseClosestSpot.m */; };
		88DA7DBA1AF24CE80005FEA3 /* XMMResponseContent.m in Sources */ = {isa = PBXBuildFile; fileRef = 88DA7D711AF24CE80005FEA3 /* XMMResponseContent.m */; };
		88DA7DBB1AF24CE80005FEA3 /* XMMResponseContentBlock.m in Sources */ = {isa = PBXBuildFile; fileRef = 88DA7D731AF24CE80005FEA3 /* XMMResponseContentBlock.m */; };
		88DA7DBC1AF24CE80005FEA3 /* XMMResponseContentBlockType0.m in Sources */ = {isa = PBXBuildFile; fileRef = 88DA7D751AF24CE80005FEA3 /* XMMResponseContentBlockType0.m */; };
		88DA7DBD1AF24CE80005FEA3 /* XMMResponseContentBlockType1.m in Sources */ = {isa = PBXBuildFile; fileRef = 88DA7D771AF24CE80005FEA3 /* XMMResponseContentBlockType1.m */; };
		88DA7DBE1AF24CE80005FEA3 /* XMMResponseContentBlockType2.m in Sources */ = {isa = PBXBuildFile; fileRef = 88DA7D791AF24CE80005FEA3 /* XMMResponseContentBlockType2.m */; };
		88DA7DBF1AF24CE80005FEA3 /* XMMResponseContentBlockType3.m in Sources */ = {isa = PBXBuildFile; fileRef = 88DA7D7B1AF24CE80005FEA3 /* XMMResponseContentBlockType3.m */; };
		88DA7DC01AF24CE80005FEA3 /* XMMResponseContentBlockType4.m in Sources */ = {isa = PBXBuildFile; fileRef = 88DA7D7D1AF24CE80005FEA3 /* XMMResponseContentBlockType4.m */; };
		88DA7DC11AF24CE80005FEA3 /* XMMResponseContentBlockType5.m in Sources */ = {isa = PBXBuildFile; fileRef = 88DA7D7F1AF24CE80005FEA3 /* XMMResponseContentBlockType5.m */; };
		88DA7DC21AF24CE80005FEA3 /* XMMResponseContentBlockType6.m in Sources */ = {isa = PBXBuildFile; fileRef = 88DA7D811AF24CE80005FEA3 /* XMMResponseContentBlockType6.m */; };
		88DA7DC31AF24CE80005FEA3 /* XMMResponseContentBlockType7.m in Sources */ = {isa = PBXBuildFile; fileRef = 88DA7D831AF24CE80005FEA3 /* XMMResponseContentBlockType7.m */; };
		88DA7DC41AF24CE80005FEA3 /* XMMResponseContentBlockType8.m in Sources */ = {isa = PBXBuildFile; fileRef = 88DA7D851AF24CE80005FEA3 /* XMMResponseContentBlockType8.m */; };
		88DA7DC51AF24CE80005FEA3 /* XMMResponseContentBlockType9.m in Sources */ = {isa = PBXBuildFile; fileRef = 88DA7D871AF24CE80005FEA3 /* XMMResponseContentBlockType9.m */; };
		88DA7DC61AF24CE80005FEA3 /* XMMResponseContentList.m in Sources */ = {isa = PBXBuildFile; fileRef = 88DA7D891AF24CE80005FEA3 /* XMMResponseContentList.m */; };
		88DA7DC71AF24CE80005FEA3 /* XMMResponseGetById.m in Sources */ = {isa = PBXBuildFile; fileRef = 88DA7D8B1AF24CE80005FEA3 /* XMMResponseGetById.m */; };
		88DA7DC81AF24CE80005FEA3 /* XMMResponseGetByLocation.m in Sources */ = {isa = PBXBuildFile; fileRef = 88DA7D8D1AF24CE80005FEA3 /* XMMResponseGetByLocation.m */; };
		88DA7DC91AF24CE80005FEA3 /* XMMResponseGetByLocationIdentifier.m in Sources */ = {isa = PBXBuildFile; fileRef = 88DA7D8F1AF24CE80005FEA3 /* XMMResponseGetByLocationIdentifier.m */; };
		88DA7DCA1AF24CE80005FEA3 /* XMMResponseGetByLocationItem.m in Sources */ = {isa = PBXBuildFile; fileRef = 88DA7D911AF24CE80005FEA3 /* XMMResponseGetByLocationItem.m */; };
		88DA7DCB1AF24CE80005FEA3 /* XMMResponseGetSpotMap.m in Sources */ = {isa = PBXBuildFile; fileRef = 88DA7D931AF24CE80005FEA3 /* XMMResponseGetSpotMap.m */; };
		88DA7DCC1AF24CE80005FEA3 /* XMMResponseGetSpotMapItem.m in Sources */ = {isa = PBXBuildFile; fileRef = 88DA7D951AF24CE80005FEA3 /* XMMResponseGetSpotMapItem.m */; };
		88DA7DCD1AF24CE80005FEA3 /* XMMResponseMenuItem.m in Sources */ = {isa = PBXBuildFile; fileRef = 88DA7D971AF24CE80005FEA3 /* XMMResponseMenuItem.m */; };
		88DA7DCE1AF24CE80005FEA3 /* XMMResponseStyle.m in Sources */ = {isa = PBXBuildFile; fileRef = 88DA7D991AF24CE80005FEA3 /* XMMResponseStyle.m */; };
		88DA7DCF1AF24CE80005FEA3 /* XMMRSSEntry.m in Sources */ = {isa = PBXBuildFile; fileRef = 88DA7D9C1AF24CE80005FEA3 /* XMMRSSEntry.m */; };
		88DA7DD01AF24CE80005FEA3 /* XMMEnduserApi.m in Sources */ = {isa = PBXBuildFile; fileRef = 88DA7D9E1AF24CE80005FEA3 /* XMMEnduserApi.m */; };
		88DEE9DB1ADE43730069DC32 /* soundcloud.js in Resources */ = {isa = PBXBuildFile; fileRef = 88DEE9DA1ADE43730069DC32 /* soundcloud.js */; };
		88DEE9E01ADE79830069DC32 /* DownloadBlockTableViewCell.m in Sources */ = {isa = PBXBuildFile; fileRef = 88DEE9DE1ADE79830069DC32 /* DownloadBlockTableViewCell.m */; };
		88DEE9E11ADE79830069DC32 /* DownloadBlockTableViewCell.xib in Resources */ = {isa = PBXBuildFile; fileRef = 88DEE9DF1ADE79830069DC32 /* DownloadBlockTableViewCell.xib */; };
		88E2FAEA1AF74D5800917AFB /* UIImage+animatedGIF.m in Sources */ = {isa = PBXBuildFile; fileRef = 88E2FAE91AF74D5800917AFB /* UIImage+animatedGIF.m */; };
		88E7801F1ADE38690082648B /* SoundcloudBlockTableViewCell.m in Sources */ = {isa = PBXBuildFile; fileRef = 88E7801D1ADE38690082648B /* SoundcloudBlockTableViewCell.m */; };
		88E780201ADE38690082648B /* SoundcloudBlockTableViewCell.xib in Resources */ = {isa = PBXBuildFile; fileRef = 88E7801E1ADE38690082648B /* SoundcloudBlockTableViewCell.xib */; };
/* End PBXBuildFile section */

/* Begin PBXContainerItemProxy section */
		88BA02091AA859F90091A43C /* PBXContainerItemProxy */ = {
			isa = PBXContainerItemProxy;
			containerPortal = 88BA01E71AA859F90091A43C /* Project object */;
			proxyType = 1;
			remoteGlobalIDString = 88BA01EE1AA859F90091A43C;
			remoteInfo = "xamoom-pingeborg-ios";
		};
/* End PBXContainerItemProxy section */

/* Begin PBXFileReference section */
		081CE084B2E648F4E71D7D2A /* Pods.debug.xcconfig */ = {isa = PBXFileReference; includeInIndex = 1; lastKnownFileType = text.xcconfig; name = Pods.debug.xcconfig; path = "Pods/Target Support Files/Pods/Pods.debug.xcconfig"; sourceTree = "<group>"; };
		48251170F65DFEEAACD48338 /* Pods.release.xcconfig */ = {isa = PBXFileReference; includeInIndex = 1; lastKnownFileType = text.xcconfig; name = Pods.release.xcconfig; path = "Pods/Target Support Files/Pods/Pods.release.xcconfig"; sourceTree = "<group>"; };
		88052D791AE103C300AB433D /* Globals.h */ = {isa = PBXFileReference; fileEncoding = 4; lastKnownFileType = sourcecode.c.h; path = Globals.h; sourceTree = "<group>"; };
		88052D7A1AE103C300AB433D /* Globals.m */ = {isa = PBXFileReference; fileEncoding = 4; lastKnownFileType = sourcecode.c.objc; path = Globals.m; sourceTree = "<group>"; };
		88052D7C1AE4D34D00AB433D /* XMMContentBlocks.h */ = {isa = PBXFileReference; fileEncoding = 4; lastKnownFileType = sourcecode.c.h; path = XMMContentBlocks.h; sourceTree = "<group>"; };
		88052D7D1AE4D34D00AB433D /* XMMContentBlocks.m */ = {isa = PBXFileReference; fileEncoding = 4; lastKnownFileType = sourcecode.c.objc; path = XMMContentBlocks.m; sourceTree = "<group>"; };
		8806A7611ACC2579000E8552 /* MapkitViewController.h */ = {isa = PBXFileReference; fileEncoding = 4; lastKnownFileType = sourcecode.c.h; path = MapkitViewController.h; sourceTree = "<group>"; };
		8806A7621ACC2579000E8552 /* MapkitViewController.m */ = {isa = PBXFileReference; fileEncoding = 4; lastKnownFileType = sourcecode.c.objc; path = MapkitViewController.m; sourceTree = "<group>"; };
		88124DAD1AC5625F00D50C05 /* NavigationViewController.h */ = {isa = PBXFileReference; fileEncoding = 4; lastKnownFileType = sourcecode.c.h; path = NavigationViewController.h; sourceTree = "<group>"; };
		88124DAE1AC5625F00D50C05 /* NavigationViewController.m */ = {isa = PBXFileReference; fileEncoding = 4; lastKnownFileType = sourcecode.c.objc; path = NavigationViewController.m; sourceTree = "<group>"; };
		8827D8E51ABB0E7C002F632C /* PingebAnnotation.h */ = {isa = PBXFileReference; fileEncoding = 4; lastKnownFileType = sourcecode.c.h; path = PingebAnnotation.h; sourceTree = "<group>"; };
		8827D8E61ABB0E7C002F632C /* PingebAnnotation.m */ = {isa = PBXFileReference; fileEncoding = 4; lastKnownFileType = sourcecode.c.objc; path = PingebAnnotation.m; sourceTree = "<group>"; };
		8827D8EB1ABB0F1C002F632C /* PingeborgAnnotationView.h */ = {isa = PBXFileReference; fileEncoding = 4; lastKnownFileType = sourcecode.c.h; path = PingeborgAnnotationView.h; sourceTree = "<group>"; };
		8827D8EC1ABB0F1C002F632C /* PingeborgAnnotationView.m */ = {isa = PBXFileReference; fileEncoding = 4; lastKnownFileType = sourcecode.c.objc; path = PingeborgAnnotationView.m; sourceTree = "<group>"; };
		8830CB931AC925D5005C79EF /* FeedTableViewController.h */ = {isa = PBXFileReference; fileEncoding = 4; lastKnownFileType = sourcecode.c.h; path = FeedTableViewController.h; sourceTree = "<group>"; };
		8830CB941AC925D5005C79EF /* FeedTableViewController.m */ = {isa = PBXFileReference; fileEncoding = 4; lastKnownFileType = sourcecode.c.objc; path = FeedTableViewController.m; sourceTree = "<group>"; };
		8830CB961AC92A21005C79EF /* FeedItemCell.xib */ = {isa = PBXFileReference; fileEncoding = 4; lastKnownFileType = file.xib; path = FeedItemCell.xib; sourceTree = "<group>"; };
		8830CB981AC92AAE005C79EF /* FeedItemCell.h */ = {isa = PBXFileReference; fileEncoding = 4; lastKnownFileType = sourcecode.c.h; path = FeedItemCell.h; sourceTree = "<group>"; };
		8830CB991AC92AAE005C79EF /* FeedItemCell.m */ = {isa = PBXFileReference; fileEncoding = 4; lastKnownFileType = sourcecode.c.objc; path = FeedItemCell.m; sourceTree = "<group>"; };
		8835747F1AB1CCF40099DF4A /* QuartzCore.framework */ = {isa = PBXFileReference; lastKnownFileType = wrapper.framework; name = QuartzCore.framework; path = System/Library/Frameworks/QuartzCore.framework; sourceTree = SDKROOT; };
		883574821AB1D4AD0099DF4A /* styles.css */ = {isa = PBXFileReference; fileEncoding = 4; lastKnownFileType = text.css; path = styles.css; sourceTree = "<group>"; };
		885BFCF71AADC23F0047340C /* Main.storyboard */ = {isa = PBXFileReference; fileEncoding = 4; lastKnownFileType = file.storyboard; path = Main.storyboard; sourceTree = "<group>"; };
		885BFCFC1AADD3950047340C /* MainTabBarController.h */ = {isa = PBXFileReference; fileEncoding = 4; lastKnownFileType = sourcecode.c.h; path = MainTabBarController.h; sourceTree = "<group>"; };
		885BFCFD1AADD3950047340C /* MainTabBarController.m */ = {isa = PBXFileReference; fileEncoding = 4; lastKnownFileType = sourcecode.c.objc; path = MainTabBarController.m; sourceTree = "<group>"; };
		885BFD041AADD9FF0047340C /* ScanResultViewController.h */ = {isa = PBXFileReference; fileEncoding = 4; lastKnownFileType = sourcecode.c.h; path = ScanResultViewController.h; sourceTree = "<group>"; };
		885BFD051AADD9FF0047340C /* ScanResultViewController.m */ = {isa = PBXFileReference; fileEncoding = 4; lastKnownFileType = sourcecode.c.objc; path = ScanResultViewController.m; sourceTree = "<group>"; };
		8860DA771AE78CB800DF2239 /* libSVGKit-iOS.1.2.0.a */ = {isa = PBXFileReference; lastKnownFileType = archive.ar; path = "libSVGKit-iOS.1.2.0.a"; sourceTree = "<group>"; };
		8860DA781AE78CB800DF2239 /* usr */ = {isa = PBXFileReference; lastKnownFileType = folder; path = usr; sourceTree = "<group>"; };
		8860DA7C1AE78D0500DF2239 /* CoreText.framework */ = {isa = PBXFileReference; lastKnownFileType = wrapper.framework; name = CoreText.framework; path = System/Library/Frameworks/CoreText.framework; sourceTree = SDKROOT; };
		8860DA7E1AE78D0E00DF2239 /* CoreImage.framework */ = {isa = PBXFileReference; lastKnownFileType = wrapper.framework; name = CoreImage.framework; path = System/Library/Frameworks/CoreImage.framework; sourceTree = SDKROOT; };
		8860DA801AE78D2C00DF2239 /* libxml2.dylib */ = {isa = PBXFileReference; lastKnownFileType = "compiled.mach-o.dylib"; name = libxml2.dylib; path = usr/lib/libxml2.dylib; sourceTree = SDKROOT; };
		8860DA821AE78D3500DF2239 /* CoreGraphics.framework */ = {isa = PBXFileReference; lastKnownFileType = wrapper.framework; name = CoreGraphics.framework; path = System/Library/Frameworks/CoreGraphics.framework; sourceTree = SDKROOT; };
		8860DA841AE78D3B00DF2239 /* UIKit.framework */ = {isa = PBXFileReference; lastKnownFileType = wrapper.framework; name = UIKit.framework; path = System/Library/Frameworks/UIKit.framework; sourceTree = SDKROOT; };
		8897A9FC1ABB1C710003C3FA /* PingeborgCalloutView.xib */ = {isa = PBXFileReference; fileEncoding = 4; lastKnownFileType = file.xib; path = PingeborgCalloutView.xib; sourceTree = "<group>"; };
		88A62C391AD3D8EB00EAD4C3 /* ArtistDetailViewController.h */ = {isa = PBXFileReference; fileEncoding = 4; lastKnownFileType = sourcecode.c.h; path = ArtistDetailViewController.h; sourceTree = "<group>"; };
		88A62C3A1AD3D8EB00EAD4C3 /* ArtistDetailViewController.m */ = {isa = PBXFileReference; fileEncoding = 4; lastKnownFileType = sourcecode.c.objc; path = ArtistDetailViewController.m; sourceTree = "<group>"; };
		88A62C431AD3F2AE00EAD4C3 /* TextBlockTableViewCell.h */ = {isa = PBXFileReference; fileEncoding = 4; lastKnownFileType = sourcecode.c.h; path = TextBlockTableViewCell.h; sourceTree = "<group>"; };
		88A62C441AD3F2AE00EAD4C3 /* TextBlockTableViewCell.m */ = {isa = PBXFileReference; fileEncoding = 4; lastKnownFileType = sourcecode.c.objc; path = TextBlockTableViewCell.m; sourceTree = "<group>"; };
		88A62C451AD3F2AE00EAD4C3 /* TextBlockTableViewCell.xib */ = {isa = PBXFileReference; fileEncoding = 4; lastKnownFileType = file.xib; path = TextBlockTableViewCell.xib; sourceTree = "<group>"; };
		88A62C491AD55B8400EAD4C3 /* AudioBlockTableViewCell.h */ = {isa = PBXFileReference; fileEncoding = 4; lastKnownFileType = sourcecode.c.h; path = AudioBlockTableViewCell.h; sourceTree = "<group>"; };
		88A62C4A1AD55B8400EAD4C3 /* AudioBlockTableViewCell.m */ = {isa = PBXFileReference; fileEncoding = 4; lastKnownFileType = sourcecode.c.objc; path = AudioBlockTableViewCell.m; sourceTree = "<group>"; };
		88A62C4B1AD55B8400EAD4C3 /* AudioBlockTableViewCell.xib */ = {isa = PBXFileReference; fileEncoding = 4; lastKnownFileType = file.xib; path = AudioBlockTableViewCell.xib; sourceTree = "<group>"; };
		88A62C4E1AD55F2C00EAD4C3 /* AVFoundation.framework */ = {isa = PBXFileReference; lastKnownFileType = wrapper.framework; name = AVFoundation.framework; path = System/Library/Frameworks/AVFoundation.framework; sourceTree = SDKROOT; };
		88A62C521AD561DB00EAD4C3 /* MediaPlayer.framework */ = {isa = PBXFileReference; lastKnownFileType = wrapper.framework; name = MediaPlayer.framework; path = System/Library/Frameworks/MediaPlayer.framework; sourceTree = SDKROOT; };
		88A62C551AD64FBE00EAD4C3 /* YoutubeBlockTableViewCell.h */ = {isa = PBXFileReference; fileEncoding = 4; lastKnownFileType = sourcecode.c.h; path = YoutubeBlockTableViewCell.h; sourceTree = "<group>"; };
		88A62C561AD64FBE00EAD4C3 /* YoutubeBlockTableViewCell.m */ = {isa = PBXFileReference; fileEncoding = 4; lastKnownFileType = sourcecode.c.objc; path = YoutubeBlockTableViewCell.m; sourceTree = "<group>"; };
		88A62C571AD64FBE00EAD4C3 /* YoutubeBlockTableViewCell.xib */ = {isa = PBXFileReference; fileEncoding = 4; lastKnownFileType = file.xib; path = YoutubeBlockTableViewCell.xib; sourceTree = "<group>"; };
		88B8598C1ADE97F30000D113 /* SpotMapBlockTableViewCell.h */ = {isa = PBXFileReference; fileEncoding = 4; lastKnownFileType = sourcecode.c.h; path = SpotMapBlockTableViewCell.h; sourceTree = "<group>"; };
		88B8598D1ADE97F30000D113 /* SpotMapBlockTableViewCell.m */ = {isa = PBXFileReference; fileEncoding = 4; lastKnownFileType = sourcecode.c.objc; path = SpotMapBlockTableViewCell.m; sourceTree = "<group>"; };
		88B8598E1ADE97F30000D113 /* SpotMapBlockTableViewCell.xib */ = {isa = PBXFileReference; fileEncoding = 4; lastKnownFileType = file.xib; path = SpotMapBlockTableViewCell.xib; sourceTree = "<group>"; };
		88BA01EF1AA859F90091A43C /* xamoom-pingeborg-ios.app */ = {isa = PBXFileReference; explicitFileType = wrapper.application; includeInIndex = 0; path = "xamoom-pingeborg-ios.app"; sourceTree = BUILT_PRODUCTS_DIR; };
		88BA01F31AA859F90091A43C /* Info.plist */ = {isa = PBXFileReference; lastKnownFileType = text.plist.xml; path = Info.plist; sourceTree = "<group>"; };
		88BA01F41AA859F90091A43C /* main.m */ = {isa = PBXFileReference; lastKnownFileType = sourcecode.c.objc; path = main.m; sourceTree = "<group>"; };
		88BA01F61AA859F90091A43C /* AppDelegate.h */ = {isa = PBXFileReference; lastKnownFileType = sourcecode.c.h; path = AppDelegate.h; sourceTree = "<group>"; };
		88BA01F71AA859F90091A43C /* AppDelegate.m */ = {isa = PBXFileReference; lastKnownFileType = sourcecode.c.objc; path = AppDelegate.m; sourceTree = "<group>"; };
		88BA01FF1AA859F90091A43C /* Images.xcassets */ = {isa = PBXFileReference; lastKnownFileType = folder.assetcatalog; path = Images.xcassets; sourceTree = "<group>"; };
		88BA02021AA859F90091A43C /* Base */ = {isa = PBXFileReference; lastKnownFileType = file.xib; name = Base; path = Base.lproj/LaunchScreen.xib; sourceTree = "<group>"; };
		88BA02081AA859F90091A43C /* xamoom-pingeborg-iosTests.xctest */ = {isa = PBXFileReference; explicitFileType = wrapper.cfbundle; includeInIndex = 0; path = "xamoom-pingeborg-iosTests.xctest"; sourceTree = BUILT_PRODUCTS_DIR; };
		88BA020D1AA859F90091A43C /* Info.plist */ = {isa = PBXFileReference; lastKnownFileType = text.plist.xml; path = Info.plist; sourceTree = "<group>"; };
		88BA020E1AA859F90091A43C /* xamoom_pingeborg_iosTests.m */ = {isa = PBXFileReference; lastKnownFileType = sourcecode.c.objc; path = xamoom_pingeborg_iosTests.m; sourceTree = "<group>"; };
		88CBA7011AD6A98F001C3D37 /* ImageBlockTableViewCell.h */ = {isa = PBXFileReference; fileEncoding = 4; lastKnownFileType = sourcecode.c.h; path = ImageBlockTableViewCell.h; sourceTree = "<group>"; };
		88CBA7021AD6A98F001C3D37 /* ImageBlockTableViewCell.m */ = {isa = PBXFileReference; fileEncoding = 4; lastKnownFileType = sourcecode.c.objc; path = ImageBlockTableViewCell.m; sourceTree = "<group>"; };
		88CBA7031AD6A98F001C3D37 /* ImageBlockTableViewCell.xib */ = {isa = PBXFileReference; fileEncoding = 4; lastKnownFileType = file.xib; path = ImageBlockTableViewCell.xib; sourceTree = "<group>"; };
		88CBA7091AD7AD60001C3D37 /* LinkBlockTableViewCell.h */ = {isa = PBXFileReference; fileEncoding = 4; lastKnownFileType = sourcecode.c.h; path = LinkBlockTableViewCell.h; sourceTree = "<group>"; };
		88CBA70A1AD7AD60001C3D37 /* LinkBlockTableViewCell.m */ = {isa = PBXFileReference; fileEncoding = 4; lastKnownFileType = sourcecode.c.objc; path = LinkBlockTableViewCell.m; sourceTree = "<group>"; };
		88CBA70B1AD7AD60001C3D37 /* LinkBlockTableViewCell.xib */ = {isa = PBXFileReference; fileEncoding = 4; lastKnownFileType = file.xib; path = LinkBlockTableViewCell.xib; sourceTree = "<group>"; };
		88CBA70F1AD7B7EC001C3D37 /* EbookBlockTableViewCell.h */ = {isa = PBXFileReference; fileEncoding = 4; lastKnownFileType = sourcecode.c.h; path = EbookBlockTableViewCell.h; sourceTree = "<group>"; };
		88CBA7101AD7B7EC001C3D37 /* EbookBlockTableViewCell.m */ = {isa = PBXFileReference; fileEncoding = 4; lastKnownFileType = sourcecode.c.objc; path = EbookBlockTableViewCell.m; sourceTree = "<group>"; };
		88CBA7111AD7B7EC001C3D37 /* EbookBlockTableViewCell.xib */ = {isa = PBXFileReference; fileEncoding = 4; lastKnownFileType = file.xib; path = EbookBlockTableViewCell.xib; sourceTree = "<group>"; };
		88CBA7151AD7BF78001C3D37 /* ContentBlockTableViewCell.h */ = {isa = PBXFileReference; fileEncoding = 4; lastKnownFileType = sourcecode.c.h; path = ContentBlockTableViewCell.h; sourceTree = "<group>"; };
		88CBA7161AD7BF78001C3D37 /* ContentBlockTableViewCell.m */ = {isa = PBXFileReference; fileEncoding = 4; lastKnownFileType = sourcecode.c.objc; path = ContentBlockTableViewCell.m; sourceTree = "<group>"; };
		88CBA7171AD7BF78001C3D37 /* ContentBlockTableViewCell.xib */ = {isa = PBXFileReference; fileEncoding = 4; lastKnownFileType = file.xib; path = ContentBlockTableViewCell.xib; sourceTree = "<group>"; };
		88CBAEE01AA9EC9E000E480A /* MapKit.framework */ = {isa = PBXFileReference; lastKnownFileType = wrapper.framework; name = MapKit.framework; path = System/Library/Frameworks/MapKit.framework; sourceTree = SDKROOT; };
		88D401631ABC053A006E865D /* PingeborgCalloutView.h */ = {isa = PBXFileReference; fileEncoding = 4; lastKnownFileType = sourcecode.c.h; path = PingeborgCalloutView.h; sourceTree = "<group>"; };
		88D401641ABC053A006E865D /* PingeborgCalloutView.m */ = {isa = PBXFileReference; fileEncoding = 4; lastKnownFileType = sourcecode.c.objc; path = PingeborgCalloutView.m; sourceTree = "<group>"; };
		88D8F09F1ABACD2400ACFBE4 /* AboutViewController.h */ = {isa = PBXFileReference; fileEncoding = 4; lastKnownFileType = sourcecode.c.h; path = AboutViewController.h; sourceTree = "<group>"; };
		88D8F0A01ABACD2400ACFBE4 /* AboutViewController.m */ = {isa = PBXFileReference; fileEncoding = 4; lastKnownFileType = sourcecode.c.objc; path = AboutViewController.m; sourceTree = "<group>"; };
		88DA7D361AF24CE80005FEA3 /* _XMMCoreData.h */ = {isa = PBXFileReference; fileEncoding = 4; lastKnownFileType = sourcecode.c.h; path = _XMMCoreData.h; sourceTree = "<group>"; };
		88DA7D371AF24CE80005FEA3 /* _XMMCoreData.m */ = {isa = PBXFileReference; fileEncoding = 4; lastKnownFileType = sourcecode.c.objc; path = _XMMCoreData.m; sourceTree = "<group>"; };
		88DA7D381AF24CE80005FEA3 /* _XMMCoreDataContent.h */ = {isa = PBXFileReference; fileEncoding = 4; lastKnownFileType = sourcecode.c.h; path = _XMMCoreDataContent.h; sourceTree = "<group>"; };
		88DA7D391AF24CE80005FEA3 /* _XMMCoreDataContent.m */ = {isa = PBXFileReference; fileEncoding = 4; lastKnownFileType = sourcecode.c.objc; path = _XMMCoreDataContent.m; sourceTree = "<group>"; };
		88DA7D3A1AF24CE80005FEA3 /* _XMMCoreDataContentBlocks.h */ = {isa = PBXFileReference; fileEncoding = 4; lastKnownFileType = sourcecode.c.h; path = _XMMCoreDataContentBlocks.h; sourceTree = "<group>"; };
		88DA7D3B1AF24CE80005FEA3 /* _XMMCoreDataContentBlocks.m */ = {isa = PBXFileReference; fileEncoding = 4; lastKnownFileType = sourcecode.c.objc; path = _XMMCoreDataContentBlocks.m; sourceTree = "<group>"; };
		88DA7D3C1AF24CE80005FEA3 /* _XMMCoreDataGetById.h */ = {isa = PBXFileReference; fileEncoding = 4; lastKnownFileType = sourcecode.c.h; path = _XMMCoreDataGetById.h; sourceTree = "<group>"; };
		88DA7D3D1AF24CE80005FEA3 /* _XMMCoreDataGetById.m */ = {isa = PBXFileReference; fileEncoding = 4; lastKnownFileType = sourcecode.c.objc; path = _XMMCoreDataGetById.m; sourceTree = "<group>"; };
		88DA7D3E1AF24CE80005FEA3 /* _XMMCoreDataGetByLocation.h */ = {isa = PBXFileReference; fileEncoding = 4; lastKnownFileType = sourcecode.c.h; path = _XMMCoreDataGetByLocation.h; sourceTree = "<group>"; };
		88DA7D3F1AF24CE80005FEA3 /* _XMMCoreDataGetByLocation.m */ = {isa = PBXFileReference; fileEncoding = 4; lastKnownFileType = sourcecode.c.objc; path = _XMMCoreDataGetByLocation.m; sourceTree = "<group>"; };
		88DA7D401AF24CE80005FEA3 /* _XMMCoreDataGetByLocationItem.h */ = {isa = PBXFileReference; fileEncoding = 4; lastKnownFileType = sourcecode.c.h; path = _XMMCoreDataGetByLocationItem.h; sourceTree = "<group>"; };
		88DA7D411AF24CE80005FEA3 /* _XMMCoreDataGetByLocationItem.m */ = {isa = PBXFileReference; fileEncoding = 4; lastKnownFileType = sourcecode.c.objc; path = _XMMCoreDataGetByLocationItem.m; sourceTree = "<group>"; };
		88DA7D421AF24CE80005FEA3 /* _XMMCoreDataMenuItem.h */ = {isa = PBXFileReference; fileEncoding = 4; lastKnownFileType = sourcecode.c.h; path = _XMMCoreDataMenuItem.h; sourceTree = "<group>"; };
		88DA7D431AF24CE80005FEA3 /* _XMMCoreDataMenuItem.m */ = {isa = PBXFileReference; fileEncoding = 4; lastKnownFileType = sourcecode.c.objc; path = _XMMCoreDataMenuItem.m; sourceTree = "<group>"; };
		88DA7D441AF24CE80005FEA3 /* _XMMCoreDataStyle.h */ = {isa = PBXFileReference; fileEncoding = 4; lastKnownFileType = sourcecode.c.h; path = _XMMCoreDataStyle.h; sourceTree = "<group>"; };
		88DA7D451AF24CE80005FEA3 /* _XMMCoreDataStyle.m */ = {isa = PBXFileReference; fileEncoding = 4; lastKnownFileType = sourcecode.c.objc; path = _XMMCoreDataStyle.m; sourceTree = "<group>"; };
		88DA7D471AF24CE80005FEA3 /* Model.xcdatamodel */ = {isa = PBXFileReference; lastKnownFileType = wrapper.xcdatamodel; path = Model.xcdatamodel; sourceTree = "<group>"; };
		88DA7D481AF24CE80005FEA3 /* XMMCoreDataContent.h */ = {isa = PBXFileReference; fileEncoding = 4; lastKnownFileType = sourcecode.c.h; path = XMMCoreDataContent.h; sourceTree = "<group>"; };
		88DA7D491AF24CE80005FEA3 /* XMMCoreDataContent.m */ = {isa = PBXFileReference; fileEncoding = 4; lastKnownFileType = sourcecode.c.objc; path = XMMCoreDataContent.m; sourceTree = "<group>"; };
		88DA7D4A1AF24CE80005FEA3 /* XMMCoreDataContentBlocks.h */ = {isa = PBXFileReference; fileEncoding = 4; lastKnownFileType = sourcecode.c.h; path = XMMCoreDataContentBlocks.h; sourceTree = "<group>"; };
		88DA7D4B1AF24CE80005FEA3 /* XMMCoreDataContentBlocks.m */ = {isa = PBXFileReference; fileEncoding = 4; lastKnownFileType = sourcecode.c.objc; path = XMMCoreDataContentBlocks.m; sourceTree = "<group>"; };
		88DA7D4C1AF24CE80005FEA3 /* XMMCoreDataGetById.h */ = {isa = PBXFileReference; fileEncoding = 4; lastKnownFileType = sourcecode.c.h; path = XMMCoreDataGetById.h; sourceTree = "<group>"; };
		88DA7D4D1AF24CE80005FEA3 /* XMMCoreDataGetById.m */ = {isa = PBXFileReference; fileEncoding = 4; lastKnownFileType = sourcecode.c.objc; path = XMMCoreDataGetById.m; sourceTree = "<group>"; };
		88DA7D4E1AF24CE80005FEA3 /* XMMCoreDataGetByLocation.h */ = {isa = PBXFileReference; fileEncoding = 4; lastKnownFileType = sourcecode.c.h; path = XMMCoreDataGetByLocation.h; sourceTree = "<group>"; };
		88DA7D4F1AF24CE80005FEA3 /* XMMCoreDataGetByLocation.m */ = {isa = PBXFileReference; fileEncoding = 4; lastKnownFileType = sourcecode.c.objc; path = XMMCoreDataGetByLocation.m; sourceTree = "<group>"; };
		88DA7D501AF24CE80005FEA3 /* XMMCoreDataGetByLocationItem.h */ = {isa = PBXFileReference; fileEncoding = 4; lastKnownFileType = sourcecode.c.h; path = XMMCoreDataGetByLocationItem.h; sourceTree = "<group>"; };
		88DA7D511AF24CE80005FEA3 /* XMMCoreDataGetByLocationItem.m */ = {isa = PBXFileReference; fileEncoding = 4; lastKnownFileType = sourcecode.c.objc; path = XMMCoreDataGetByLocationItem.m; sourceTree = "<group>"; };
		88DA7D521AF24CE80005FEA3 /* XMMCoreDataMenuItem.h */ = {isa = PBXFileReference; fileEncoding = 4; lastKnownFileType = sourcecode.c.h; path = XMMCoreDataMenuItem.h; sourceTree = "<group>"; };
		88DA7D531AF24CE80005FEA3 /* XMMCoreDataMenuItem.m */ = {isa = PBXFileReference; fileEncoding = 4; lastKnownFileType = sourcecode.c.objc; path = XMMCoreDataMenuItem.m; sourceTree = "<group>"; };
		88DA7D541AF24CE80005FEA3 /* XMMCoreDataStyle.h */ = {isa = PBXFileReference; fileEncoding = 4; lastKnownFileType = sourcecode.c.h; path = XMMCoreDataStyle.h; sourceTree = "<group>"; };
		88DA7D551AF24CE80005FEA3 /* XMMCoreDataStyle.m */ = {isa = PBXFileReference; fileEncoding = 4; lastKnownFileType = sourcecode.c.objc; path = XMMCoreDataStyle.m; sourceTree = "<group>"; };
		88DA7D581AF24CE80005FEA3 /* DetailTableViewController.h */ = {isa = PBXFileReference; fileEncoding = 4; lastKnownFileType = sourcecode.c.h; path = DetailTableViewController.h; sourceTree = "<group>"; };
		88DA7D591AF24CE80005FEA3 /* DetailTableViewController.m */ = {isa = PBXFileReference; fileEncoding = 4; lastKnownFileType = sourcecode.c.objc; path = DetailTableViewController.m; sourceTree = "<group>"; };
		88DA7D5A1AF24CE80005FEA3 /* GTMNSString+HTML.h */ = {isa = PBXFileReference; fileEncoding = 4; lastKnownFileType = sourcecode.c.h; path = "GTMNSString+HTML.h"; sourceTree = "<group>"; };
		88DA7D5B1AF24CE80005FEA3 /* GTMNSString+HTML.m */ = {isa = PBXFileReference; fileEncoding = 4; lastKnownFileType = sourcecode.c.objc; path = "GTMNSString+HTML.m"; sourceTree = "<group>"; };
		88DA7D5C1AF24CE80005FEA3 /* MWFeedInfo.h */ = {isa = PBXFileReference; fileEncoding = 4; lastKnownFileType = sourcecode.c.h; path = MWFeedInfo.h; sourceTree = "<group>"; };
		88DA7D5D1AF24CE80005FEA3 /* MWFeedInfo.m */ = {isa = PBXFileReference; fileEncoding = 4; lastKnownFileType = sourcecode.c.objc; path = MWFeedInfo.m; sourceTree = "<group>"; };
		88DA7D5E1AF24CE80005FEA3 /* MWFeedItem.h */ = {isa = PBXFileReference; fileEncoding = 4; lastKnownFileType = sourcecode.c.h; path = MWFeedItem.h; sourceTree = "<group>"; };
		88DA7D5F1AF24CE80005FEA3 /* MWFeedItem.m */ = {isa = PBXFileReference; fileEncoding = 4; lastKnownFileType = sourcecode.c.objc; path = MWFeedItem.m; sourceTree = "<group>"; };
		88DA7D601AF24CE80005FEA3 /* MWFeedParser.h */ = {isa = PBXFileReference; fileEncoding = 4; lastKnownFileType = sourcecode.c.h; path = MWFeedParser.h; sourceTree = "<group>"; };
		88DA7D611AF24CE80005FEA3 /* MWFeedParser.m */ = {isa = PBXFileReference; fileEncoding = 4; lastKnownFileType = sourcecode.c.objc; path = MWFeedParser.m; sourceTree = "<group>"; };
		88DA7D621AF24CE80005FEA3 /* MWFeedParser_Private.h */ = {isa = PBXFileReference; fileEncoding = 4; lastKnownFileType = sourcecode.c.h; path = MWFeedParser_Private.h; sourceTree = "<group>"; };
		88DA7D631AF24CE80005FEA3 /* MWFeedParserAppDelegate.h */ = {isa = PBXFileReference; fileEncoding = 4; lastKnownFileType = sourcecode.c.h; path = MWFeedParserAppDelegate.h; sourceTree = "<group>"; };
		88DA7D641AF24CE80005FEA3 /* MWFeedParserAppDelegate.m */ = {isa = PBXFileReference; fileEncoding = 4; lastKnownFileType = sourcecode.c.objc; path = MWFeedParserAppDelegate.m; sourceTree = "<group>"; };
		88DA7D651AF24CE80005FEA3 /* NSDate+InternetDateTime.h */ = {isa = PBXFileReference; fileEncoding = 4; lastKnownFileType = sourcecode.c.h; path = "NSDate+InternetDateTime.h"; sourceTree = "<group>"; };
		88DA7D661AF24CE80005FEA3 /* NSDate+InternetDateTime.m */ = {isa = PBXFileReference; fileEncoding = 4; lastKnownFileType = sourcecode.c.objc; path = "NSDate+InternetDateTime.m"; sourceTree = "<group>"; };
		88DA7D671AF24CE80005FEA3 /* NSString+HTML.h */ = {isa = PBXFileReference; fileEncoding = 4; lastKnownFileType = sourcecode.c.h; path = "NSString+HTML.h"; sourceTree = "<group>"; };
		88DA7D681AF24CE80005FEA3 /* NSString+HTML.m */ = {isa = PBXFileReference; fileEncoding = 4; lastKnownFileType = sourcecode.c.objc; path = "NSString+HTML.m"; sourceTree = "<group>"; };
		88DA7D691AF24CE80005FEA3 /* NSString+XMLEntities.h */ = {isa = PBXFileReference; fileEncoding = 4; lastKnownFileType = sourcecode.c.h; path = "NSString+XMLEntities.h"; sourceTree = "<group>"; };
		88DA7D6A1AF24CE80005FEA3 /* NSString+XMLEntities.m */ = {isa = PBXFileReference; fileEncoding = 4; lastKnownFileType = sourcecode.c.objc; path = "NSString+XMLEntities.m"; sourceTree = "<group>"; };
		88DA7D6B1AF24CE80005FEA3 /* RootViewController.h */ = {isa = PBXFileReference; fileEncoding = 4; lastKnownFileType = sourcecode.c.h; path = RootViewController.h; sourceTree = "<group>"; };
		88DA7D6C1AF24CE80005FEA3 /* RootViewController.m */ = {isa = PBXFileReference; fileEncoding = 4; lastKnownFileType = sourcecode.c.objc; path = RootViewController.m; sourceTree = "<group>"; };
		88DA7D6E1AF24CE80005FEA3 /* XMMResponseClosestSpot.h */ = {isa = PBXFileReference; fileEncoding = 4; lastKnownFileType = sourcecode.c.h; path = XMMResponseClosestSpot.h; sourceTree = "<group>"; };
		88DA7D6F1AF24CE80005FEA3 /* XMMResponseClosestSpot.m */ = {isa = PBXFileReference; fileEncoding = 4; lastKnownFileType = sourcecode.c.objc; path = XMMResponseClosestSpot.m; sourceTree = "<group>"; };
		88DA7D701AF24CE80005FEA3 /* XMMResponseContent.h */ = {isa = PBXFileReference; fileEncoding = 4; lastKnownFileType = sourcecode.c.h; path = XMMResponseContent.h; sourceTree = "<group>"; };
		88DA7D711AF24CE80005FEA3 /* XMMResponseContent.m */ = {isa = PBXFileReference; fileEncoding = 4; lastKnownFileType = sourcecode.c.objc; path = XMMResponseContent.m; sourceTree = "<group>"; };
		88DA7D721AF24CE80005FEA3 /* XMMResponseContentBlock.h */ = {isa = PBXFileReference; fileEncoding = 4; lastKnownFileType = sourcecode.c.h; path = XMMResponseContentBlock.h; sourceTree = "<group>"; };
		88DA7D731AF24CE80005FEA3 /* XMMResponseContentBlock.m */ = {isa = PBXFileReference; fileEncoding = 4; lastKnownFileType = sourcecode.c.objc; path = XMMResponseContentBlock.m; sourceTree = "<group>"; };
		88DA7D741AF24CE80005FEA3 /* XMMResponseContentBlockType0.h */ = {isa = PBXFileReference; fileEncoding = 4; lastKnownFileType = sourcecode.c.h; path = XMMResponseContentBlockType0.h; sourceTree = "<group>"; };
		88DA7D751AF24CE80005FEA3 /* XMMResponseContentBlockType0.m */ = {isa = PBXFileReference; fileEncoding = 4; lastKnownFileType = sourcecode.c.objc; path = XMMResponseContentBlockType0.m; sourceTree = "<group>"; };
		88DA7D761AF24CE80005FEA3 /* XMMResponseContentBlockType1.h */ = {isa = PBXFileReference; fileEncoding = 4; lastKnownFileType = sourcecode.c.h; path = XMMResponseContentBlockType1.h; sourceTree = "<group>"; };
		88DA7D771AF24CE80005FEA3 /* XMMResponseContentBlockType1.m */ = {isa = PBXFileReference; fileEncoding = 4; lastKnownFileType = sourcecode.c.objc; path = XMMResponseContentBlockType1.m; sourceTree = "<group>"; };
		88DA7D781AF24CE80005FEA3 /* XMMResponseContentBlockType2.h */ = {isa = PBXFileReference; fileEncoding = 4; lastKnownFileType = sourcecode.c.h; path = XMMResponseContentBlockType2.h; sourceTree = "<group>"; };
		88DA7D791AF24CE80005FEA3 /* XMMResponseContentBlockType2.m */ = {isa = PBXFileReference; fileEncoding = 4; lastKnownFileType = sourcecode.c.objc; path = XMMResponseContentBlockType2.m; sourceTree = "<group>"; };
		88DA7D7A1AF24CE80005FEA3 /* XMMResponseContentBlockType3.h */ = {isa = PBXFileReference; fileEncoding = 4; lastKnownFileType = sourcecode.c.h; path = XMMResponseContentBlockType3.h; sourceTree = "<group>"; };
		88DA7D7B1AF24CE80005FEA3 /* XMMResponseContentBlockType3.m */ = {isa = PBXFileReference; fileEncoding = 4; lastKnownFileType = sourcecode.c.objc; path = XMMResponseContentBlockType3.m; sourceTree = "<group>"; };
		88DA7D7C1AF24CE80005FEA3 /* XMMResponseContentBlockType4.h */ = {isa = PBXFileReference; fileEncoding = 4; lastKnownFileType = sourcecode.c.h; path = XMMResponseContentBlockType4.h; sourceTree = "<group>"; };
		88DA7D7D1AF24CE80005FEA3 /* XMMResponseContentBlockType4.m */ = {isa = PBXFileReference; fileEncoding = 4; lastKnownFileType = sourcecode.c.objc; path = XMMResponseContentBlockType4.m; sourceTree = "<group>"; };
		88DA7D7E1AF24CE80005FEA3 /* XMMResponseContentBlockType5.h */ = {isa = PBXFileReference; fileEncoding = 4; lastKnownFileType = sourcecode.c.h; path = XMMResponseContentBlockType5.h; sourceTree = "<group>"; };
		88DA7D7F1AF24CE80005FEA3 /* XMMResponseContentBlockType5.m */ = {isa = PBXFileReference; fileEncoding = 4; lastKnownFileType = sourcecode.c.objc; path = XMMResponseContentBlockType5.m; sourceTree = "<group>"; };
		88DA7D801AF24CE80005FEA3 /* XMMResponseContentBlockType6.h */ = {isa = PBXFileReference; fileEncoding = 4; lastKnownFileType = sourcecode.c.h; path = XMMResponseContentBlockType6.h; sourceTree = "<group>"; };
		88DA7D811AF24CE80005FEA3 /* XMMResponseContentBlockType6.m */ = {isa = PBXFileReference; fileEncoding = 4; lastKnownFileType = sourcecode.c.objc; path = XMMResponseContentBlockType6.m; sourceTree = "<group>"; };
		88DA7D821AF24CE80005FEA3 /* XMMResponseContentBlockType7.h */ = {isa = PBXFileReference; fileEncoding = 4; lastKnownFileType = sourcecode.c.h; path = XMMResponseContentBlockType7.h; sourceTree = "<group>"; };
		88DA7D831AF24CE80005FEA3 /* XMMResponseContentBlockType7.m */ = {isa = PBXFileReference; fileEncoding = 4; lastKnownFileType = sourcecode.c.objc; path = XMMResponseContentBlockType7.m; sourceTree = "<group>"; };
		88DA7D841AF24CE80005FEA3 /* XMMResponseContentBlockType8.h */ = {isa = PBXFileReference; fileEncoding = 4; lastKnownFileType = sourcecode.c.h; path = XMMResponseContentBlockType8.h; sourceTree = "<group>"; };
		88DA7D851AF24CE80005FEA3 /* XMMResponseContentBlockType8.m */ = {isa = PBXFileReference; fileEncoding = 4; lastKnownFileType = sourcecode.c.objc; path = XMMResponseContentBlockType8.m; sourceTree = "<group>"; };
		88DA7D861AF24CE80005FEA3 /* XMMResponseContentBlockType9.h */ = {isa = PBXFileReference; fileEncoding = 4; lastKnownFileType = sourcecode.c.h; path = XMMResponseContentBlockType9.h; sourceTree = "<group>"; };
		88DA7D871AF24CE80005FEA3 /* XMMResponseContentBlockType9.m */ = {isa = PBXFileReference; fileEncoding = 4; lastKnownFileType = sourcecode.c.objc; path = XMMResponseContentBlockType9.m; sourceTree = "<group>"; };
		88DA7D881AF24CE80005FEA3 /* XMMResponseContentList.h */ = {isa = PBXFileReference; fileEncoding = 4; lastKnownFileType = sourcecode.c.h; path = XMMResponseContentList.h; sourceTree = "<group>"; };
		88DA7D891AF24CE80005FEA3 /* XMMResponseContentList.m */ = {isa = PBXFileReference; fileEncoding = 4; lastKnownFileType = sourcecode.c.objc; path = XMMResponseContentList.m; sourceTree = "<group>"; };
		88DA7D8A1AF24CE80005FEA3 /* XMMResponseGetById.h */ = {isa = PBXFileReference; fileEncoding = 4; lastKnownFileType = sourcecode.c.h; path = XMMResponseGetById.h; sourceTree = "<group>"; };
		88DA7D8B1AF24CE80005FEA3 /* XMMResponseGetById.m */ = {isa = PBXFileReference; fileEncoding = 4; lastKnownFileType = sourcecode.c.objc; path = XMMResponseGetById.m; sourceTree = "<group>"; };
		88DA7D8C1AF24CE80005FEA3 /* XMMResponseGetByLocation.h */ = {isa = PBXFileReference; fileEncoding = 4; lastKnownFileType = sourcecode.c.h; path = XMMResponseGetByLocation.h; sourceTree = "<group>"; };
		88DA7D8D1AF24CE80005FEA3 /* XMMResponseGetByLocation.m */ = {isa = PBXFileReference; fileEncoding = 4; lastKnownFileType = sourcecode.c.objc; path = XMMResponseGetByLocation.m; sourceTree = "<group>"; };
		88DA7D8E1AF24CE80005FEA3 /* XMMResponseGetByLocationIdentifier.h */ = {isa = PBXFileReference; fileEncoding = 4; lastKnownFileType = sourcecode.c.h; path = XMMResponseGetByLocationIdentifier.h; sourceTree = "<group>"; };
		88DA7D8F1AF24CE80005FEA3 /* XMMResponseGetByLocationIdentifier.m */ = {isa = PBXFileReference; fileEncoding = 4; lastKnownFileType = sourcecode.c.objc; path = XMMResponseGetByLocationIdentifier.m; sourceTree = "<group>"; };
		88DA7D901AF24CE80005FEA3 /* XMMResponseGetByLocationItem.h */ = {isa = PBXFileReference; fileEncoding = 4; lastKnownFileType = sourcecode.c.h; path = XMMResponseGetByLocationItem.h; sourceTree = "<group>"; };
		88DA7D911AF24CE80005FEA3 /* XMMResponseGetByLocationItem.m */ = {isa = PBXFileReference; fileEncoding = 4; lastKnownFileType = sourcecode.c.objc; path = XMMResponseGetByLocationItem.m; sourceTree = "<group>"; };
		88DA7D921AF24CE80005FEA3 /* XMMResponseGetSpotMap.h */ = {isa = PBXFileReference; fileEncoding = 4; lastKnownFileType = sourcecode.c.h; path = XMMResponseGetSpotMap.h; sourceTree = "<group>"; };
		88DA7D931AF24CE80005FEA3 /* XMMResponseGetSpotMap.m */ = {isa = PBXFileReference; fileEncoding = 4; lastKnownFileType = sourcecode.c.objc; path = XMMResponseGetSpotMap.m; sourceTree = "<group>"; };
		88DA7D941AF24CE80005FEA3 /* XMMResponseGetSpotMapItem.h */ = {isa = PBXFileReference; fileEncoding = 4; lastKnownFileType = sourcecode.c.h; path = XMMResponseGetSpotMapItem.h; sourceTree = "<group>"; };
		88DA7D951AF24CE80005FEA3 /* XMMResponseGetSpotMapItem.m */ = {isa = PBXFileReference; fileEncoding = 4; lastKnownFileType = sourcecode.c.objc; path = XMMResponseGetSpotMapItem.m; sourceTree = "<group>"; };
		88DA7D961AF24CE80005FEA3 /* XMMResponseMenuItem.h */ = {isa = PBXFileReference; fileEncoding = 4; lastKnownFileType = sourcecode.c.h; path = XMMResponseMenuItem.h; sourceTree = "<group>"; };
		88DA7D971AF24CE80005FEA3 /* XMMResponseMenuItem.m */ = {isa = PBXFileReference; fileEncoding = 4; lastKnownFileType = sourcecode.c.objc; path = XMMResponseMenuItem.m; sourceTree = "<group>"; };
		88DA7D981AF24CE80005FEA3 /* XMMResponseStyle.h */ = {isa = PBXFileReference; fileEncoding = 4; lastKnownFileType = sourcecode.c.h; path = XMMResponseStyle.h; sourceTree = "<group>"; };
		88DA7D991AF24CE80005FEA3 /* XMMResponseStyle.m */ = {isa = PBXFileReference; fileEncoding = 4; lastKnownFileType = sourcecode.c.objc; path = XMMResponseStyle.m; sourceTree = "<group>"; };
		88DA7D9B1AF24CE80005FEA3 /* XMMRSSEntry.h */ = {isa = PBXFileReference; fileEncoding = 4; lastKnownFileType = sourcecode.c.h; path = XMMRSSEntry.h; sourceTree = "<group>"; };
		88DA7D9C1AF24CE80005FEA3 /* XMMRSSEntry.m */ = {isa = PBXFileReference; fileEncoding = 4; lastKnownFileType = sourcecode.c.objc; path = XMMRSSEntry.m; sourceTree = "<group>"; };
		88DA7D9D1AF24CE80005FEA3 /* XMMEnduserApi.h */ = {isa = PBXFileReference; fileEncoding = 4; lastKnownFileType = sourcecode.c.h; path = XMMEnduserApi.h; sourceTree = "<group>"; };
		88DA7D9E1AF24CE80005FEA3 /* XMMEnduserApi.m */ = {isa = PBXFileReference; fileEncoding = 4; lastKnownFileType = sourcecode.c.objc; path = XMMEnduserApi.m; sourceTree = "<group>"; };
		88DEE9DA1ADE43730069DC32 /* soundcloud.js */ = {isa = PBXFileReference; fileEncoding = 4; lastKnownFileType = sourcecode.javascript; path = soundcloud.js; sourceTree = "<group>"; };
		88DEE9DD1ADE79830069DC32 /* DownloadBlockTableViewCell.h */ = {isa = PBXFileReference; fileEncoding = 4; lastKnownFileType = sourcecode.c.h; path = DownloadBlockTableViewCell.h; sourceTree = "<group>"; };
		88DEE9DE1ADE79830069DC32 /* DownloadBlockTableViewCell.m */ = {isa = PBXFileReference; fileEncoding = 4; lastKnownFileType = sourcecode.c.objc; path = DownloadBlockTableViewCell.m; sourceTree = "<group>"; };
		88DEE9DF1ADE79830069DC32 /* DownloadBlockTableViewCell.xib */ = {isa = PBXFileReference; fileEncoding = 4; lastKnownFileType = file.xib; path = DownloadBlockTableViewCell.xib; sourceTree = "<group>"; };
		88E2FAE81AF74D5800917AFB /* UIImage+animatedGIF.h */ = {isa = PBXFileReference; fileEncoding = 4; lastKnownFileType = sourcecode.c.h; path = "UIImage+animatedGIF.h"; sourceTree = "<group>"; };
		88E2FAE91AF74D5800917AFB /* UIImage+animatedGIF.m */ = {isa = PBXFileReference; fileEncoding = 4; lastKnownFileType = sourcecode.c.objc; path = "UIImage+animatedGIF.m"; sourceTree = "<group>"; };
		88E7801C1ADE38690082648B /* SoundcloudBlockTableViewCell.h */ = {isa = PBXFileReference; fileEncoding = 4; lastKnownFileType = sourcecode.c.h; path = SoundcloudBlockTableViewCell.h; sourceTree = "<group>"; };
		88E7801D1ADE38690082648B /* SoundcloudBlockTableViewCell.m */ = {isa = PBXFileReference; fileEncoding = 4; lastKnownFileType = sourcecode.c.objc; path = SoundcloudBlockTableViewCell.m; sourceTree = "<group>"; };
		88E7801E1ADE38690082648B /* SoundcloudBlockTableViewCell.xib */ = {isa = PBXFileReference; fileEncoding = 4; lastKnownFileType = file.xib; path = SoundcloudBlockTableViewCell.xib; sourceTree = "<group>"; };
		C530CDEFFEDDFCABBEC918B0 /* libPods.a */ = {isa = PBXFileReference; explicitFileType = archive.ar; includeInIndex = 0; path = libPods.a; sourceTree = BUILT_PRODUCTS_DIR; };
/* End PBXFileReference section */

/* Begin PBXFrameworksBuildPhase section */
		88BA01EC1AA859F90091A43C /* Frameworks */ = {
			isa = PBXFrameworksBuildPhase;
			buildActionMask = 2147483647;
			files = (
				8860DA851AE78D3B00DF2239 /* UIKit.framework in Frameworks */,
				8860DA831AE78D3500DF2239 /* CoreGraphics.framework in Frameworks */,
				8860DA811AE78D2C00DF2239 /* libxml2.dylib in Frameworks */,
				8860DA7F1AE78D0E00DF2239 /* CoreImage.framework in Frameworks */,
				8860DA7D1AE78D0500DF2239 /* CoreText.framework in Frameworks */,
				88A62C531AD561DB00EAD4C3 /* MediaPlayer.framework in Frameworks */,
				88A62C4F1AD55F2C00EAD4C3 /* AVFoundation.framework in Frameworks */,
				883574801AB1CCF40099DF4A /* QuartzCore.framework in Frameworks */,
				88CBAEE11AA9EC9E000E480A /* MapKit.framework in Frameworks */,
				8860DA791AE78CB800DF2239 /* libSVGKit-iOS.1.2.0.a in Frameworks */,
				594E123E6C9FD768422C1CEE /* libPods.a in Frameworks */,
			);
			runOnlyForDeploymentPostprocessing = 0;
		};
		88BA02051AA859F90091A43C /* Frameworks */ = {
			isa = PBXFrameworksBuildPhase;
			buildActionMask = 2147483647;
			files = (
			);
			runOnlyForDeploymentPostprocessing = 0;
		};
/* End PBXFrameworksBuildPhase section */

/* Begin PBXGroup section */
		883574811AB1D4810099DF4A /* css */ = {
			isa = PBXGroup;
			children = (
				883574821AB1D4AD0099DF4A /* styles.css */,
				88DEE9DA1ADE43730069DC32 /* soundcloud.js */,
			);
			name = css;
			sourceTree = "<group>";
		};
		885BFCEB1AADB67F0047340C /* UserInterface */ = {
			isa = PBXGroup;
			children = (
				885BFCF71AADC23F0047340C /* Main.storyboard */,
				88CCAA331ACA8A49004E631F /* Home */,
				88CCAA341ACA8A54004E631F /* Scans */,
				88CCAA321ACA89D6004E631F /* Map */,
				88CCAA351ACA8A69004E631F /* Navigation */,
				88D8F09F1ABACD2400ACFBE4 /* AboutViewController.h */,
				88D8F0A01ABACD2400ACFBE4 /* AboutViewController.m */,
				883574811AB1D4810099DF4A /* css */,
			);
			name = UserInterface;
			sourceTree = "<group>";
		};
		8860DA7B1AE78CDF00DF2239 /* SVGKit */ = {
			isa = PBXGroup;
			children = (
				8860DA771AE78CB800DF2239 /* libSVGKit-iOS.1.2.0.a */,
				8860DA781AE78CB800DF2239 /* usr */,
			);
			name = SVGKit;
			sourceTree = "<group>";
		};
		88A62C3C1AD3E16C00EAD4C3 /* ContentBlockTypes */ = {
			isa = PBXGroup;
			children = (
				88B8598B1ADE97DC0000D113 /* SpotMap Block */,
				88DEE9DC1ADE79640069DC32 /* Download Block */,
				88E7801B1ADE384C0082648B /* Soundcloud Block */,
				88CBA7141AD7BF67001C3D37 /* Content Block */,
				88CBA70E1AD7B7D8001C3D37 /* Ebook Block */,
				88CBA7081AD7AD4D001C3D37 /* Link Block */,
				88CBA6FB1AD6A94A001C3D37 /* Image Block */,
				88A62C541AD64FA500EAD4C3 /* Youtube Block */,
				88A62C481AD55B6E00EAD4C3 /* Audio Block */,
				88A62C3D1AD3E17A00EAD4C3 /* Text Block */,
			);
			name = ContentBlockTypes;
			sourceTree = "<group>";
		};
		88A62C3D1AD3E17A00EAD4C3 /* Text Block */ = {
			isa = PBXGroup;
			children = (
				88A62C431AD3F2AE00EAD4C3 /* TextBlockTableViewCell.h */,
				88A62C441AD3F2AE00EAD4C3 /* TextBlockTableViewCell.m */,
				88A62C451AD3F2AE00EAD4C3 /* TextBlockTableViewCell.xib */,
			);
			name = "Text Block";
			sourceTree = "<group>";
		};
		88A62C481AD55B6E00EAD4C3 /* Audio Block */ = {
			isa = PBXGroup;
			children = (
				88A62C491AD55B8400EAD4C3 /* AudioBlockTableViewCell.h */,
				88A62C4A1AD55B8400EAD4C3 /* AudioBlockTableViewCell.m */,
				88A62C4B1AD55B8400EAD4C3 /* AudioBlockTableViewCell.xib */,
			);
			name = "Audio Block";
			sourceTree = "<group>";
		};
		88A62C541AD64FA500EAD4C3 /* Youtube Block */ = {
			isa = PBXGroup;
			children = (
				88A62C551AD64FBE00EAD4C3 /* YoutubeBlockTableViewCell.h */,
				88A62C561AD64FBE00EAD4C3 /* YoutubeBlockTableViewCell.m */,
				88A62C571AD64FBE00EAD4C3 /* YoutubeBlockTableViewCell.xib */,
			);
			name = "Youtube Block";
			sourceTree = "<group>";
		};
		88B8598B1ADE97DC0000D113 /* SpotMap Block */ = {
			isa = PBXGroup;
			children = (
				88B8598C1ADE97F30000D113 /* SpotMapBlockTableViewCell.h */,
				88B8598D1ADE97F30000D113 /* SpotMapBlockTableViewCell.m */,
				88B8598E1ADE97F30000D113 /* SpotMapBlockTableViewCell.xib */,
			);
			name = "SpotMap Block";
			sourceTree = "<group>";
		};
		88BA01E61AA859F90091A43C = {
			isa = PBXGroup;
			children = (
				88DA7D341AF24CE80005FEA3 /* xamoom-ios-sdk */,
				88BA01F11AA859F90091A43C /* xamoom-pingeborg-ios */,
				88BA020B1AA859F90091A43C /* xamoom-pingeborg-iosTests */,
				88BA01F01AA859F90091A43C /* Products */,
				F58201F992BD4B4517D1E332 /* Pods */,
				B091DC0989CBE4B0B40B108B /* Frameworks */,
			);
			sourceTree = "<group>";
		};
		88BA01F01AA859F90091A43C /* Products */ = {
			isa = PBXGroup;
			children = (
				88BA01EF1AA859F90091A43C /* xamoom-pingeborg-ios.app */,
				88BA02081AA859F90091A43C /* xamoom-pingeborg-iosTests.xctest */,
			);
			name = Products;
			sourceTree = "<group>";
		};
		88BA01F11AA859F90091A43C /* xamoom-pingeborg-ios */ = {
			isa = PBXGroup;
			children = (
				88BA01F61AA859F90091A43C /* AppDelegate.h */,
				88BA01F71AA859F90091A43C /* AppDelegate.m */,
				88052D791AE103C300AB433D /* Globals.h */,
				88052D7A1AE103C300AB433D /* Globals.m */,
				88052D7C1AE4D34D00AB433D /* XMMContentBlocks.h */,
				88052D7D1AE4D34D00AB433D /* XMMContentBlocks.m */,
				88A62C3C1AD3E16C00EAD4C3 /* ContentBlockTypes */,
				885BFCEB1AADB67F0047340C /* UserInterface */,
				88BA01FF1AA859F90091A43C /* Images.xcassets */,
				88BA02011AA859F90091A43C /* LaunchScreen.xib */,
				8860DA7B1AE78CDF00DF2239 /* SVGKit */,
				88BA01F21AA859F90091A43C /* Supporting Files */,
			);
			path = "xamoom-pingeborg-ios";
			sourceTree = "<group>";
		};
		88BA01F21AA859F90091A43C /* Supporting Files */ = {
			isa = PBXGroup;
			children = (
				88BA01F31AA859F90091A43C /* Info.plist */,
				88BA01F41AA859F90091A43C /* main.m */,
				88E2FAE81AF74D5800917AFB /* UIImage+animatedGIF.h */,
				88E2FAE91AF74D5800917AFB /* UIImage+animatedGIF.m */,
			);
			name = "Supporting Files";
			sourceTree = "<group>";
		};
		88BA020B1AA859F90091A43C /* xamoom-pingeborg-iosTests */ = {
			isa = PBXGroup;
			children = (
				88BA020E1AA859F90091A43C /* xamoom_pingeborg_iosTests.m */,
				88BA020C1AA859F90091A43C /* Supporting Files */,
			);
			path = "xamoom-pingeborg-iosTests";
			sourceTree = "<group>";
		};
		88BA020C1AA859F90091A43C /* Supporting Files */ = {
			isa = PBXGroup;
			children = (
				88BA020D1AA859F90091A43C /* Info.plist */,
			);
			name = "Supporting Files";
			sourceTree = "<group>";
		};
		88CBA6FB1AD6A94A001C3D37 /* Image Block */ = {
			isa = PBXGroup;
			children = (
				88CBA7011AD6A98F001C3D37 /* ImageBlockTableViewCell.h */,
				88CBA7021AD6A98F001C3D37 /* ImageBlockTableViewCell.m */,
				88CBA7031AD6A98F001C3D37 /* ImageBlockTableViewCell.xib */,
			);
			name = "Image Block";
			sourceTree = "<group>";
		};
		88CBA7081AD7AD4D001C3D37 /* Link Block */ = {
			isa = PBXGroup;
			children = (
				88CBA7091AD7AD60001C3D37 /* LinkBlockTableViewCell.h */,
				88CBA70A1AD7AD60001C3D37 /* LinkBlockTableViewCell.m */,
				88CBA70B1AD7AD60001C3D37 /* LinkBlockTableViewCell.xib */,
			);
			name = "Link Block";
			sourceTree = "<group>";
		};
		88CBA70E1AD7B7D8001C3D37 /* Ebook Block */ = {
			isa = PBXGroup;
			children = (
				88CBA70F1AD7B7EC001C3D37 /* EbookBlockTableViewCell.h */,
				88CBA7101AD7B7EC001C3D37 /* EbookBlockTableViewCell.m */,
				88CBA7111AD7B7EC001C3D37 /* EbookBlockTableViewCell.xib */,
			);
			name = "Ebook Block";
			sourceTree = "<group>";
		};
		88CBA7141AD7BF67001C3D37 /* Content Block */ = {
			isa = PBXGroup;
			children = (
				88CBA7151AD7BF78001C3D37 /* ContentBlockTableViewCell.h */,
				88CBA7161AD7BF78001C3D37 /* ContentBlockTableViewCell.m */,
				88CBA7171AD7BF78001C3D37 /* ContentBlockTableViewCell.xib */,
			);
			name = "Content Block";
			sourceTree = "<group>";
		};
		88CCAA321ACA89D6004E631F /* Map */ = {
			isa = PBXGroup;
			children = (
				8806A7611ACC2579000E8552 /* MapkitViewController.h */,
				8806A7621ACC2579000E8552 /* MapkitViewController.m */,
				8827D8E51ABB0E7C002F632C /* PingebAnnotation.h */,
				8827D8E61ABB0E7C002F632C /* PingebAnnotation.m */,
				8827D8EB1ABB0F1C002F632C /* PingeborgAnnotationView.h */,
				8827D8EC1ABB0F1C002F632C /* PingeborgAnnotationView.m */,
				8897A9FC1ABB1C710003C3FA /* PingeborgCalloutView.xib */,
				88D401631ABC053A006E865D /* PingeborgCalloutView.h */,
				88D401641ABC053A006E865D /* PingeborgCalloutView.m */,
			);
			name = Map;
			sourceTree = "<group>";
		};
		88CCAA331ACA8A49004E631F /* Home */ = {
			isa = PBXGroup;
			children = (
				8830CB931AC925D5005C79EF /* FeedTableViewController.h */,
				8830CB941AC925D5005C79EF /* FeedTableViewController.m */,
				88A62C391AD3D8EB00EAD4C3 /* ArtistDetailViewController.h */,
				88A62C3A1AD3D8EB00EAD4C3 /* ArtistDetailViewController.m */,
				8830CB961AC92A21005C79EF /* FeedItemCell.xib */,
				8830CB981AC92AAE005C79EF /* FeedItemCell.h */,
				8830CB991AC92AAE005C79EF /* FeedItemCell.m */,
			);
			name = Home;
			sourceTree = "<group>";
		};
		88CCAA341ACA8A54004E631F /* Scans */ = {
			isa = PBXGroup;
			children = (
				885BFD041AADD9FF0047340C /* ScanResultViewController.h */,
				885BFD051AADD9FF0047340C /* ScanResultViewController.m */,
			);
			name = Scans;
			sourceTree = "<group>";
		};
		88CCAA351ACA8A69004E631F /* Navigation */ = {
			isa = PBXGroup;
			children = (
				88124DAD1AC5625F00D50C05 /* NavigationViewController.h */,
				88124DAE1AC5625F00D50C05 /* NavigationViewController.m */,
				885BFCFC1AADD3950047340C /* MainTabBarController.h */,
				885BFCFD1AADD3950047340C /* MainTabBarController.m */,
			);
			name = Navigation;
			sourceTree = "<group>";
		};
		88DA7D341AF24CE80005FEA3 /* xamoom-ios-sdk */ = {
			isa = PBXGroup;
			children = (
				88DA7D351AF24CE80005FEA3 /* coredata */,
				88DA7D561AF24CE80005FEA3 /* lib */,
				88DA7D6D1AF24CE80005FEA3 /* mapping */,
				88DA7D9A1AF24CE80005FEA3 /* RSS */,
				88DA7D9D1AF24CE80005FEA3 /* XMMEnduserApi.h */,
				88DA7D9E1AF24CE80005FEA3 /* XMMEnduserApi.m */,
			);
			name = "xamoom-ios-sdk";
			path = "../../xamoom-ios-sdk/src";
			sourceTree = "<group>";
		};
		88DA7D351AF24CE80005FEA3 /* coredata */ = {
			isa = PBXGroup;
			children = (
				88DA7D361AF24CE80005FEA3 /* _XMMCoreData.h */,
				88DA7D371AF24CE80005FEA3 /* _XMMCoreData.m */,
				88DA7D381AF24CE80005FEA3 /* _XMMCoreDataContent.h */,
				88DA7D391AF24CE80005FEA3 /* _XMMCoreDataContent.m */,
				88DA7D3A1AF24CE80005FEA3 /* _XMMCoreDataContentBlocks.h */,
				88DA7D3B1AF24CE80005FEA3 /* _XMMCoreDataContentBlocks.m */,
				88DA7D3C1AF24CE80005FEA3 /* _XMMCoreDataGetById.h */,
				88DA7D3D1AF24CE80005FEA3 /* _XMMCoreDataGetById.m */,
				88DA7D3E1AF24CE80005FEA3 /* _XMMCoreDataGetByLocation.h */,
				88DA7D3F1AF24CE80005FEA3 /* _XMMCoreDataGetByLocation.m */,
				88DA7D401AF24CE80005FEA3 /* _XMMCoreDataGetByLocationItem.h */,
				88DA7D411AF24CE80005FEA3 /* _XMMCoreDataGetByLocationItem.m */,
				88DA7D421AF24CE80005FEA3 /* _XMMCoreDataMenuItem.h */,
				88DA7D431AF24CE80005FEA3 /* _XMMCoreDataMenuItem.m */,
				88DA7D441AF24CE80005FEA3 /* _XMMCoreDataStyle.h */,
				88DA7D451AF24CE80005FEA3 /* _XMMCoreDataStyle.m */,
				88DA7D461AF24CE80005FEA3 /* Model.xcdatamodeld */,
				88DA7D481AF24CE80005FEA3 /* XMMCoreDataContent.h */,
				88DA7D491AF24CE80005FEA3 /* XMMCoreDataContent.m */,
				88DA7D4A1AF24CE80005FEA3 /* XMMCoreDataContentBlocks.h */,
				88DA7D4B1AF24CE80005FEA3 /* XMMCoreDataContentBlocks.m */,
				88DA7D4C1AF24CE80005FEA3 /* XMMCoreDataGetById.h */,
				88DA7D4D1AF24CE80005FEA3 /* XMMCoreDataGetById.m */,
				88DA7D4E1AF24CE80005FEA3 /* XMMCoreDataGetByLocation.h */,
				88DA7D4F1AF24CE80005FEA3 /* XMMCoreDataGetByLocation.m */,
				88DA7D501AF24CE80005FEA3 /* XMMCoreDataGetByLocationItem.h */,
				88DA7D511AF24CE80005FEA3 /* XMMCoreDataGetByLocationItem.m */,
				88DA7D521AF24CE80005FEA3 /* XMMCoreDataMenuItem.h */,
				88DA7D531AF24CE80005FEA3 /* XMMCoreDataMenuItem.m */,
				88DA7D541AF24CE80005FEA3 /* XMMCoreDataStyle.h */,
				88DA7D551AF24CE80005FEA3 /* XMMCoreDataStyle.m */,
			);
			path = coredata;
			sourceTree = "<group>";
		};
		88DA7D561AF24CE80005FEA3 /* lib */ = {
			isa = PBXGroup;
			children = (
				88DA7D571AF24CE80005FEA3 /* MWFeedParser */,
			);
			path = lib;
			sourceTree = "<group>";
		};
		88DA7D571AF24CE80005FEA3 /* MWFeedParser */ = {
			isa = PBXGroup;
			children = (
				88DA7D581AF24CE80005FEA3 /* DetailTableViewController.h */,
				88DA7D591AF24CE80005FEA3 /* DetailTableViewController.m */,
				88DA7D5A1AF24CE80005FEA3 /* GTMNSString+HTML.h */,
				88DA7D5B1AF24CE80005FEA3 /* GTMNSString+HTML.m */,
				88DA7D5C1AF24CE80005FEA3 /* MWFeedInfo.h */,
				88DA7D5D1AF24CE80005FEA3 /* MWFeedInfo.m */,
				88DA7D5E1AF24CE80005FEA3 /* MWFeedItem.h */,
				88DA7D5F1AF24CE80005FEA3 /* MWFeedItem.m */,
				88DA7D601AF24CE80005FEA3 /* MWFeedParser.h */,
				88DA7D611AF24CE80005FEA3 /* MWFeedParser.m */,
				88DA7D621AF24CE80005FEA3 /* MWFeedParser_Private.h */,
				88DA7D631AF24CE80005FEA3 /* MWFeedParserAppDelegate.h */,
				88DA7D641AF24CE80005FEA3 /* MWFeedParserAppDelegate.m */,
				88DA7D651AF24CE80005FEA3 /* NSDate+InternetDateTime.h */,
				88DA7D661AF24CE80005FEA3 /* NSDate+InternetDateTime.m */,
				88DA7D671AF24CE80005FEA3 /* NSString+HTML.h */,
				88DA7D681AF24CE80005FEA3 /* NSString+HTML.m */,
				88DA7D691AF24CE80005FEA3 /* NSString+XMLEntities.h */,
				88DA7D6A1AF24CE80005FEA3 /* NSString+XMLEntities.m */,
				88DA7D6B1AF24CE80005FEA3 /* RootViewController.h */,
				88DA7D6C1AF24CE80005FEA3 /* RootViewController.m */,
			);
			path = MWFeedParser;
			sourceTree = "<group>";
		};
		88DA7D6D1AF24CE80005FEA3 /* mapping */ = {
			isa = PBXGroup;
			children = (
				88DA7D6E1AF24CE80005FEA3 /* XMMResponseClosestSpot.h */,
				88DA7D6F1AF24CE80005FEA3 /* XMMResponseClosestSpot.m */,
				88DA7D701AF24CE80005FEA3 /* XMMResponseContent.h */,
				88DA7D711AF24CE80005FEA3 /* XMMResponseContent.m */,
				88DA7D721AF24CE80005FEA3 /* XMMResponseContentBlock.h */,
				88DA7D731AF24CE80005FEA3 /* XMMResponseContentBlock.m */,
				88DA7D741AF24CE80005FEA3 /* XMMResponseContentBlockType0.h */,
				88DA7D751AF24CE80005FEA3 /* XMMResponseContentBlockType0.m */,
				88DA7D761AF24CE80005FEA3 /* XMMResponseContentBlockType1.h */,
				88DA7D771AF24CE80005FEA3 /* XMMResponseContentBlockType1.m */,
				88DA7D781AF24CE80005FEA3 /* XMMResponseContentBlockType2.h */,
				88DA7D791AF24CE80005FEA3 /* XMMResponseContentBlockType2.m */,
				88DA7D7A1AF24CE80005FEA3 /* XMMResponseContentBlockType3.h */,
				88DA7D7B1AF24CE80005FEA3 /* XMMResponseContentBlockType3.m */,
				88DA7D7C1AF24CE80005FEA3 /* XMMResponseContentBlockType4.h */,
				88DA7D7D1AF24CE80005FEA3 /* XMMResponseContentBlockType4.m */,
				88DA7D7E1AF24CE80005FEA3 /* XMMResponseContentBlockType5.h */,
				88DA7D7F1AF24CE80005FEA3 /* XMMResponseContentBlockType5.m */,
				88DA7D801AF24CE80005FEA3 /* XMMResponseContentBlockType6.h */,
				88DA7D811AF24CE80005FEA3 /* XMMResponseContentBlockType6.m */,
				88DA7D821AF24CE80005FEA3 /* XMMResponseContentBlockType7.h */,
				88DA7D831AF24CE80005FEA3 /* XMMResponseContentBlockType7.m */,
				88DA7D841AF24CE80005FEA3 /* XMMResponseContentBlockType8.h */,
				88DA7D851AF24CE80005FEA3 /* XMMResponseContentBlockType8.m */,
				88DA7D861AF24CE80005FEA3 /* XMMResponseContentBlockType9.h */,
				88DA7D871AF24CE80005FEA3 /* XMMResponseContentBlockType9.m */,
				88DA7D881AF24CE80005FEA3 /* XMMResponseContentList.h */,
				88DA7D891AF24CE80005FEA3 /* XMMResponseContentList.m */,
				88DA7D8A1AF24CE80005FEA3 /* XMMResponseGetById.h */,
				88DA7D8B1AF24CE80005FEA3 /* XMMResponseGetById.m */,
				88DA7D8C1AF24CE80005FEA3 /* XMMResponseGetByLocation.h */,
				88DA7D8D1AF24CE80005FEA3 /* XMMResponseGetByLocation.m */,
				88DA7D8E1AF24CE80005FEA3 /* XMMResponseGetByLocationIdentifier.h */,
				88DA7D8F1AF24CE80005FEA3 /* XMMResponseGetByLocationIdentifier.m */,
				88DA7D901AF24CE80005FEA3 /* XMMResponseGetByLocationItem.h */,
				88DA7D911AF24CE80005FEA3 /* XMMResponseGetByLocationItem.m */,
				88DA7D921AF24CE80005FEA3 /* XMMResponseGetSpotMap.h */,
				88DA7D931AF24CE80005FEA3 /* XMMResponseGetSpotMap.m */,
				88DA7D941AF24CE80005FEA3 /* XMMResponseGetSpotMapItem.h */,
				88DA7D951AF24CE80005FEA3 /* XMMResponseGetSpotMapItem.m */,
				88DA7D961AF24CE80005FEA3 /* XMMResponseMenuItem.h */,
				88DA7D971AF24CE80005FEA3 /* XMMResponseMenuItem.m */,
				88DA7D981AF24CE80005FEA3 /* XMMResponseStyle.h */,
				88DA7D991AF24CE80005FEA3 /* XMMResponseStyle.m */,
			);
			path = mapping;
			sourceTree = "<group>";
		};
		88DA7D9A1AF24CE80005FEA3 /* RSS */ = {
			isa = PBXGroup;
			children = (
				88DA7D9B1AF24CE80005FEA3 /* XMMRSSEntry.h */,
				88DA7D9C1AF24CE80005FEA3 /* XMMRSSEntry.m */,
			);
			path = RSS;
			sourceTree = "<group>";
		};
		88DEE9DC1ADE79640069DC32 /* Download Block */ = {
			isa = PBXGroup;
			children = (
				88DEE9DD1ADE79830069DC32 /* DownloadBlockTableViewCell.h */,
				88DEE9DE1ADE79830069DC32 /* DownloadBlockTableViewCell.m */,
				88DEE9DF1ADE79830069DC32 /* DownloadBlockTableViewCell.xib */,
			);
			name = "Download Block";
			sourceTree = "<group>";
		};
		88E7801B1ADE384C0082648B /* Soundcloud Block */ = {
			isa = PBXGroup;
			children = (
				88E7801C1ADE38690082648B /* SoundcloudBlockTableViewCell.h */,
				88E7801D1ADE38690082648B /* SoundcloudBlockTableViewCell.m */,
				88E7801E1ADE38690082648B /* SoundcloudBlockTableViewCell.xib */,
			);
			name = "Soundcloud Block";
			sourceTree = "<group>";
		};
		B091DC0989CBE4B0B40B108B /* Frameworks */ = {
			isa = PBXGroup;
			children = (
				8860DA841AE78D3B00DF2239 /* UIKit.framework */,
				8860DA821AE78D3500DF2239 /* CoreGraphics.framework */,
				8860DA801AE78D2C00DF2239 /* libxml2.dylib */,
				8860DA7E1AE78D0E00DF2239 /* CoreImage.framework */,
				8860DA7C1AE78D0500DF2239 /* CoreText.framework */,
				88A62C521AD561DB00EAD4C3 /* MediaPlayer.framework */,
				88A62C4E1AD55F2C00EAD4C3 /* AVFoundation.framework */,
				8835747F1AB1CCF40099DF4A /* QuartzCore.framework */,
				88CBAEE01AA9EC9E000E480A /* MapKit.framework */,
				C530CDEFFEDDFCABBEC918B0 /* libPods.a */,
			);
			name = Frameworks;
			sourceTree = "<group>";
		};
		F58201F992BD4B4517D1E332 /* Pods */ = {
			isa = PBXGroup;
			children = (
				081CE084B2E648F4E71D7D2A /* Pods.debug.xcconfig */,
				48251170F65DFEEAACD48338 /* Pods.release.xcconfig */,
			);
			name = Pods;
			sourceTree = "<group>";
		};
/* End PBXGroup section */

/* Begin PBXNativeTarget section */
		88BA01EE1AA859F90091A43C /* xamoom-pingeborg-ios */ = {
			isa = PBXNativeTarget;
			buildConfigurationList = 88BA02121AA859F90091A43C /* Build configuration list for PBXNativeTarget "xamoom-pingeborg-ios" */;
			buildPhases = (
				67C0B652B053E0CD90BF6C1D /* Check Pods Manifest.lock */,
				88BA01EB1AA859F90091A43C /* Sources */,
				88BA01EC1AA859F90091A43C /* Frameworks */,
				88BA01ED1AA859F90091A43C /* Resources */,
				90EA120C81E9206AB860F36C /* Copy Pods Resources */,
			);
			buildRules = (
			);
			dependencies = (
			);
			name = "xamoom-pingeborg-ios";
			productName = "xamoom-pingeborg-ios";
			productReference = 88BA01EF1AA859F90091A43C /* xamoom-pingeborg-ios.app */;
			productType = "com.apple.product-type.application";
		};
		88BA02071AA859F90091A43C /* xamoom-pingeborg-iosTests */ = {
			isa = PBXNativeTarget;
			buildConfigurationList = 88BA02151AA859F90091A43C /* Build configuration list for PBXNativeTarget "xamoom-pingeborg-iosTests" */;
			buildPhases = (
				88BA02041AA859F90091A43C /* Sources */,
				88BA02051AA859F90091A43C /* Frameworks */,
				88BA02061AA859F90091A43C /* Resources */,
			);
			buildRules = (
			);
			dependencies = (
				88BA020A1AA859F90091A43C /* PBXTargetDependency */,
			);
			name = "xamoom-pingeborg-iosTests";
			productName = "xamoom-pingeborg-iosTests";
			productReference = 88BA02081AA859F90091A43C /* xamoom-pingeborg-iosTests.xctest */;
			productType = "com.apple.product-type.bundle.unit-test";
		};
/* End PBXNativeTarget section */

/* Begin PBXProject section */
		88BA01E71AA859F90091A43C /* Project object */ = {
			isa = PBXProject;
			attributes = {
				LastUpgradeCheck = 0610;
				ORGANIZATIONNAME = "xamoom GmbH";
				TargetAttributes = {
					88BA01EE1AA859F90091A43C = {
						CreatedOnToolsVersion = 6.1.1;
						DevelopmentTeam = 55MDUF7392;
						SystemCapabilities = {
							com.apple.Maps.iOS = {
								enabled = 1;
							};
						};
					};
					88BA02071AA859F90091A43C = {
						CreatedOnToolsVersion = 6.1.1;
						TestTargetID = 88BA01EE1AA859F90091A43C;
					};
				};
			};
			buildConfigurationList = 88BA01EA1AA859F90091A43C /* Build configuration list for PBXProject "xamoom-pingeborg-ios" */;
			compatibilityVersion = "Xcode 3.2";
			developmentRegion = English;
			hasScannedForEncodings = 0;
			knownRegions = (
				en,
				Base,
			);
			mainGroup = 88BA01E61AA859F90091A43C;
			productRefGroup = 88BA01F01AA859F90091A43C /* Products */;
			projectDirPath = "";
			projectRoot = "";
			targets = (
				88BA01EE1AA859F90091A43C /* xamoom-pingeborg-ios */,
				88BA02071AA859F90091A43C /* xamoom-pingeborg-iosTests */,
			);
		};
/* End PBXProject section */

/* Begin PBXResourcesBuildPhase section */
		88BA01ED1AA859F90091A43C /* Resources */ = {
			isa = PBXResourcesBuildPhase;
			buildActionMask = 2147483647;
			files = (
				885BFCF81AADC23F0047340C /* Main.storyboard in Resources */,
				88CBA70D1AD7AD60001C3D37 /* LinkBlockTableViewCell.xib in Resources */,
				8897A9FD1ABB1C710003C3FA /* PingeborgCalloutView.xib in Resources */,
				88CBA7191AD7BF78001C3D37 /* ContentBlockTableViewCell.xib in Resources */,
				88B859901ADE97F30000D113 /* SpotMapBlockTableViewCell.xib in Resources */,
				88A62C4D1AD55B8400EAD4C3 /* AudioBlockTableViewCell.xib in Resources */,
				88CBA7131AD7B7EC001C3D37 /* EbookBlockTableViewCell.xib in Resources */,
				88BA02031AA859F90091A43C /* LaunchScreen.xib in Resources */,
				88DEE9E11ADE79830069DC32 /* DownloadBlockTableViewCell.xib in Resources */,
				8860DA7A1AE78CB800DF2239 /* usr in Resources */,
				88DEE9DB1ADE43730069DC32 /* soundcloud.js in Resources */,
				88CBA7051AD6A98F001C3D37 /* ImageBlockTableViewCell.xib in Resources */,
				883574831AB1D4AD0099DF4A /* styles.css in Resources */,
				8830CB971AC92A21005C79EF /* FeedItemCell.xib in Resources */,
				88A62C591AD64FBE00EAD4C3 /* YoutubeBlockTableViewCell.xib in Resources */,
				88A62C471AD3F2AE00EAD4C3 /* TextBlockTableViewCell.xib in Resources */,
				88E780201ADE38690082648B /* SoundcloudBlockTableViewCell.xib in Resources */,
				88BA02001AA859F90091A43C /* Images.xcassets in Resources */,
			);
			runOnlyForDeploymentPostprocessing = 0;
		};
		88BA02061AA859F90091A43C /* Resources */ = {
			isa = PBXResourcesBuildPhase;
			buildActionMask = 2147483647;
			files = (
			);
			runOnlyForDeploymentPostprocessing = 0;
		};
/* End PBXResourcesBuildPhase section */

/* Begin PBXShellScriptBuildPhase section */
		67C0B652B053E0CD90BF6C1D /* Check Pods Manifest.lock */ = {
			isa = PBXShellScriptBuildPhase;
			buildActionMask = 2147483647;
			files = (
			);
			inputPaths = (
			);
			name = "Check Pods Manifest.lock";
			outputPaths = (
			);
			runOnlyForDeploymentPostprocessing = 0;
			shellPath = /bin/sh;
			shellScript = "diff \"${PODS_ROOT}/../Podfile.lock\" \"${PODS_ROOT}/Manifest.lock\" > /dev/null\nif [[ $? != 0 ]] ; then\n    cat << EOM\nerror: The sandbox is not in sync with the Podfile.lock. Run 'pod install' or update your CocoaPods installation.\nEOM\n    exit 1\nfi\n";
			showEnvVarsInLog = 0;
		};
		90EA120C81E9206AB860F36C /* Copy Pods Resources */ = {
			isa = PBXShellScriptBuildPhase;
			buildActionMask = 2147483647;
			files = (
			);
			inputPaths = (
			);
			name = "Copy Pods Resources";
			outputPaths = (
			);
			runOnlyForDeploymentPostprocessing = 0;
			shellPath = /bin/sh;
			shellScript = "\"${SRCROOT}/Pods/Target Support Files/Pods/Pods-resources.sh\"\n";
			showEnvVarsInLog = 0;
		};
/* End PBXShellScriptBuildPhase section */

/* Begin PBXSourcesBuildPhase section */
		88BA01EB1AA859F90091A43C /* Sources */ = {
			isa = PBXSourcesBuildPhase;
			buildActionMask = 2147483647;
			files = (
				88DA7DBC1AF24CE80005FEA3 /* XMMResponseContentBlockType0.m in Sources */,
				88DA7DAF1AF24CE80005FEA3 /* DetailTableViewController.m in Sources */,
				88CBA7121AD7B7EC001C3D37 /* EbookBlockTableViewCell.m in Sources */,
				88DA7DB01AF24CE80005FEA3 /* GTMNSString+HTML.m in Sources */,
				88DA7DB11AF24CE80005FEA3 /* MWFeedInfo.m in Sources */,
				88052D7E1AE4D34D00AB433D /* XMMContentBlocks.m in Sources */,
				88DEE9E01ADE79830069DC32 /* DownloadBlockTableViewCell.m in Sources */,
				88DA7DB81AF24CE80005FEA3 /* RootViewController.m in Sources */,
				88B8598F1ADE97F30000D113 /* SpotMapBlockTableViewCell.m in Sources */,
				88CBA70C1AD7AD60001C3D37 /* LinkBlockTableViewCell.m in Sources */,
				88DA7DC81AF24CE80005FEA3 /* XMMResponseGetByLocation.m in Sources */,
				88DA7DA11AF24CE80005FEA3 /* _XMMCoreDataContentBlocks.m in Sources */,
				8827D8ED1ABB0F1C002F632C /* PingeborgAnnotationView.m in Sources */,
				88E2FAEA1AF74D5800917AFB /* UIImage+animatedGIF.m in Sources */,
				88DA7DA41AF24CE80005FEA3 /* _XMMCoreDataGetByLocationItem.m in Sources */,
				8830CB951AC925D5005C79EF /* FeedTableViewController.m in Sources */,
				8827D8E71ABB0E7C002F632C /* PingebAnnotation.m in Sources */,
				88DA7DA81AF24CE80005FEA3 /* XMMCoreDataContent.m in Sources */,
				88DA7DB51AF24CE80005FEA3 /* NSDate+InternetDateTime.m in Sources */,
				88DA7DB31AF24CE80005FEA3 /* MWFeedParser.m in Sources */,
				88BA01F81AA859F90091A43C /* AppDelegate.m in Sources */,
				88DA7DC11AF24CE80005FEA3 /* XMMResponseContentBlockType5.m in Sources */,
				88DA7DCE1AF24CE80005FEA3 /* XMMResponseStyle.m in Sources */,
				88DA7DC71AF24CE80005FEA3 /* XMMResponseGetById.m in Sources */,
				88E7801F1ADE38690082648B /* SoundcloudBlockTableViewCell.m in Sources */,
				88DA7DCD1AF24CE80005FEA3 /* XMMResponseMenuItem.m in Sources */,
				88DA7DC51AF24CE80005FEA3 /* XMMResponseContentBlockType9.m in Sources */,
				88DA7DBB1AF24CE80005FEA3 /* XMMResponseContentBlock.m in Sources */,
				88DA7DAA1AF24CE80005FEA3 /* XMMCoreDataGetById.m in Sources */,
				88DA7DAB1AF24CE80005FEA3 /* XMMCoreDataGetByLocation.m in Sources */,
				88A62C3B1AD3D8EB00EAD4C3 /* ArtistDetailViewController.m in Sources */,
				88DA7DC31AF24CE80005FEA3 /* XMMResponseContentBlockType7.m in Sources */,
				88052D7B1AE103C300AB433D /* Globals.m in Sources */,
				88DA7DBD1AF24CE80005FEA3 /* XMMResponseContentBlockType1.m in Sources */,
				88DA7DB61AF24CE80005FEA3 /* NSString+HTML.m in Sources */,
				8806A7631ACC2579000E8552 /* MapkitViewController.m in Sources */,
				88DA7DAE1AF24CE80005FEA3 /* XMMCoreDataStyle.m in Sources */,
				88DA7DCA1AF24CE80005FEA3 /* XMMResponseGetByLocationItem.m in Sources */,
				88A62C4C1AD55B8400EAD4C3 /* AudioBlockTableViewCell.m in Sources */,
				88A62C581AD64FBE00EAD4C3 /* YoutubeBlockTableViewCell.m in Sources */,
				885BFCFE1AADD3950047340C /* MainTabBarController.m in Sources */,
				88DA7DCF1AF24CE80005FEA3 /* XMMRSSEntry.m in Sources */,
				88124DAF1AC5625F00D50C05 /* NavigationViewController.m in Sources */,
				88DA7D9F1AF24CE80005FEA3 /* _XMMCoreData.m in Sources */,
				88BA01F51AA859F90091A43C /* main.m in Sources */,
				8830CB9A1AC92AAE005C79EF /* FeedItemCell.m in Sources */,
				88DA7DB41AF24CE80005FEA3 /* MWFeedParserAppDelegate.m in Sources */,
				88DA7DC91AF24CE80005FEA3 /* XMMResponseGetByLocationIdentifier.m in Sources */,
				88DA7DBE1AF24CE80005FEA3 /* XMMResponseContentBlockType2.m in Sources */,
				88DA7DA71AF24CE80005FEA3 /* Model.xcdatamodeld in Sources */,
				88DA7DCB1AF24CE80005FEA3 /* XMMResponseGetSpotMap.m in Sources */,
				88DA7DAD1AF24CE80005FEA3 /* XMMCoreDataMenuItem.m in Sources */,
				88DA7DB91AF24CE80005FEA3 /* XMMResponseClosestSpot.m in Sources */,
				88DA7DAC1AF24CE80005FEA3 /* XMMCoreDataGetByLocationItem.m in Sources */,
				88D8F0A11ABACD2400ACFBE4 /* AboutViewController.m in Sources */,
				88DA7DB71AF24CE80005FEA3 /* NSString+XMLEntities.m in Sources */,
				88DA7DBF1AF24CE80005FEA3 /* XMMResponseContentBlockType3.m in Sources */,
				88DA7DA21AF24CE80005FEA3 /* _XMMCoreDataGetById.m in Sources */,
				88DA7DA91AF24CE80005FEA3 /* XMMCoreDataContentBlocks.m in Sources */,
				88DA7DC41AF24CE80005FEA3 /* XMMResponseContentBlockType8.m in Sources */,
				88D401651ABC053A006E865D /* PingeborgCalloutView.m in Sources */,
				88DA7DC01AF24CE80005FEA3 /* XMMResponseContentBlockType4.m in Sources */,
				88DA7DC21AF24CE80005FEA3 /* XMMResponseContentBlockType6.m in Sources */,
				88DA7DBA1AF24CE80005FEA3 /* XMMResponseContent.m in Sources */,
				88CBA7041AD6A98F001C3D37 /* ImageBlockTableViewCell.m in Sources */,
				88DA7DA51AF24CE80005FEA3 /* _XMMCoreDataMenuItem.m in Sources */,
				88DA7DB21AF24CE80005FEA3 /* MWFeedItem.m in Sources */,
				88DA7DD01AF24CE80005FEA3 /* XMMEnduserApi.m in Sources */,
				88DA7DCC1AF24CE80005FEA3 /* XMMResponseGetSpotMapItem.m in Sources */,
				885BFD071AADD9FF0047340C /* ScanResultViewController.m in Sources */,
				88DA7DA01AF24CE80005FEA3 /* _XMMCoreDataContent.m in Sources */,
				88A62C461AD3F2AE00EAD4C3 /* TextBlockTableViewCell.m in Sources */,
				88DA7DA61AF24CE80005FEA3 /* _XMMCoreDataStyle.m in Sources */,
				88DA7DA31AF24CE80005FEA3 /* _XMMCoreDataGetByLocation.m in Sources */,
				88CBA7181AD7BF78001C3D37 /* ContentBlockTableViewCell.m in Sources */,
				88DA7DC61AF24CE80005FEA3 /* XMMResponseContentList.m in Sources */,
			);
			runOnlyForDeploymentPostprocessing = 0;
		};
		88BA02041AA859F90091A43C /* Sources */ = {
			isa = PBXSourcesBuildPhase;
			buildActionMask = 2147483647;
			files = (
				88BA020F1AA859F90091A43C /* xamoom_pingeborg_iosTests.m in Sources */,
			);
			runOnlyForDeploymentPostprocessing = 0;
		};
/* End PBXSourcesBuildPhase section */

/* Begin PBXTargetDependency section */
		88BA020A1AA859F90091A43C /* PBXTargetDependency */ = {
			isa = PBXTargetDependency;
			target = 88BA01EE1AA859F90091A43C /* xamoom-pingeborg-ios */;
			targetProxy = 88BA02091AA859F90091A43C /* PBXContainerItemProxy */;
		};
/* End PBXTargetDependency section */

/* Begin PBXVariantGroup section */
		88BA02011AA859F90091A43C /* LaunchScreen.xib */ = {
			isa = PBXVariantGroup;
			children = (
				88BA02021AA859F90091A43C /* Base */,
			);
			name = LaunchScreen.xib;
			sourceTree = "<group>";
		};
/* End PBXVariantGroup section */

/* Begin XCBuildConfiguration section */
		88BA02101AA859F90091A43C /* Debug */ = {
			isa = XCBuildConfiguration;
			baseConfigurationReference = 081CE084B2E648F4E71D7D2A /* Pods.debug.xcconfig */;
			buildSettings = {
				CLANG_CXX_LANGUAGE_STANDARD = "gnu++0x";
				CLANG_CXX_LIBRARY = "libc++";
				CLANG_ENABLE_MODULES = YES;
				CLANG_ENABLE_OBJC_ARC = YES;
				CLANG_WARN_BOOL_CONVERSION = YES;
				CLANG_WARN_CONSTANT_CONVERSION = YES;
				CLANG_WARN_DIRECT_OBJC_ISA_USAGE = YES_ERROR;
				CLANG_WARN_EMPTY_BODY = YES;
				CLANG_WARN_ENUM_CONVERSION = YES;
				CLANG_WARN_INT_CONVERSION = YES;
				CLANG_WARN_OBJC_ROOT_CLASS = YES_ERROR;
				CLANG_WARN_UNREACHABLE_CODE = YES;
				CLANG_WARN__DUPLICATE_METHOD_MATCH = YES;
				"CODE_SIGN_IDENTITY[sdk=iphoneos*]" = "iPhone Developer";
				COPY_PHASE_STRIP = NO;
				ENABLE_STRICT_OBJC_MSGSEND = YES;
				GCC_C_LANGUAGE_STANDARD = gnu99;
				GCC_DYNAMIC_NO_PIC = NO;
				GCC_OPTIMIZATION_LEVEL = 0;
				GCC_PREPROCESSOR_DEFINITIONS = (
					"DEBUG=1",
					"$(inherited)",
				);
				GCC_SYMBOLS_PRIVATE_EXTERN = NO;
				GCC_WARN_64_TO_32_BIT_CONVERSION = YES;
				GCC_WARN_ABOUT_RETURN_TYPE = YES_ERROR;
				GCC_WARN_UNDECLARED_SELECTOR = YES;
				GCC_WARN_UNINITIALIZED_AUTOS = YES_AGGRESSIVE;
				GCC_WARN_UNUSED_FUNCTION = YES;
				GCC_WARN_UNUSED_VARIABLE = YES;
				IPHONEOS_DEPLOYMENT_TARGET = 8.0;
				MTL_ENABLE_DEBUG_INFO = YES;
				ONLY_ACTIVE_ARCH = YES;
				SDKROOT = iphoneos;
			};
			name = Debug;
		};
		88BA02111AA859F90091A43C /* Release */ = {
			isa = XCBuildConfiguration;
			baseConfigurationReference = 48251170F65DFEEAACD48338 /* Pods.release.xcconfig */;
			buildSettings = {
				CLANG_CXX_LANGUAGE_STANDARD = "gnu++0x";
				CLANG_CXX_LIBRARY = "libc++";
				CLANG_ENABLE_MODULES = YES;
				CLANG_ENABLE_OBJC_ARC = YES;
				CLANG_WARN_BOOL_CONVERSION = YES;
				CLANG_WARN_CONSTANT_CONVERSION = YES;
				CLANG_WARN_DIRECT_OBJC_ISA_USAGE = YES_ERROR;
				CLANG_WARN_EMPTY_BODY = YES;
				CLANG_WARN_ENUM_CONVERSION = YES;
				CLANG_WARN_INT_CONVERSION = YES;
				CLANG_WARN_OBJC_ROOT_CLASS = YES_ERROR;
				CLANG_WARN_UNREACHABLE_CODE = YES;
				CLANG_WARN__DUPLICATE_METHOD_MATCH = YES;
				"CODE_SIGN_IDENTITY[sdk=iphoneos*]" = "iPhone Developer";
				COPY_PHASE_STRIP = YES;
				ENABLE_NS_ASSERTIONS = NO;
				ENABLE_STRICT_OBJC_MSGSEND = YES;
				GCC_C_LANGUAGE_STANDARD = gnu99;
				GCC_WARN_64_TO_32_BIT_CONVERSION = YES;
				GCC_WARN_ABOUT_RETURN_TYPE = YES_ERROR;
				GCC_WARN_UNDECLARED_SELECTOR = YES;
				GCC_WARN_UNINITIALIZED_AUTOS = YES_AGGRESSIVE;
				GCC_WARN_UNUSED_FUNCTION = YES;
				GCC_WARN_UNUSED_VARIABLE = YES;
				IPHONEOS_DEPLOYMENT_TARGET = 8.0;
				MTL_ENABLE_DEBUG_INFO = NO;
				SDKROOT = iphoneos;
				VALIDATE_PRODUCT = YES;
			};
			name = Release;
		};
		88BA02131AA859F90091A43C /* Debug */ = {
			isa = XCBuildConfiguration;
			baseConfigurationReference = 081CE084B2E648F4E71D7D2A /* Pods.debug.xcconfig */;
			buildSettings = {
				ASSETCATALOG_COMPILER_APPICON_NAME = AppIcon;
				CODE_SIGN_IDENTITY = "iPhone Developer";
				"CODE_SIGN_IDENTITY[sdk=iphoneos*]" = "iPhone Developer";
				HEADER_SEARCH_PATHS = (
					"$(inherited)",
					/Applications/Xcode.app/Contents/Developer/Toolchains/XcodeDefault.xctoolchain/usr/include,
					"$(SRCROOT)/**",
				);
				INFOPLIST_FILE = "xamoom-pingeborg-ios/Info.plist";
				IPHONEOS_DEPLOYMENT_TARGET = 8.0;
				LD_RUNPATH_SEARCH_PATHS = "$(inherited) @executable_path/Frameworks";
				LIBRARY_SEARCH_PATHS = (
					"$(inherited)",
					"$(PROJECT_DIR)/xamoom-pingeborg-ios",
				);
				PRODUCT_NAME = "$(TARGET_NAME)";
				PROVISIONING_PROFILE = "";
				TARGETED_DEVICE_FAMILY = "1,2";
			};
			name = Debug;
		};
		88BA02141AA859F90091A43C /* Release */ = {
			isa = XCBuildConfiguration;
			baseConfigurationReference = 48251170F65DFEEAACD48338 /* Pods.release.xcconfig */;
			buildSettings = {
				ASSETCATALOG_COMPILER_APPICON_NAME = AppIcon;
				CODE_SIGN_IDENTITY = "iPhone Developer";
				"CODE_SIGN_IDENTITY[sdk=iphoneos*]" = "iPhone Developer";
				INFOPLIST_FILE = "xamoom-pingeborg-ios/Info.plist";
				IPHONEOS_DEPLOYMENT_TARGET = 8.0;
				LD_RUNPATH_SEARCH_PATHS = "$(inherited) @executable_path/Frameworks";
				LIBRARY_SEARCH_PATHS = (
					"$(inherited)",
					"$(PROJECT_DIR)/xamoom-pingeborg-ios",
				);
				PRODUCT_NAME = "$(TARGET_NAME)";
				PROVISIONING_PROFILE = "";
				TARGETED_DEVICE_FAMILY = "1,2";
			};
			name = Release;
		};
		88BA02161AA859F90091A43C /* Debug */ = {
			isa = XCBuildConfiguration;
			baseConfigurationReference = 081CE084B2E648F4E71D7D2A /* Pods.debug.xcconfig */;
			buildSettings = {
				BUNDLE_LOADER = "$(TEST_HOST)";
				FRAMEWORK_SEARCH_PATHS = (
					"$(SDKROOT)/Developer/Library/Frameworks",
					"$(inherited)",
				);
				GCC_PREPROCESSOR_DEFINITIONS = (
					"DEBUG=1",
					"$(inherited)",
				);
				INFOPLIST_FILE = "xamoom-pingeborg-iosTests/Info.plist";
				LD_RUNPATH_SEARCH_PATHS = "$(inherited) @executable_path/Frameworks @loader_path/Frameworks";
				PRODUCT_NAME = "$(TARGET_NAME)";
				TEST_HOST = "$(BUILT_PRODUCTS_DIR)/xamoom-pingeborg-ios.app/xamoom-pingeborg-ios";
			};
			name = Debug;
		};
		88BA02171AA859F90091A43C /* Release */ = {
			isa = XCBuildConfiguration;
			baseConfigurationReference = 48251170F65DFEEAACD48338 /* Pods.release.xcconfig */;
			buildSettings = {
				BUNDLE_LOADER = "$(TEST_HOST)";
				FRAMEWORK_SEARCH_PATHS = (
					"$(SDKROOT)/Developer/Library/Frameworks",
					"$(inherited)",
				);
				INFOPLIST_FILE = "xamoom-pingeborg-iosTests/Info.plist";
				LD_RUNPATH_SEARCH_PATHS = "$(inherited) @executable_path/Frameworks @loader_path/Frameworks";
				PRODUCT_NAME = "$(TARGET_NAME)";
				TEST_HOST = "$(BUILT_PRODUCTS_DIR)/xamoom-pingeborg-ios.app/xamoom-pingeborg-ios";
			};
			name = Release;
		};
/* End XCBuildConfiguration section */

/* Begin XCConfigurationList section */
		88BA01EA1AA859F90091A43C /* Build configuration list for PBXProject "xamoom-pingeborg-ios" */ = {
			isa = XCConfigurationList;
			buildConfigurations = (
				88BA02101AA859F90091A43C /* Debug */,
				88BA02111AA859F90091A43C /* Release */,
			);
			defaultConfigurationIsVisible = 0;
			defaultConfigurationName = Release;
		};
		88BA02121AA859F90091A43C /* Build configuration list for PBXNativeTarget "xamoom-pingeborg-ios" */ = {
			isa = XCConfigurationList;
			buildConfigurations = (
				88BA02131AA859F90091A43C /* Debug */,
				88BA02141AA859F90091A43C /* Release */,
			);
			defaultConfigurationIsVisible = 0;
			defaultConfigurationName = Release;
		};
		88BA02151AA859F90091A43C /* Build configuration list for PBXNativeTarget "xamoom-pingeborg-iosTests" */ = {
			isa = XCConfigurationList;
			buildConfigurations = (
				88BA02161AA859F90091A43C /* Debug */,
				88BA02171AA859F90091A43C /* Release */,
			);
			defaultConfigurationIsVisible = 0;
			defaultConfigurationName = Release;
		};
/* End XCConfigurationList section */

/* Begin XCVersionGroup section */
		88DA7D461AF24CE80005FEA3 /* Model.xcdatamodeld */ = {
			isa = XCVersionGroup;
			children = (
				88DA7D471AF24CE80005FEA3 /* Model.xcdatamodel */,
			);
			currentVersion = 88DA7D471AF24CE80005FEA3 /* Model.xcdatamodel */;
			path = Model.xcdatamodeld;
			sourceTree = "<group>";
			versionGroupType = wrapper.xcdatamodel;
		};
/* End XCVersionGroup section */
	};
	rootObject = 88BA01E71AA859F90091A43C /* Project object */;
}
