PODS:
  - Google/Analytics (1.0.7):
    - Google/Core
    - GoogleAnalytics (~> 3.12)
  - Google/Core (1.0.7):
    - GoogleNetworkingUtilities (~> 1.0)
    - GoogleSymbolUtilities (~> 1.0)
    - GoogleUtilities (~> 1.0)
  - GoogleAnalytics (3.14.0)
  - GoogleNetworkingUtilities (1.0.0):
    - GoogleSymbolUtilities (~> 1.0)
  - GoogleSymbolUtilities (1.0.3)
  - GoogleUtilities (1.1.0):
    - GoogleSymbolUtilities (~> 1.0.0)
  - JAMSVGImage (1.6.1)
  - JGProgressHUD (1.3.1)
  - JSONAPI (1.0.7)
  - QRCodeReaderViewController (4.0.1)
  - REMenu (1.10)
  - SDWebImage (3.8.2):
    - SDWebImage/Core (= 3.8.2)
  - SDWebImage/Core (3.8.2)
  - SMCalloutView (2.1.2)
  - XamoomSDK (3.2.2):
    - JAMSVGImage
    - JSONAPI (~> 1.0.0)
    - SDWebImage (~> 3.7)

DEPENDENCIES:
  - Google/Analytics
  - JGProgressHUD
  - QRCodeReaderViewController (~> 4.0.1)
  - REMenu (~> 1.10)
  - SMCalloutView
  - XamoomSDK (~> 3.2.2)

SPEC CHECKSUMS:
  Google: 8be107e3b4bbb6889ebf1f64cdd92cb87dc17a62
  GoogleAnalytics: 9be1afdb8deeac4bb5f13ca7f7d3b9db2a1f43dc
  GoogleNetworkingUtilities: 292992ab31b7b4ba32809a0e8b40e324cdfb2c0c
  GoogleSymbolUtilities: 82ad9f93d3615244b3f4ce440f5ab2515e8b4f56
  GoogleUtilities: 8ed9134debe11719097881711464752900668f10
  JAMSVGImage: 7aa966a310ddf5f53de295d5ce5b930df8ff1eb2
  JGProgressHUD: 153053a21d81208cb5f659691996bcefce6a9885
  JSONAPI: 8fed55fcfa08ee662674cd4f1bd03c37d8b34e03
  QRCodeReaderViewController: 6538745c8f4ffa9407a26bd7f9489ea01739e7b0
  REMenu: 30dad195930adf6c5eeb8041e3257aa60bf9fa49
  SDWebImage: 098e97e6176540799c27e804c96653ee0833d13c
  SMCalloutView: 4078d89b847731e514b1a919fed33b383a24a106
  XamoomSDK: 925020544d10685610b45a4c352d0b15bda9521e

PODFILE CHECKSUM: bad21cf464b42f1e63e52a1efa4e4194836a510b

COCOAPODS: 1.2.1
