// !$*UTF8*$!
{
	archiveVersion = 1;
	classes = {
	};
	objectVersion = 46;
	objects = {

/* Begin PBXBuildFile section */
		79DC49A6DAEB906DC669BE74 /* libPods-pingeb.org.a in Frameworks */ = {isa = PBXBuildFile; fileRef = 661FA2D3378D47C4579F159E /* libPods-pingeb.org.a */; };
		8801F3A11F2A13CC009A1C0E /* NFCHelper.swift in Sources */ = {isa = PBXBuildFile; fileRef = 8801F3A01F2A13CC009A1C0E /* NFCHelper.swift */; };
		880246DC1B57AF2E00E585CE /* Analytics.m in Sources */ = {isa = PBXBuildFile; fileRef = 880246DB1B57AF2E00E585CE /* Analytics.m */; };
		880246E11B57CD9000E585CE /* GoogleService-Info.plist in Resources */ = {isa = PBXBuildFile; fileRef = 880246DF1B57CCC400E585CE /* GoogleService-Info.plist */; };
		880434331EF92435009D8077 /* Launch Screen.storyboard in Resources */ = {isa = PBXBuildFile; fileRef = 880434321EF92435009D8077 /* Launch Screen.storyboard */; };
		88052D7B1AE103C300AB433D /* Globals.m in Sources */ = {isa = PBXBuildFile; fileRef = 88052D7A1AE103C300AB433D /* Globals.m */; };
		880E6C6B1D0E98BE00E8335F /* FeedItemCell.m in Sources */ = {isa = PBXBuildFile; fileRef = 880E6C6A1D0E98BE00E8335F /* FeedItemCell.m */; };
		880E6C741D0FDB1A00E8335F /* GradientView.swift in Sources */ = {isa = PBXBuildFile; fileRef = 880E6C731D0FDB1A00E8335F /* GradientView.swift */; };
		880E6C781D0FF7D700E8335F /* MapItemDetailView.swift in Sources */ = {isa = PBXBuildFile; fileRef = 880E6C771D0FF7D700E8335F /* MapItemDetailView.swift */; };
		881458561B01EE8B0024E6F4 /* AboutViewController.m in Sources */ = {isa = PBXBuildFile; fileRef = 8814583D1B01EE8B0024E6F4 /* AboutViewController.m */; };
		881458571B01EE8B0024E6F4 /* ArtistDetailViewController.m in Sources */ = {isa = PBXBuildFile; fileRef = 8814583F1B01EE8B0024E6F4 /* ArtistDetailViewController.m */; };
		881458581B01EE8B0024E6F4 /* FeedTableViewController.m in Sources */ = {isa = PBXBuildFile; fileRef = 881458411B01EE8B0024E6F4 /* FeedTableViewController.m */; };
		881458591B01EE8B0024E6F4 /* MapkitViewController.m in Sources */ = {isa = PBXBuildFile; fileRef = 881458431B01EE8B0024E6F4 /* MapkitViewController.m */; };
		8814585B1B01EE8B0024E6F4 /* NavigationViewController.m in Sources */ = {isa = PBXBuildFile; fileRef = 881458481B01EE8B0024E6F4 /* NavigationViewController.m */; };
		8814585D1B01EE8B0024E6F4 /* FeedItemCell.xib in Resources */ = {isa = PBXBuildFile; fileRef = 8814584C1B01EE8B0024E6F4 /* FeedItemCell.xib */; };
		8814585E1B01EE8B0024E6F4 /* Main.storyboard in Resources */ = {isa = PBXBuildFile; fileRef = 8814584D1B01EE8B0024E6F4 /* Main.storyboard */; };
		881F09681F6FC2D600F282CE /* InfoPlist.strings in Resources */ = {isa = PBXBuildFile; fileRef = 881F096A1F6FC2D600F282CE /* InfoPlist.strings */; };
		883574801AB1CCF40099DF4A /* QuartzCore.framework in Frameworks */ = {isa = PBXBuildFile; fileRef = 8835747F1AB1CCF40099DF4A /* QuartzCore.framework */; };
		885D17C11F0E214900A61CC8 /* NavigationCoordinator.swift in Sources */ = {isa = PBXBuildFile; fileRef = 885D17C01F0E214900A61CC8 /* NavigationCoordinator.swift */; };
		885F683F1D17E98800DC0B9C /* PingebAnnotation.swift in Sources */ = {isa = PBXBuildFile; fileRef = 885F683E1D17E98800DC0B9C /* PingebAnnotation.swift */; };
		8860DA7D1AE78D0500DF2239 /* CoreText.framework in Frameworks */ = {isa = PBXBuildFile; fileRef = 8860DA7C1AE78D0500DF2239 /* CoreText.framework */; };
		8860DA7F1AE78D0E00DF2239 /* CoreImage.framework in Frameworks */ = {isa = PBXBuildFile; fileRef = 8860DA7E1AE78D0E00DF2239 /* CoreImage.framework */; };
		8860DA811AE78D2C00DF2239 /* libxml2.dylib in Frameworks */ = {isa = PBXBuildFile; fileRef = 8860DA801AE78D2C00DF2239 /* libxml2.dylib */; };
		8860DA831AE78D3500DF2239 /* CoreGraphics.framework in Frameworks */ = {isa = PBXBuildFile; fileRef = 8860DA821AE78D3500DF2239 /* CoreGraphics.framework */; };
		8860DA851AE78D3B00DF2239 /* UIKit.framework in Frameworks */ = {isa = PBXBuildFile; fileRef = 8860DA841AE78D3B00DF2239 /* UIKit.framework */; };
		887BE0331B53D43000E9D584 /* Localizable.strings in Resources */ = {isa = PBXBuildFile; fileRef = 887BE0351B53D43000E9D584 /* Localizable.strings */; };
		888E74521C18256E00233AA1 /* ExtendedTabbarView.xib in Resources */ = {isa = PBXBuildFile; fileRef = 888E74511C18256E00233AA1 /* ExtendedTabbarView.xib */; };
		888E74551C18322B00233AA1 /* ExtendedTabbarView.m in Sources */ = {isa = PBXBuildFile; fileRef = 888E74541C18322B00233AA1 /* ExtendedTabbarView.m */; };
		889BE4321B3829A0002850D5 /* CoreData.framework in Frameworks */ = {isa = PBXBuildFile; fileRef = 889BE4311B3829A0002850D5 /* CoreData.framework */; };
		889BE4341B3829B1002850D5 /* SystemConfiguration.framework in Frameworks */ = {isa = PBXBuildFile; fileRef = 889BE4331B3829B1002850D5 /* SystemConfiguration.framework */; };
		889BE4361B3829BF002850D5 /* libz.dylib in Frameworks */ = {isa = PBXBuildFile; fileRef = 889BE4351B3829BF002850D5 /* libz.dylib */; };
		889BE4381B3829CA002850D5 /* libsqlite3.dylib in Frameworks */ = {isa = PBXBuildFile; fileRef = 889BE4371B3829CA002850D5 /* libsqlite3.dylib */; };
		889BE43E1B3854C5002850D5 /* MainTabBarController.m in Sources */ = {isa = PBXBuildFile; fileRef = 889BE43D1B3854C5002850D5 /* MainTabBarController.m */; };
		88A62C4F1AD55F2C00EAD4C3 /* AVFoundation.framework in Frameworks */ = {isa = PBXBuildFile; fileRef = 88A62C4E1AD55F2C00EAD4C3 /* AVFoundation.framework */; };
		88A62C531AD561DB00EAD4C3 /* MediaPlayer.framework in Frameworks */ = {isa = PBXBuildFile; fileRef = 88A62C521AD561DB00EAD4C3 /* MediaPlayer.framework */; };
		88B777F81EF9183B006C3A72 /* NotificationHelper.swift in Sources */ = {isa = PBXBuildFile; fileRef = 88B777F71EF9183B006C3A72 /* NotificationHelper.swift */; };
		88BA01F51AA859F90091A43C /* main.m in Sources */ = {isa = PBXBuildFile; fileRef = 88BA01F41AA859F90091A43C /* main.m */; };
		88BA01F81AA859F90091A43C /* AppDelegate.m in Sources */ = {isa = PBXBuildFile; fileRef = 88BA01F71AA859F90091A43C /* AppDelegate.m */; };
		88BA020F1AA859F90091A43C /* xamoom_pingeborg_iosTests.m in Sources */ = {isa = PBXBuildFile; fileRef = 88BA020E1AA859F90091A43C /* xamoom_pingeborg_iosTests.m */; };
		88CBAEE11AA9EC9E000E480A /* MapKit.framework in Frameworks */ = {isa = PBXBuildFile; fileRef = 88CBAEE01AA9EC9E000E480A /* MapKit.framework */; };
		88DB74DC1B0217DA0064EE7E /* ScanResultViewController.m in Sources */ = {isa = PBXBuildFile; fileRef = 88DB74DB1B0217DA0064EE7E /* ScanResultViewController.m */; };
		88EB481C1B56390D00A6C63F /* apikey.txt in Resources */ = {isa = PBXBuildFile; fileRef = 88EB481B1B56390D00A6C63F /* apikey.txt */; };
		88EB481D1B563C8700A6C63F /* Images.xcassets in Resources */ = {isa = PBXBuildFile; fileRef = 88BA01FF1AA859F90091A43C /* Images.xcassets */; };
		88F038471B0E0D1200E17573 /* XMMImageUtility.m in Sources */ = {isa = PBXBuildFile; fileRef = 88F038461B0E0D1200E17573 /* XMMImageUtility.m */; };
		88F813D11D1C15A400DA35DA /* MapItemDetailView.xib in Resources */ = {isa = PBXBuildFile; fileRef = 88F813D31D1C15A400DA35DA /* MapItemDetailView.xib */; };
/* End PBXBuildFile section */

/* Begin PBXContainerItemProxy section */
		88BA02091AA859F90091A43C /* PBXContainerItemProxy */ = {
			isa = PBXContainerItemProxy;
			containerPortal = 88BA01E71AA859F90091A43C /* Project object */;
			proxyType = 1;
			remoteGlobalIDString = 88BA01EE1AA859F90091A43C;
			remoteInfo = "xamoom-pingeborg-ios";
		};
/* End PBXContainerItemProxy section */

/* Begin PBXCopyFilesBuildPhase section */
		88F1E92E1B15A94800C60504 /* CopyFiles */ = {
			isa = PBXCopyFilesBuildPhase;
			buildActionMask = 2147483647;
			dstPath = "";
			dstSubfolderSpec = 10;
			files = (
			);
			runOnlyForDeploymentPostprocessing = 0;
		};
/* End PBXCopyFilesBuildPhase section */

/* Begin PBXFileReference section */
		661FA2D3378D47C4579F159E /* libPods-pingeb.org.a */ = {isa = PBXFileReference; explicitFileType = archive.ar; includeInIndex = 0; path = "libPods-pingeb.org.a"; sourceTree = BUILT_PRODUCTS_DIR; };
		7A7AAAFE8FE8D63A51F10A08 /* Pods-pingeb.org.debug.xcconfig */ = {isa = PBXFileReference; includeInIndex = 1; lastKnownFileType = text.xcconfig; name = "Pods-pingeb.org.debug.xcconfig"; path = "Pods/Target Support Files/Pods-pingeb.org/Pods-pingeb.org.debug.xcconfig"; sourceTree = "<group>"; };
		8801F3A01F2A13CC009A1C0E /* NFCHelper.swift */ = {isa = PBXFileReference; lastKnownFileType = sourcecode.swift; path = NFCHelper.swift; sourceTree = "<group>"; };
		880246DA1B57AF2E00E585CE /* Analytics.h */ = {isa = PBXFileReference; fileEncoding = 4; lastKnownFileType = sourcecode.c.h; path = Analytics.h; sourceTree = "<group>"; };
		880246DB1B57AF2E00E585CE /* Analytics.m */ = {isa = PBXFileReference; fileEncoding = 4; lastKnownFileType = sourcecode.c.objc; path = Analytics.m; sourceTree = "<group>"; };
		880246DF1B57CCC400E585CE /* GoogleService-Info.plist */ = {isa = PBXFileReference; fileEncoding = 4; lastKnownFileType = text.plist.xml; path = "GoogleService-Info.plist"; sourceTree = "<group>"; };
		880434321EF92435009D8077 /* Launch Screen.storyboard */ = {isa = PBXFileReference; fileEncoding = 4; lastKnownFileType = file.storyboard; name = "Launch Screen.storyboard"; path = "xamoom-pingeborg-ios/views/Launch Screen.storyboard"; sourceTree = SOURCE_ROOT; };
		88052D791AE103C300AB433D /* Globals.h */ = {isa = PBXFileReference; fileEncoding = 4; lastKnownFileType = sourcecode.c.h; path = Globals.h; sourceTree = "<group>"; };
		88052D7A1AE103C300AB433D /* Globals.m */ = {isa = PBXFileReference; fileEncoding = 4; lastKnownFileType = sourcecode.c.objc; path = Globals.m; sourceTree = "<group>"; };
		880E6C6A1D0E98BE00E8335F /* FeedItemCell.m */ = {isa = PBXFileReference; fileEncoding = 4; lastKnownFileType = sourcecode.c.objc; name = FeedItemCell.m; path = "xamoom-pingeborg-ios/views/FeedItemCell.m"; sourceTree = SOURCE_ROOT; };
		880E6C721D0FDB1A00E8335F /* pingeb.org-Bridging-Header.h */ = {isa = PBXFileReference; lastKnownFileType = sourcecode.c.h; name = "pingeb.org-Bridging-Header.h"; path = "Views/pingeb.org-Bridging-Header.h"; sourceTree = "<group>"; };
		880E6C731D0FDB1A00E8335F /* GradientView.swift */ = {isa = PBXFileReference; fileEncoding = 4; lastKnownFileType = sourcecode.swift; path = GradientView.swift; sourceTree = "<group>"; };
		880E6C771D0FF7D700E8335F /* MapItemDetailView.swift */ = {isa = PBXFileReference; fileEncoding = 4; lastKnownFileType = sourcecode.swift; name = MapItemDetailView.swift; path = "xamoom-pingeborg-ios/views/MapItemDetailView.swift"; sourceTree = SOURCE_ROOT; };
		881457BE1B01E7CF0024E6F4 /* libPods-AFNetworking.a */ = {isa = PBXFileReference; lastKnownFileType = archive.ar; name = "libPods-AFNetworking.a"; path = "Pods/build/Debug-iphoneos/libPods-AFNetworking.a"; sourceTree = "<group>"; };
		881457C01B01E7DE0024E6F4 /* libPods.a */ = {isa = PBXFileReference; lastKnownFileType = archive.ar; name = libPods.a; path = "Pods/build/Debug-iphoneos/libPods.a"; sourceTree = "<group>"; };
		8814583C1B01EE8B0024E6F4 /* AboutViewController.h */ = {isa = PBXFileReference; fileEncoding = 4; lastKnownFileType = sourcecode.c.h; path = AboutViewController.h; sourceTree = "<group>"; };
		8814583D1B01EE8B0024E6F4 /* AboutViewController.m */ = {isa = PBXFileReference; fileEncoding = 4; lastKnownFileType = sourcecode.c.objc; path = AboutViewController.m; sourceTree = "<group>"; };
		8814583E1B01EE8B0024E6F4 /* ArtistDetailViewController.h */ = {isa = PBXFileReference; fileEncoding = 4; lastKnownFileType = sourcecode.c.h; path = ArtistDetailViewController.h; sourceTree = "<group>"; };
		8814583F1B01EE8B0024E6F4 /* ArtistDetailViewController.m */ = {isa = PBXFileReference; fileEncoding = 4; lastKnownFileType = sourcecode.c.objc; path = ArtistDetailViewController.m; sourceTree = "<group>"; };
		881458401B01EE8B0024E6F4 /* FeedTableViewController.h */ = {isa = PBXFileReference; fileEncoding = 4; lastKnownFileType = sourcecode.c.h; path = FeedTableViewController.h; sourceTree = "<group>"; };
		881458411B01EE8B0024E6F4 /* FeedTableViewController.m */ = {isa = PBXFileReference; fileEncoding = 4; lastKnownFileType = sourcecode.c.objc; path = FeedTableViewController.m; sourceTree = "<group>"; };
		881458421B01EE8B0024E6F4 /* MapkitViewController.h */ = {isa = PBXFileReference; fileEncoding = 4; lastKnownFileType = sourcecode.c.h; path = MapkitViewController.h; sourceTree = "<group>"; };
		881458431B01EE8B0024E6F4 /* MapkitViewController.m */ = {isa = PBXFileReference; fileEncoding = 4; lastKnownFileType = sourcecode.c.objc; path = MapkitViewController.m; sourceTree = "<group>"; };
		881458451B01EE8B0024E6F4 /* MainTabBarController.h */ = {isa = PBXFileReference; fileEncoding = 4; lastKnownFileType = sourcecode.c.h; path = MainTabBarController.h; sourceTree = "<group>"; };
		881458471B01EE8B0024E6F4 /* NavigationViewController.h */ = {isa = PBXFileReference; fileEncoding = 4; lastKnownFileType = sourcecode.c.h; path = NavigationViewController.h; sourceTree = "<group>"; };
		881458481B01EE8B0024E6F4 /* NavigationViewController.m */ = {isa = PBXFileReference; fileEncoding = 4; lastKnownFileType = sourcecode.c.objc; path = NavigationViewController.m; sourceTree = "<group>"; };
		8814584A1B01EE8B0024E6F4 /* FeedItemCell.h */ = {isa = PBXFileReference; fileEncoding = 4; lastKnownFileType = sourcecode.c.h; path = FeedItemCell.h; sourceTree = "<group>"; };
		8814584C1B01EE8B0024E6F4 /* FeedItemCell.xib */ = {isa = PBXFileReference; fileEncoding = 4; lastKnownFileType = file.xib; path = FeedItemCell.xib; sourceTree = "<group>"; };
		8814584D1B01EE8B0024E6F4 /* Main.storyboard */ = {isa = PBXFileReference; fileEncoding = 4; lastKnownFileType = file.storyboard; path = Main.storyboard; sourceTree = "<group>"; };
		881F09691F6FC2D600F282CE /* en */ = {isa = PBXFileReference; lastKnownFileType = text.plist.strings; name = en; path = en.lproj/InfoPlist.strings; sourceTree = "<group>"; };
		881F096B1F6FC2DB00F282CE /* de */ = {isa = PBXFileReference; lastKnownFileType = text.plist.strings; name = de; path = de.lproj/InfoPlist.strings; sourceTree = "<group>"; };
		8835747F1AB1CCF40099DF4A /* QuartzCore.framework */ = {isa = PBXFileReference; lastKnownFileType = wrapper.framework; name = QuartzCore.framework; path = System/Library/Frameworks/QuartzCore.framework; sourceTree = SDKROOT; };
		885D17BD1F0E12DF00A61CC8 /* pingeb.org.entitlements */ = {isa = PBXFileReference; lastKnownFileType = text.plist.entitlements; path = pingeb.org.entitlements; sourceTree = "<group>"; };
		885D17C01F0E214900A61CC8 /* NavigationCoordinator.swift */ = {isa = PBXFileReference; fileEncoding = 4; lastKnownFileType = sourcecode.swift; path = NavigationCoordinator.swift; sourceTree = "<group>"; };
		885F683E1D17E98800DC0B9C /* PingebAnnotation.swift */ = {isa = PBXFileReference; fileEncoding = 4; lastKnownFileType = sourcecode.swift; name = PingebAnnotation.swift; path = "xamoom-pingeborg-ios/views/PingebAnnotation.swift"; sourceTree = SOURCE_ROOT; };
		8860DA7C1AE78D0500DF2239 /* CoreText.framework */ = {isa = PBXFileReference; lastKnownFileType = wrapper.framework; name = CoreText.framework; path = System/Library/Frameworks/CoreText.framework; sourceTree = SDKROOT; };
		8860DA7E1AE78D0E00DF2239 /* CoreImage.framework */ = {isa = PBXFileReference; lastKnownFileType = wrapper.framework; name = CoreImage.framework; path = System/Library/Frameworks/CoreImage.framework; sourceTree = SDKROOT; };
		8860DA801AE78D2C00DF2239 /* libxml2.dylib */ = {isa = PBXFileReference; lastKnownFileType = "compiled.mach-o.dylib"; name = libxml2.dylib; path = usr/lib/libxml2.dylib; sourceTree = SDKROOT; };
		8860DA821AE78D3500DF2239 /* CoreGraphics.framework */ = {isa = PBXFileReference; lastKnownFileType = wrapper.framework; name = CoreGraphics.framework; path = System/Library/Frameworks/CoreGraphics.framework; sourceTree = SDKROOT; };
		8860DA841AE78D3B00DF2239 /* UIKit.framework */ = {isa = PBXFileReference; lastKnownFileType = wrapper.framework; name = UIKit.framework; path = System/Library/Frameworks/UIKit.framework; sourceTree = SDKROOT; };
		887BE0341B53D43000E9D584 /* en */ = {isa = PBXFileReference; lastKnownFileType = text.plist.strings; name = en; path = en.lproj/Localizable.strings; sourceTree = "<group>"; };
		887BE0361B53D44700E9D584 /* de */ = {isa = PBXFileReference; lastKnownFileType = text.plist.strings; name = de; path = de.lproj/Localizable.strings; sourceTree = "<group>"; };
		888E74511C18256E00233AA1 /* ExtendedTabbarView.xib */ = {isa = PBXFileReference; fileEncoding = 4; lastKnownFileType = file.xib; name = ExtendedTabbarView.xib; path = "xamoom-pingeborg-ios/views/ExtendedTabbarView.xib"; sourceTree = SOURCE_ROOT; };
		888E74531C18322B00233AA1 /* ExtendedTabbarView.h */ = {isa = PBXFileReference; fileEncoding = 4; lastKnownFileType = sourcecode.c.h; name = ExtendedTabbarView.h; path = "xamoom-pingeborg-ios/views/ExtendedTabbarView.h"; sourceTree = SOURCE_ROOT; };
		888E74541C18322B00233AA1 /* ExtendedTabbarView.m */ = {isa = PBXFileReference; fileEncoding = 4; lastKnownFileType = sourcecode.c.objc; name = ExtendedTabbarView.m; path = "xamoom-pingeborg-ios/views/ExtendedTabbarView.m"; sourceTree = SOURCE_ROOT; };
		889BE42F1B38295E002850D5 /* libGoogleAnalyticsServices.a */ = {isa = PBXFileReference; lastKnownFileType = archive.ar; path = libGoogleAnalyticsServices.a; sourceTree = "<group>"; };
		889BE4311B3829A0002850D5 /* CoreData.framework */ = {isa = PBXFileReference; lastKnownFileType = wrapper.framework; name = CoreData.framework; path = System/Library/Frameworks/CoreData.framework; sourceTree = SDKROOT; };
		889BE4331B3829B1002850D5 /* SystemConfiguration.framework */ = {isa = PBXFileReference; lastKnownFileType = wrapper.framework; name = SystemConfiguration.framework; path = System/Library/Frameworks/SystemConfiguration.framework; sourceTree = SDKROOT; };
		889BE4351B3829BF002850D5 /* libz.dylib */ = {isa = PBXFileReference; lastKnownFileType = "compiled.mach-o.dylib"; name = libz.dylib; path = usr/lib/libz.dylib; sourceTree = SDKROOT; };
		889BE4371B3829CA002850D5 /* libsqlite3.dylib */ = {isa = PBXFileReference; lastKnownFileType = "compiled.mach-o.dylib"; name = libsqlite3.dylib; path = usr/lib/libsqlite3.dylib; sourceTree = SDKROOT; };
		889BE43D1B3854C5002850D5 /* MainTabBarController.m */ = {isa = PBXFileReference; fileEncoding = 4; lastKnownFileType = sourcecode.c.objc; name = MainTabBarController.m; path = "xamoom-pingeborg-ios/viewControllers/navigation/MainTabBarController.m"; sourceTree = SOURCE_ROOT; };
		88A62C4E1AD55F2C00EAD4C3 /* AVFoundation.framework */ = {isa = PBXFileReference; lastKnownFileType = wrapper.framework; name = AVFoundation.framework; path = System/Library/Frameworks/AVFoundation.framework; sourceTree = SDKROOT; };
		88A62C521AD561DB00EAD4C3 /* MediaPlayer.framework */ = {isa = PBXFileReference; lastKnownFileType = wrapper.framework; name = MediaPlayer.framework; path = System/Library/Frameworks/MediaPlayer.framework; sourceTree = SDKROOT; };
		88B777F71EF9183B006C3A72 /* NotificationHelper.swift */ = {isa = PBXFileReference; fileEncoding = 4; lastKnownFileType = sourcecode.swift; path = NotificationHelper.swift; sourceTree = "<group>"; };
		88BA01EF1AA859F90091A43C /* pingeb.org.app */ = {isa = PBXFileReference; explicitFileType = wrapper.application; includeInIndex = 0; path = pingeb.org.app; sourceTree = BUILT_PRODUCTS_DIR; };
		88BA01F31AA859F90091A43C /* Info.plist */ = {isa = PBXFileReference; lastKnownFileType = text.plist.xml; path = Info.plist; sourceTree = "<group>"; };
		88BA01F41AA859F90091A43C /* main.m */ = {isa = PBXFileReference; lastKnownFileType = sourcecode.c.objc; path = main.m; sourceTree = "<group>"; };
		88BA01F61AA859F90091A43C /* AppDelegate.h */ = {isa = PBXFileReference; lastKnownFileType = sourcecode.c.h; path = AppDelegate.h; sourceTree = "<group>"; };
		88BA01F71AA859F90091A43C /* AppDelegate.m */ = {isa = PBXFileReference; lastKnownFileType = sourcecode.c.objc; path = AppDelegate.m; sourceTree = "<group>"; };
		88BA01FF1AA859F90091A43C /* Images.xcassets */ = {isa = PBXFileReference; lastKnownFileType = folder.assetcatalog; path = Images.xcassets; sourceTree = "<group>"; };
		88BA02081AA859F90091A43C /* pingeb.orgTests.xctest */ = {isa = PBXFileReference; explicitFileType = wrapper.cfbundle; includeInIndex = 0; path = pingeb.orgTests.xctest; sourceTree = BUILT_PRODUCTS_DIR; };
		88BA020D1AA859F90091A43C /* Info.plist */ = {isa = PBXFileReference; lastKnownFileType = text.plist.xml; path = Info.plist; sourceTree = "<group>"; };
		88BA020E1AA859F90091A43C /* xamoom_pingeborg_iosTests.m */ = {isa = PBXFileReference; lastKnownFileType = sourcecode.c.objc; path = xamoom_pingeborg_iosTests.m; sourceTree = "<group>"; };
		88CBAEE01AA9EC9E000E480A /* MapKit.framework */ = {isa = PBXFileReference; lastKnownFileType = wrapper.framework; name = MapKit.framework; path = System/Library/Frameworks/MapKit.framework; sourceTree = SDKROOT; };
		88DB74DA1B0217DA0064EE7E /* ScanResultViewController.h */ = {isa = PBXFileReference; fileEncoding = 4; lastKnownFileType = sourcecode.c.h; path = ScanResultViewController.h; sourceTree = "<group>"; };
		88DB74DB1B0217DA0064EE7E /* ScanResultViewController.m */ = {isa = PBXFileReference; fileEncoding = 4; lastKnownFileType = sourcecode.c.objc; path = ScanResultViewController.m; sourceTree = "<group>"; };
		88E243191B14505000E9E208 /* pingeb.org-Prefix.pch */ = {isa = PBXFileReference; fileEncoding = 4; lastKnownFileType = sourcecode.c.h; path = "pingeb.org-Prefix.pch"; sourceTree = SOURCE_ROOT; };
		88EB481B1B56390D00A6C63F /* apikey.txt */ = {isa = PBXFileReference; fileEncoding = 4; lastKnownFileType = text; path = apikey.txt; sourceTree = "<group>"; };
		88F038451B0E0D1200E17573 /* XMMImageUtility.h */ = {isa = PBXFileReference; fileEncoding = 4; lastKnownFileType = sourcecode.c.h; path = XMMImageUtility.h; sourceTree = "<group>"; };
		88F038461B0E0D1200E17573 /* XMMImageUtility.m */ = {isa = PBXFileReference; fileEncoding = 4; lastKnownFileType = sourcecode.c.objc; path = XMMImageUtility.m; sourceTree = "<group>"; };
		88F813D21D1C15A400DA35DA /* Base */ = {isa = PBXFileReference; lastKnownFileType = file.xib; name = Base; path = Base.lproj/MapItemDetailView.xib; sourceTree = "<group>"; };
		88F813D61D1C189800DA35DA /* de */ = {isa = PBXFileReference; lastKnownFileType = text.plist.strings; name = de; path = de.lproj/MapItemDetailView.strings; sourceTree = "<group>"; };
		B3C3C2BE620C2FEB34D47145 /* Pods-pingeb.org.release.xcconfig */ = {isa = PBXFileReference; includeInIndex = 1; lastKnownFileType = text.xcconfig; name = "Pods-pingeb.org.release.xcconfig"; path = "Pods/Target Support Files/Pods-pingeb.org/Pods-pingeb.org.release.xcconfig"; sourceTree = "<group>"; };
/* End PBXFileReference section */

/* Begin PBXFrameworksBuildPhase section */
		88BA01EC1AA859F90091A43C /* Frameworks */ = {
			isa = PBXFrameworksBuildPhase;
			buildActionMask = 2147483647;
			files = (
				889BE4381B3829CA002850D5 /* libsqlite3.dylib in Frameworks */,
				889BE4361B3829BF002850D5 /* libz.dylib in Frameworks */,
				889BE4341B3829B1002850D5 /* SystemConfiguration.framework in Frameworks */,
				889BE4321B3829A0002850D5 /* CoreData.framework in Frameworks */,
				8860DA851AE78D3B00DF2239 /* UIKit.framework in Frameworks */,
				8860DA831AE78D3500DF2239 /* CoreGraphics.framework in Frameworks */,
				8860DA811AE78D2C00DF2239 /* libxml2.dylib in Frameworks */,
				8860DA7F1AE78D0E00DF2239 /* CoreImage.framework in Frameworks */,
				8860DA7D1AE78D0500DF2239 /* CoreText.framework in Frameworks */,
				88A62C531AD561DB00EAD4C3 /* MediaPlayer.framework in Frameworks */,
				88A62C4F1AD55F2C00EAD4C3 /* AVFoundation.framework in Frameworks */,
				883574801AB1CCF40099DF4A /* QuartzCore.framework in Frameworks */,
				88CBAEE11AA9EC9E000E480A /* MapKit.framework in Frameworks */,
				79DC49A6DAEB906DC669BE74 /* libPods-pingeb.org.a in Frameworks */,
			);
			runOnlyForDeploymentPostprocessing = 0;
		};
		88BA02051AA859F90091A43C /* Frameworks */ = {
			isa = PBXFrameworksBuildPhase;
			buildActionMask = 2147483647;
			files = (
			);
			runOnlyForDeploymentPostprocessing = 0;
		};
/* End PBXFrameworksBuildPhase section */

/* Begin PBXGroup section */
		8814583B1B01EE8B0024E6F4 /* ViewControllers */ = {
			isa = PBXGroup;
			children = (
				881458401B01EE8B0024E6F4 /* FeedTableViewController.h */,
				881458411B01EE8B0024E6F4 /* FeedTableViewController.m */,
				8814583E1B01EE8B0024E6F4 /* ArtistDetailViewController.h */,
				8814583F1B01EE8B0024E6F4 /* ArtistDetailViewController.m */,
				881458421B01EE8B0024E6F4 /* MapkitViewController.h */,
				881458431B01EE8B0024E6F4 /* MapkitViewController.m */,
				8814583C1B01EE8B0024E6F4 /* AboutViewController.h */,
				8814583D1B01EE8B0024E6F4 /* AboutViewController.m */,
				88DB74DA1B0217DA0064EE7E /* ScanResultViewController.h */,
				88DB74DB1B0217DA0064EE7E /* ScanResultViewController.m */,
				881458441B01EE8B0024E6F4 /* Navigation */,
			);
			path = ViewControllers;
			sourceTree = "<group>";
		};
		881458441B01EE8B0024E6F4 /* Navigation */ = {
			isa = PBXGroup;
			children = (
				881458451B01EE8B0024E6F4 /* MainTabBarController.h */,
				889BE43D1B3854C5002850D5 /* MainTabBarController.m */,
				881458471B01EE8B0024E6F4 /* NavigationViewController.h */,
				881458481B01EE8B0024E6F4 /* NavigationViewController.m */,
			);
			name = Navigation;
			path = navigation;
			sourceTree = "<group>";
		};
		881458491B01EE8B0024E6F4 /* Views */ = {
			isa = PBXGroup;
			children = (
				880434321EF92435009D8077 /* Launch Screen.storyboard */,
				8814584D1B01EE8B0024E6F4 /* Main.storyboard */,
				8814584A1B01EE8B0024E6F4 /* FeedItemCell.h */,
				880E6C6A1D0E98BE00E8335F /* FeedItemCell.m */,
				8814584C1B01EE8B0024E6F4 /* FeedItemCell.xib */,
				888E74531C18322B00233AA1 /* ExtendedTabbarView.h */,
				888E74541C18322B00233AA1 /* ExtendedTabbarView.m */,
				888E74511C18256E00233AA1 /* ExtendedTabbarView.xib */,
				880E6C731D0FDB1A00E8335F /* GradientView.swift */,
				880E6C771D0FF7D700E8335F /* MapItemDetailView.swift */,
				88F813D31D1C15A400DA35DA /* MapItemDetailView.xib */,
				885F683E1D17E98800DC0B9C /* PingebAnnotation.swift */,
			);
			path = Views;
			sourceTree = "<group>";
		};
		88BA01E61AA859F90091A43C = {
			isa = PBXGroup;
			children = (
				885D17BD1F0E12DF00A61CC8 /* pingeb.org.entitlements */,
				887BE0351B53D43000E9D584 /* Localizable.strings */,
				88BA01F11AA859F90091A43C /* xamoom-pingeborg-ios */,
				88BA020B1AA859F90091A43C /* xamoom-pingeborg-iosTests */,
				88BA01F01AA859F90091A43C /* Products */,
				B091DC0989CBE4B0B40B108B /* Frameworks */,
				F816285B85C0D2E014595D1A /* Pods */,
			);
			sourceTree = "<group>";
		};
		88BA01F01AA859F90091A43C /* Products */ = {
			isa = PBXGroup;
			children = (
				88BA01EF1AA859F90091A43C /* pingeb.org.app */,
				88BA02081AA859F90091A43C /* pingeb.orgTests.xctest */,
			);
			name = Products;
			sourceTree = "<group>";
		};
		88BA01F11AA859F90091A43C /* xamoom-pingeborg-ios */ = {
			isa = PBXGroup;
			children = (
				88E243191B14505000E9E208 /* pingeb.org-Prefix.pch */,
				880E6C721D0FDB1A00E8335F /* pingeb.org-Bridging-Header.h */,
				88BA01F61AA859F90091A43C /* AppDelegate.h */,
				88BA01F71AA859F90091A43C /* AppDelegate.m */,
				88052D791AE103C300AB433D /* Globals.h */,
				88052D7A1AE103C300AB433D /* Globals.m */,
				880246DA1B57AF2E00E585CE /* Analytics.h */,
				880246DB1B57AF2E00E585CE /* Analytics.m */,
				885D17C01F0E214900A61CC8 /* NavigationCoordinator.swift */,
				88B777F71EF9183B006C3A72 /* NotificationHelper.swift */,
				8801F3A01F2A13CC009A1C0E /* NFCHelper.swift */,
				8814583B1B01EE8B0024E6F4 /* ViewControllers */,
				881458491B01EE8B0024E6F4 /* Views */,
				88E2431A1B14507200E9E208 /* XMMImageUtility */,
				88BA01F21AA859F90091A43C /* Supporting Files */,
				88BA01FF1AA859F90091A43C /* Images.xcassets */,
			);
			path = "xamoom-pingeborg-ios";
			sourceTree = "<group>";
		};
		88BA01F21AA859F90091A43C /* Supporting Files */ = {
			isa = PBXGroup;
			children = (
				880246DF1B57CCC400E585CE /* GoogleService-Info.plist */,
				88EB481B1B56390D00A6C63F /* apikey.txt */,
				88BA01F31AA859F90091A43C /* Info.plist */,
				88BA01F41AA859F90091A43C /* main.m */,
				881F096A1F6FC2D600F282CE /* InfoPlist.strings */,
			);
			name = "Supporting Files";
			sourceTree = "<group>";
		};
		88BA020B1AA859F90091A43C /* xamoom-pingeborg-iosTests */ = {
			isa = PBXGroup;
			children = (
				88BA020E1AA859F90091A43C /* xamoom_pingeborg_iosTests.m */,
				88BA020C1AA859F90091A43C /* Supporting Files */,
			);
			path = "xamoom-pingeborg-iosTests";
			sourceTree = "<group>";
		};
		88BA020C1AA859F90091A43C /* Supporting Files */ = {
			isa = PBXGroup;
			children = (
				88BA020D1AA859F90091A43C /* Info.plist */,
			);
			name = "Supporting Files";
			sourceTree = "<group>";
		};
		88E2431A1B14507200E9E208 /* XMMImageUtility */ = {
			isa = PBXGroup;
			children = (
				88F038451B0E0D1200E17573 /* XMMImageUtility.h */,
				88F038461B0E0D1200E17573 /* XMMImageUtility.m */,
			);
			name = XMMImageUtility;
			sourceTree = "<group>";
		};
		B091DC0989CBE4B0B40B108B /* Frameworks */ = {
			isa = PBXGroup;
			children = (
				889BE4371B3829CA002850D5 /* libsqlite3.dylib */,
				889BE4351B3829BF002850D5 /* libz.dylib */,
				889BE4331B3829B1002850D5 /* SystemConfiguration.framework */,
				889BE4311B3829A0002850D5 /* CoreData.framework */,
				889BE42F1B38295E002850D5 /* libGoogleAnalyticsServices.a */,
				881457C01B01E7DE0024E6F4 /* libPods.a */,
				881457BE1B01E7CF0024E6F4 /* libPods-AFNetworking.a */,
				8860DA841AE78D3B00DF2239 /* UIKit.framework */,
				8860DA821AE78D3500DF2239 /* CoreGraphics.framework */,
				8860DA801AE78D2C00DF2239 /* libxml2.dylib */,
				8860DA7E1AE78D0E00DF2239 /* CoreImage.framework */,
				8860DA7C1AE78D0500DF2239 /* CoreText.framework */,
				88A62C521AD561DB00EAD4C3 /* MediaPlayer.framework */,
				88A62C4E1AD55F2C00EAD4C3 /* AVFoundation.framework */,
				8835747F1AB1CCF40099DF4A /* QuartzCore.framework */,
				88CBAEE01AA9EC9E000E480A /* MapKit.framework */,
				661FA2D3378D47C4579F159E /* libPods-pingeb.org.a */,
			);
			name = Frameworks;
			sourceTree = "<group>";
		};
		F816285B85C0D2E014595D1A /* Pods */ = {
			isa = PBXGroup;
			children = (
				7A7AAAFE8FE8D63A51F10A08 /* Pods-pingeb.org.debug.xcconfig */,
				B3C3C2BE620C2FEB34D47145 /* Pods-pingeb.org.release.xcconfig */,
			);
			name = Pods;
			sourceTree = "<group>";
		};
/* End PBXGroup section */

/* Begin PBXNativeTarget section */
		88BA01EE1AA859F90091A43C /* pingeb.org */ = {
			isa = PBXNativeTarget;
			buildConfigurationList = 88BA02121AA859F90091A43C /* Build configuration list for PBXNativeTarget "pingeb.org" */;
			buildPhases = (
				D0B697EB8708C981F5277141 /* [CP] Check Pods Manifest.lock */,
				88BA01EB1AA859F90091A43C /* Sources */,
				88BA01EC1AA859F90091A43C /* Frameworks */,
				88BA01ED1AA859F90091A43C /* Resources */,
				88F1E92E1B15A94800C60504 /* CopyFiles */,
				85F80058693BC1F783843D8A /* [CP] Embed Pods Frameworks */,
				90F828CE026235F6250759C9 /* [CP] Copy Pods Resources */,
			);
			buildRules = (
			);
			dependencies = (
			);
			name = pingeb.org;
			productName = "xamoom-pingeborg-ios";
			productReference = 88BA01EF1AA859F90091A43C /* pingeb.org.app */;
			productType = "com.apple.product-type.application";
		};
		88BA02071AA859F90091A43C /* pingeb.orgTests */ = {
			isa = PBXNativeTarget;
			buildConfigurationList = 88BA02151AA859F90091A43C /* Build configuration list for PBXNativeTarget "pingeb.orgTests" */;
			buildPhases = (
				88BA02041AA859F90091A43C /* Sources */,
				88BA02051AA859F90091A43C /* Frameworks */,
				88BA02061AA859F90091A43C /* Resources */,
			);
			buildRules = (
			);
			dependencies = (
				88BA020A1AA859F90091A43C /* PBXTargetDependency */,
			);
			name = pingeb.orgTests;
			productName = "xamoom-pingeborg-iosTests";
			productReference = 88BA02081AA859F90091A43C /* pingeb.orgTests.xctest */;
			productType = "com.apple.product-type.bundle.unit-test";
		};
/* End PBXNativeTarget section */

/* Begin PBXProject section */
		88BA01E71AA859F90091A43C /* Project object */ = {
			isa = PBXProject;
			attributes = {
				CLASSPREFIX = XMM;
				LastSwiftUpdateCheck = 0730;
				LastUpgradeCheck = 0820;
				ORGANIZATIONNAME = "xamoom GmbH";
				TargetAttributes = {
					88BA01EE1AA859F90091A43C = {
						CreatedOnToolsVersion = 6.1.1;
						DevelopmentTeam = 55MDUF7392;
						LastSwiftMigration = 0820;
						ProvisioningStyle = Manual;
						SystemCapabilities = {
							com.apple.BackgroundModes = {
								enabled = 1;
							};
							com.apple.Maps.iOS = {
								enabled = 1;
							};
							com.apple.NearFieldCommunicationTagReading = {
								enabled = 1;
							};
							com.apple.Push = {
								enabled = 1;
							};
						};
					};
					88BA02071AA859F90091A43C = {
						CreatedOnToolsVersion = 6.1.1;
						TestTargetID = 88BA01EE1AA859F90091A43C;
					};
				};
			};
			buildConfigurationList = 88BA01EA1AA859F90091A43C /* Build configuration list for PBXProject "pingeb.org" */;
			compatibilityVersion = "Xcode 3.2";
			developmentRegion = English;
			hasScannedForEncodings = 0;
			knownRegions = (
				en,
				Base,
				de,
			);
			mainGroup = 88BA01E61AA859F90091A43C;
			productRefGroup = 88BA01F01AA859F90091A43C /* Products */;
			projectDirPath = "";
			projectRoot = "";
			targets = (
				88BA01EE1AA859F90091A43C /* pingeb.org */,
				88BA02071AA859F90091A43C /* pingeb.orgTests */,
			);
		};
/* End PBXProject section */

/* Begin PBXResourcesBuildPhase section */
		88BA01ED1AA859F90091A43C /* Resources */ = {
			isa = PBXResourcesBuildPhase;
			buildActionMask = 2147483647;
			files = (
				880246E11B57CD9000E585CE /* GoogleService-Info.plist in Resources */,
				88EB481D1B563C8700A6C63F /* Images.xcassets in Resources */,
				887BE0331B53D43000E9D584 /* Localizable.strings in Resources */,
				880434331EF92435009D8077 /* Launch Screen.storyboard in Resources */,
				888E74521C18256E00233AA1 /* ExtendedTabbarView.xib in Resources */,
				88F813D11D1C15A400DA35DA /* MapItemDetailView.xib in Resources */,
				8814585D1B01EE8B0024E6F4 /* FeedItemCell.xib in Resources */,
				88EB481C1B56390D00A6C63F /* apikey.txt in Resources */,
				8814585E1B01EE8B0024E6F4 /* Main.storyboard in Resources */,
				881F09681F6FC2D600F282CE /* InfoPlist.strings in Resources */,
			);
			runOnlyForDeploymentPostprocessing = 0;
		};
		88BA02061AA859F90091A43C /* Resources */ = {
			isa = PBXResourcesBuildPhase;
			buildActionMask = 2147483647;
			files = (
			);
			runOnlyForDeploymentPostprocessing = 0;
		};
/* End PBXResourcesBuildPhase section */

/* Begin PBXShellScriptBuildPhase section */
		85F80058693BC1F783843D8A /* [CP] Embed Pods Frameworks */ = {
			isa = PBXShellScriptBuildPhase;
			buildActionMask = 2147483647;
			files = (
			);
			inputPaths = (
			);
			name = "[CP] Embed Pods Frameworks";
			outputPaths = (
			);
			runOnlyForDeploymentPostprocessing = 0;
			shellPath = /bin/sh;
			shellScript = "\"${SRCROOT}/Pods/Target Support Files/Pods-pingeb.org/Pods-pingeb.org-frameworks.sh\"\n";
			showEnvVarsInLog = 0;
		};
		90F828CE026235F6250759C9 /* [CP] Copy Pods Resources */ = {
			isa = PBXShellScriptBuildPhase;
			buildActionMask = 2147483647;
			files = (
			);
			inputPaths = (
				"${SRCROOT}/Pods/Target Support Files/Pods-pingeb.org/Pods-pingeb.org-resources.sh",
				"${PODS_ROOT}/JGProgressHUD/JGProgressHUD/JGProgressHUD/JGProgressHUD Resources.bundle",
				"${PODS_ROOT}/XamoomSDK/XamoomSDK/Assets/Images.xcassets",
				$PODS_CONFIGURATION_BUILD_DIR/XamoomSDK/XamoomSDK.bundle,
			);
			name = "[CP] Copy Pods Resources";
			outputPaths = (
				"${TARGET_BUILD_DIR}/${UNLOCALIZED_RESOURCES_FOLDER_PATH}",
			);
			runOnlyForDeploymentPostprocessing = 0;
			shellPath = /bin/sh;
			shellScript = "\"${SRCROOT}/Pods/Target Support Files/Pods-pingeb.org/Pods-pingeb.org-resources.sh\"\n";
			showEnvVarsInLog = 0;
		};
		D0B697EB8708C981F5277141 /* [CP] Check Pods Manifest.lock */ = {
			isa = PBXShellScriptBuildPhase;
			buildActionMask = 2147483647;
			files = (
			);
			inputPaths = (
				"${PODS_PODFILE_DIR_PATH}/Podfile.lock",
				"${PODS_ROOT}/Manifest.lock",
			);
			name = "[CP] Check Pods Manifest.lock";
			outputPaths = (
				"$(DERIVED_FILE_DIR)/Pods-pingeb.org-checkManifestLockResult.txt",
			);
			runOnlyForDeploymentPostprocessing = 0;
			shellPath = /bin/sh;
			shellScript = "diff \"${PODS_PODFILE_DIR_PATH}/Podfile.lock\" \"${PODS_ROOT}/Manifest.lock\" > /dev/null\nif [ $? != 0 ] ; then\n    # print error to STDERR\n    echo \"error: The sandbox is not in sync with the Podfile.lock. Run 'pod install' or update your CocoaPods installation.\" >&2\n    exit 1\nfi\n# This output is used by Xcode 'outputs' to avoid re-running this script phase.\necho \"SUCCESS\" > \"${SCRIPT_OUTPUT_FILE_0}\"\n";
			showEnvVarsInLog = 0;
		};
/* End PBXShellScriptBuildPhase section */

/* Begin PBXSourcesBuildPhase section */
		88BA01EB1AA859F90091A43C /* Sources */ = {
			isa = PBXSourcesBuildPhase;
			buildActionMask = 2147483647;
			files = (
				880E6C741D0FDB1A00E8335F /* GradientView.swift in Sources */,
				88DB74DC1B0217DA0064EE7E /* ScanResultViewController.m in Sources */,
				88BA01F81AA859F90091A43C /* AppDelegate.m in Sources */,
				881458561B01EE8B0024E6F4 /* AboutViewController.m in Sources */,
				88052D7B1AE103C300AB433D /* Globals.m in Sources */,
				8801F3A11F2A13CC009A1C0E /* NFCHelper.swift in Sources */,
				88F038471B0E0D1200E17573 /* XMMImageUtility.m in Sources */,
				881458591B01EE8B0024E6F4 /* MapkitViewController.m in Sources */,
				880246DC1B57AF2E00E585CE /* Analytics.m in Sources */,
				88BA01F51AA859F90091A43C /* main.m in Sources */,
				880E6C6B1D0E98BE00E8335F /* FeedItemCell.m in Sources */,
				888E74551C18322B00233AA1 /* ExtendedTabbarView.m in Sources */,
				8814585B1B01EE8B0024E6F4 /* NavigationViewController.m in Sources */,
				88B777F81EF9183B006C3A72 /* NotificationHelper.swift in Sources */,
				881458581B01EE8B0024E6F4 /* FeedTableViewController.m in Sources */,
				880E6C781D0FF7D700E8335F /* MapItemDetailView.swift in Sources */,
				885F683F1D17E98800DC0B9C /* PingebAnnotation.swift in Sources */,
				889BE43E1B3854C5002850D5 /* MainTabBarController.m in Sources */,
				885D17C11F0E214900A61CC8 /* NavigationCoordinator.swift in Sources */,
				881458571B01EE8B0024E6F4 /* ArtistDetailViewController.m in Sources */,
			);
			runOnlyForDeploymentPostprocessing = 0;
		};
		88BA02041AA859F90091A43C /* Sources */ = {
			isa = PBXSourcesBuildPhase;
			buildActionMask = 2147483647;
			files = (
				88BA020F1AA859F90091A43C /* xamoom_pingeborg_iosTests.m in Sources */,
			);
			runOnlyForDeploymentPostprocessing = 0;
		};
/* End PBXSourcesBuildPhase section */

/* Begin PBXTargetDependency section */
		88BA020A1AA859F90091A43C /* PBXTargetDependency */ = {
			isa = PBXTargetDependency;
			target = 88BA01EE1AA859F90091A43C /* pingeb.org */;
			targetProxy = 88BA02091AA859F90091A43C /* PBXContainerItemProxy */;
		};
/* End PBXTargetDependency section */

/* Begin PBXVariantGroup section */
		881F096A1F6FC2D600F282CE /* InfoPlist.strings */ = {
			isa = PBXVariantGroup;
			children = (
				881F09691F6FC2D600F282CE /* en */,
				881F096B1F6FC2DB00F282CE /* de */,
			);
			name = InfoPlist.strings;
			sourceTree = "<group>";
		};
		887BE0351B53D43000E9D584 /* Localizable.strings */ = {
			isa = PBXVariantGroup;
			children = (
				887BE0341B53D43000E9D584 /* en */,
				887BE0361B53D44700E9D584 /* de */,
			);
			name = Localizable.strings;
			sourceTree = "<group>";
		};
		88F813D31D1C15A400DA35DA /* MapItemDetailView.xib */ = {
			isa = PBXVariantGroup;
			children = (
				88F813D21D1C15A400DA35DA /* Base */,
				88F813D61D1C189800DA35DA /* de */,
			);
			name = MapItemDetailView.xib;
			sourceTree = "<group>";
		};
/* End PBXVariantGroup section */

/* Begin XCBuildConfiguration section */
		88BA02101AA859F90091A43C /* Debug */ = {
			isa = XCBuildConfiguration;
			buildSettings = {
				CLANG_ANALYZER_LOCALIZABILITY_NONLOCALIZED = YES;
				CLANG_CXX_LANGUAGE_STANDARD = "gnu++0x";
				CLANG_CXX_LIBRARY = "libc++";
				CLANG_ENABLE_MODULES = YES;
				CLANG_ENABLE_OBJC_ARC = YES;
				CLANG_WARN_BOOL_CONVERSION = YES;
				CLANG_WARN_CONSTANT_CONVERSION = YES;
				CLANG_WARN_DIRECT_OBJC_ISA_USAGE = YES_ERROR;
				CLANG_WARN_EMPTY_BODY = YES;
				CLANG_WARN_ENUM_CONVERSION = YES;
				CLANG_WARN_INFINITE_RECURSION = YES;
				CLANG_WARN_INT_CONVERSION = YES;
				CLANG_WARN_OBJC_ROOT_CLASS = YES_ERROR;
				CLANG_WARN_SUSPICIOUS_MOVE = YES;
				CLANG_WARN_UNREACHABLE_CODE = YES;
				CLANG_WARN__DUPLICATE_METHOD_MATCH = YES;
				CODE_SIGN_IDENTITY = "iPhone Distribution";
				"CODE_SIGN_IDENTITY[sdk=iphoneos*]" = "iPhone Developer";
				COPY_PHASE_STRIP = NO;
				DEFINES_MODULE = YES;
				ENABLE_STRICT_OBJC_MSGSEND = YES;
				ENABLE_TESTABILITY = YES;
				GCC_C_LANGUAGE_STANDARD = gnu99;
				GCC_DYNAMIC_NO_PIC = NO;
				GCC_NO_COMMON_BLOCKS = YES;
				GCC_OPTIMIZATION_LEVEL = 0;
				GCC_PREPROCESSOR_DEFINITIONS = (
					"DEBUG=1",
					"$(inherited)",
				);
				GCC_SYMBOLS_PRIVATE_EXTERN = NO;
				GCC_WARN_64_TO_32_BIT_CONVERSION = YES;
				GCC_WARN_ABOUT_RETURN_TYPE = YES_ERROR;
				GCC_WARN_UNDECLARED_SELECTOR = YES;
				GCC_WARN_UNINITIALIZED_AUTOS = YES_AGGRESSIVE;
				GCC_WARN_UNUSED_FUNCTION = YES;
				GCC_WARN_UNUSED_VARIABLE = YES;
				IPHONEOS_DEPLOYMENT_TARGET = 8.0;
				MTL_ENABLE_DEBUG_INFO = YES;
				ONLY_ACTIVE_ARCH = YES;
				SDKROOT = iphoneos;
			};
			name = Debug;
		};
		88BA02111AA859F90091A43C /* Release */ = {
			isa = XCBuildConfiguration;
			buildSettings = {
				CLANG_ANALYZER_LOCALIZABILITY_NONLOCALIZED = YES;
				CLANG_CXX_LANGUAGE_STANDARD = "gnu++0x";
				CLANG_CXX_LIBRARY = "libc++";
				CLANG_ENABLE_MODULES = YES;
				CLANG_ENABLE_OBJC_ARC = YES;
				CLANG_WARN_BOOL_CONVERSION = YES;
				CLANG_WARN_CONSTANT_CONVERSION = YES;
				CLANG_WARN_DIRECT_OBJC_ISA_USAGE = YES_ERROR;
				CLANG_WARN_EMPTY_BODY = YES;
				CLANG_WARN_ENUM_CONVERSION = YES;
				CLANG_WARN_INFINITE_RECURSION = YES;
				CLANG_WARN_INT_CONVERSION = YES;
				CLANG_WARN_OBJC_ROOT_CLASS = YES_ERROR;
				CLANG_WARN_SUSPICIOUS_MOVE = YES;
				CLANG_WARN_UNREACHABLE_CODE = YES;
				CLANG_WARN__DUPLICATE_METHOD_MATCH = YES;
				CODE_SIGN_IDENTITY = "iPhone Distribution";
				"CODE_SIGN_IDENTITY[sdk=iphoneos*]" = "iPhone Developer";
				COPY_PHASE_STRIP = YES;
				DEFINES_MODULE = YES;
				ENABLE_NS_ASSERTIONS = NO;
				ENABLE_STRICT_OBJC_MSGSEND = YES;
				GCC_C_LANGUAGE_STANDARD = gnu99;
				GCC_NO_COMMON_BLOCKS = YES;
				GCC_WARN_64_TO_32_BIT_CONVERSION = YES;
				GCC_WARN_ABOUT_RETURN_TYPE = YES_ERROR;
				GCC_WARN_UNDECLARED_SELECTOR = YES;
				GCC_WARN_UNINITIALIZED_AUTOS = YES_AGGRESSIVE;
				GCC_WARN_UNUSED_FUNCTION = YES;
				GCC_WARN_UNUSED_VARIABLE = YES;
				IPHONEOS_DEPLOYMENT_TARGET = 8.0;
				MTL_ENABLE_DEBUG_INFO = NO;
				SDKROOT = iphoneos;
				SWIFT_OPTIMIZATION_LEVEL = "-Owholemodule";
				VALIDATE_PRODUCT = YES;
			};
			name = Release;
		};
		88BA02131AA859F90091A43C /* Debug */ = {
			isa = XCBuildConfiguration;
			baseConfigurationReference = 7A7AAAFE8FE8D63A51F10A08 /* Pods-pingeb.org.debug.xcconfig */;
			buildSettings = {
				ALWAYS_EMBED_SWIFT_STANDARD_LIBRARIES = YES;
				ALWAYS_SEARCH_USER_PATHS = NO;
				ASSETCATALOG_COMPILER_APPICON_NAME = AppIcon;
				CLANG_ENABLE_MODULES = YES;
				CODE_SIGN_ENTITLEMENTS = pingeb.org.entitlements;
				CODE_SIGN_IDENTITY = "iPhone Developer: Bruno Hautzenberger (L86QBJXNW2)";
				"CODE_SIGN_IDENTITY[sdk=iphoneos*]" = "iPhone Developer";
				CURRENT_PROJECT_VERSION = 47;
				DEVELOPMENT_TEAM = 55MDUF7392;
				ENABLE_BITCODE = NO;
				GCC_PRECOMPILE_PREFIX_HEADER = YES;
				GCC_PREFIX_HEADER = "pingeb.org-Prefix.pch";
				GCC_TREAT_WARNINGS_AS_ERRORS = NO;
				INFOPLIST_FILE = "xamoom-pingeborg-ios/Info.plist";
				IPHONEOS_DEPLOYMENT_TARGET = 8.2;
				LD_RUNPATH_SEARCH_PATHS = "$(inherited) @executable_path/Frameworks";
				PRODUCT_BUNDLE_IDENTIFIER = "com.xamoom.xamoom-pingeborg-ios";
				PRODUCT_NAME = pingeb.org;
				PROVISIONING_PROFILE = "44298a2f-0653-4137-80da-f4748b39552b";
				PROVISIONING_PROFILE_SPECIFIER = "match Development com.xamoom.xamoom-pingeborg-ios";
				SKIP_INSTALL = NO;
				SWIFT_OBJC_BRIDGING_HEADER = "xamoom-pingeborg-ios/Views/pingeb.org-Bridging-Header.h";
				SWIFT_OPTIMIZATION_LEVEL = "-Onone";
				SWIFT_VERSION = 3.0;
				TARGETED_DEVICE_FAMILY = 1;
				VERSIONING_SYSTEM = "apple-generic";
			};
			name = Debug;
		};
		88BA02141AA859F90091A43C /* Release */ = {
			isa = XCBuildConfiguration;
			baseConfigurationReference = B3C3C2BE620C2FEB34D47145 /* Pods-pingeb.org.release.xcconfig */;
			buildSettings = {
				ALWAYS_EMBED_SWIFT_STANDARD_LIBRARIES = YES;
				ALWAYS_SEARCH_USER_PATHS = NO;
				ASSETCATALOG_COMPILER_APPICON_NAME = AppIcon;
				CLANG_ENABLE_MODULES = YES;
				CODE_SIGN_ENTITLEMENTS = pingeb.org.entitlements;
				CODE_SIGN_IDENTITY = "iPhone Distribution: xamoom GmbH (55MDUF7392)";
				"CODE_SIGN_IDENTITY[sdk=iphoneos*]" = "iPhone Developer";
				CURRENT_PROJECT_VERSION = 47;
				DEVELOPMENT_TEAM = 55MDUF7392;
				ENABLE_BITCODE = NO;
				GCC_PRECOMPILE_PREFIX_HEADER = YES;
				GCC_PREFIX_HEADER = "pingeb.org-Prefix.pch";
				GCC_TREAT_WARNINGS_AS_ERRORS = NO;
				INFOPLIST_FILE = "xamoom-pingeborg-ios/Info.plist";
				IPHONEOS_DEPLOYMENT_TARGET = 8.2;
				LD_RUNPATH_SEARCH_PATHS = "$(inherited) @executable_path/Frameworks";
				PRODUCT_BUNDLE_IDENTIFIER = "com.xamoom.xamoom-pingeborg-ios";
				PRODUCT_NAME = pingeb.org;
				PROVISIONING_PROFILE = "5383869b-02b9-428e-8229-c953b5ac250b";
				PROVISIONING_PROFILE_SPECIFIER = "match Development com.xamoom.xamoom-pingeborg-ios";
				SKIP_INSTALL = NO;
				SWIFT_OBJC_BRIDGING_HEADER = "xamoom-pingeborg-ios/Views/pingeb.org-Bridging-Header.h";
				SWIFT_VERSION = 3.0;
				TARGETED_DEVICE_FAMILY = 1;
				VERSIONING_SYSTEM = "apple-generic";
			};
			name = Release;
		};
		88BA02161AA859F90091A43C /* Debug */ = {
			isa = XCBuildConfiguration;
			buildSettings = {
				BUNDLE_LOADER = "$(TEST_HOST)";
				FRAMEWORK_SEARCH_PATHS = (
					"$(SDKROOT)/Developer/Library/Frameworks",
					"$(inherited)",
				);
				GCC_PREPROCESSOR_DEFINITIONS = (
					"DEBUG=1",
					"$(inherited)",
				);
				INFOPLIST_FILE = "xamoom-pingeborg-iosTests/Info.plist";
				LD_RUNPATH_SEARCH_PATHS = "$(inherited) @executable_path/Frameworks @loader_path/Frameworks";
				PRODUCT_BUNDLE_IDENTIFIER = "com.xamoom.$(PRODUCT_NAME:rfc1034identifier)";
				PRODUCT_NAME = pingeb.orgTests;
				TEST_HOST = "$(BUILT_PRODUCTS_DIR)/xamoom-pingeborg-ios.app/xamoom-pingeborg-ios";
			};
			name = Debug;
		};
		88BA02171AA859F90091A43C /* Release */ = {
			isa = XCBuildConfiguration;
			buildSettings = {
				BUNDLE_LOADER = "$(TEST_HOST)";
				FRAMEWORK_SEARCH_PATHS = (
					"$(SDKROOT)/Developer/Library/Frameworks",
					"$(inherited)",
				);
				INFOPLIST_FILE = "xamoom-pingeborg-iosTests/Info.plist";
				LD_RUNPATH_SEARCH_PATHS = "$(inherited) @executable_path/Frameworks @loader_path/Frameworks";
				PRODUCT_BUNDLE_IDENTIFIER = "com.xamoom.$(PRODUCT_NAME:rfc1034identifier)";
				PRODUCT_NAME = pingeb.orgTests;
				TEST_HOST = "$(BUILT_PRODUCTS_DIR)/xamoom-pingeborg-ios.app/xamoom-pingeborg-ios";
			};
			name = Release;
		};
/* End XCBuildConfiguration section */

/* Begin XCConfigurationList section */
		88BA01EA1AA859F90091A43C /* Build configuration list for PBXProject "pingeb.org" */ = {
			isa = XCConfigurationList;
			buildConfigurations = (
				88BA02101AA859F90091A43C /* Debug */,
				88BA02111AA859F90091A43C /* Release */,
			);
			defaultConfigurationIsVisible = 0;
			defaultConfigurationName = Release;
		};
		88BA02121AA859F90091A43C /* Build configuration list for PBXNativeTarget "pingeb.org" */ = {
			isa = XCConfigurationList;
			buildConfigurations = (
				88BA02131AA859F90091A43C /* Debug */,
				88BA02141AA859F90091A43C /* Release */,
			);
			defaultConfigurationIsVisible = 0;
			defaultConfigurationName = Release;
		};
		88BA02151AA859F90091A43C /* Build configuration list for PBXNativeTarget "pingeb.orgTests" */ = {
			isa = XCConfigurationList;
			buildConfigurations = (
				88BA02161AA859F90091A43C /* Debug */,
				88BA02171AA859F90091A43C /* Release */,
			);
			defaultConfigurationIsVisible = 0;
			defaultConfigurationName = Release;
		};
/* End XCConfigurationList section */
	};
	rootObject = 88BA01E71AA859F90091A43C /* Project object */;
}
