// !$*UTF8*$!
{
	archiveVersion = 1;
	classes = {
	};
	objectVersion = 46;
	objects = {

/* Begin PBXBuildFile section */
		594E123E6C9FD768422C1CEE /* libPods.a in Frameworks */ = {isa = PBXBuildFile; fileRef = C530CDEFFEDDFCABBEC918B0 /* libPods.a */; };
		88052D7B1AE103C300AB433D /* Globals.m in Sources */ = {isa = PBXBuildFile; fileRef = 88052D7A1AE103C300AB433D /* Globals.m */; };
		881457C11B01E7DE0024E6F4 /* libPods.a in Frameworks */ = {isa = PBXBuildFile; fileRef = 881457C01B01E7DE0024E6F4 /* libPods.a */; };
		881457E71B01E8620024E6F4 /* AudioBlockTableViewCell.m in Sources */ = {isa = PBXBuildFile; fileRef = 881457C51B01E8620024E6F4 /* AudioBlockTableViewCell.m */; };
		881457E81B01E8620024E6F4 /* AudioBlockTableViewCell.xib in Resources */ = {isa = PBXBuildFile; fileRef = 881457C61B01E8620024E6F4 /* AudioBlockTableViewCell.xib */; };
		881457E91B01E8620024E6F4 /* ContentBlockTableViewCell.m in Sources */ = {isa = PBXBuildFile; fileRef = 881457C81B01E8620024E6F4 /* ContentBlockTableViewCell.m */; };
		881457EA1B01E8620024E6F4 /* ContentBlockTableViewCell.xib in Resources */ = {isa = PBXBuildFile; fileRef = 881457C91B01E8620024E6F4 /* ContentBlockTableViewCell.xib */; };
		881457EB1B01E8620024E6F4 /* DownloadBlockTableViewCell.m in Sources */ = {isa = PBXBuildFile; fileRef = 881457CB1B01E8620024E6F4 /* DownloadBlockTableViewCell.m */; };
		881457EC1B01E8620024E6F4 /* DownloadBlockTableViewCell.xib in Resources */ = {isa = PBXBuildFile; fileRef = 881457CC1B01E8620024E6F4 /* DownloadBlockTableViewCell.xib */; };
		881457ED1B01E8620024E6F4 /* EbookBlockTableViewCell.m in Sources */ = {isa = PBXBuildFile; fileRef = 881457CE1B01E8620024E6F4 /* EbookBlockTableViewCell.m */; };
		881457EE1B01E8620024E6F4 /* EbookBlockTableViewCell.xib in Resources */ = {isa = PBXBuildFile; fileRef = 881457CF1B01E8620024E6F4 /* EbookBlockTableViewCell.xib */; };
		881457EF1B01E8620024E6F4 /* ImageBlockTableViewCell.m in Sources */ = {isa = PBXBuildFile; fileRef = 881457D11B01E8620024E6F4 /* ImageBlockTableViewCell.m */; };
		881457F01B01E8620024E6F4 /* ImageBlockTableViewCell.xib in Resources */ = {isa = PBXBuildFile; fileRef = 881457D21B01E8620024E6F4 /* ImageBlockTableViewCell.xib */; };
		881457F11B01E8620024E6F4 /* LinkBlockTableViewCell.m in Sources */ = {isa = PBXBuildFile; fileRef = 881457D41B01E8620024E6F4 /* LinkBlockTableViewCell.m */; };
		881457F21B01E8620024E6F4 /* LinkBlockTableViewCell.xib in Resources */ = {isa = PBXBuildFile; fileRef = 881457D51B01E8620024E6F4 /* LinkBlockTableViewCell.xib */; };
		881457F41B01E8620024E6F4 /* SoundcloudBlockTableViewCell.m in Sources */ = {isa = PBXBuildFile; fileRef = 881457D81B01E8620024E6F4 /* SoundcloudBlockTableViewCell.m */; };
		881457F51B01E8620024E6F4 /* SoundcloudBlockTableViewCell.xib in Resources */ = {isa = PBXBuildFile; fileRef = 881457D91B01E8620024E6F4 /* SoundcloudBlockTableViewCell.xib */; };
		881457F61B01E8620024E6F4 /* SpotMapBlockTableViewCell.m in Sources */ = {isa = PBXBuildFile; fileRef = 881457DB1B01E8620024E6F4 /* SpotMapBlockTableViewCell.m */; };
		881457F71B01E8620024E6F4 /* SpotMapBlockTableViewCell.xib in Resources */ = {isa = PBXBuildFile; fileRef = 881457DC1B01E8620024E6F4 /* SpotMapBlockTableViewCell.xib */; };
		881457F81B01E8620024E6F4 /* TextBlockTableViewCell.m in Sources */ = {isa = PBXBuildFile; fileRef = 881457DE1B01E8620024E6F4 /* TextBlockTableViewCell.m */; };
		881457F91B01E8620024E6F4 /* TextBlockTableViewCell.xib in Resources */ = {isa = PBXBuildFile; fileRef = 881457DF1B01E8620024E6F4 /* TextBlockTableViewCell.xib */; };
		881457FA1B01E8620024E6F4 /* YoutubeBlockTableViewCell.m in Sources */ = {isa = PBXBuildFile; fileRef = 881457E11B01E8620024E6F4 /* YoutubeBlockTableViewCell.m */; };
		881457FB1B01E8620024E6F4 /* YoutubeBlockTableViewCell.xib in Resources */ = {isa = PBXBuildFile; fileRef = 881457E21B01E8620024E6F4 /* YoutubeBlockTableViewCell.xib */; };
		881457FC1B01E8620024E6F4 /* XMMContentBlocks.m in Sources */ = {isa = PBXBuildFile; fileRef = 881457E41B01E8620024E6F4 /* XMMContentBlocks.m */; };
		881457FD1B01E8620024E6F4 /* XMMMusicPlayer.m in Sources */ = {isa = PBXBuildFile; fileRef = 881457E61B01E8620024E6F4 /* XMMMusicPlayer.m */; };
		881458551B01EE8B0024E6F4 /* PingebAnnotation.m in Sources */ = {isa = PBXBuildFile; fileRef = 8814583A1B01EE8B0024E6F4 /* PingebAnnotation.m */; };
		881458561B01EE8B0024E6F4 /* AboutViewController.m in Sources */ = {isa = PBXBuildFile; fileRef = 8814583D1B01EE8B0024E6F4 /* AboutViewController.m */; };
		881458571B01EE8B0024E6F4 /* ArtistDetailViewController.m in Sources */ = {isa = PBXBuildFile; fileRef = 8814583F1B01EE8B0024E6F4 /* ArtistDetailViewController.m */; };
		881458581B01EE8B0024E6F4 /* FeedTableViewController.m in Sources */ = {isa = PBXBuildFile; fileRef = 881458411B01EE8B0024E6F4 /* FeedTableViewController.m */; };
		881458591B01EE8B0024E6F4 /* MapkitViewController.m in Sources */ = {isa = PBXBuildFile; fileRef = 881458431B01EE8B0024E6F4 /* MapkitViewController.m */; };
		8814585B1B01EE8B0024E6F4 /* NavigationViewController.m in Sources */ = {isa = PBXBuildFile; fileRef = 881458481B01EE8B0024E6F4 /* NavigationViewController.m */; };
		8814585C1B01EE8B0024E6F4 /* FeedItemCell.m in Sources */ = {isa = PBXBuildFile; fileRef = 8814584B1B01EE8B0024E6F4 /* FeedItemCell.m */; };
		8814585D1B01EE8B0024E6F4 /* FeedItemCell.xib in Resources */ = {isa = PBXBuildFile; fileRef = 8814584C1B01EE8B0024E6F4 /* FeedItemCell.xib */; };
		8814585E1B01EE8B0024E6F4 /* Main.storyboard in Resources */ = {isa = PBXBuildFile; fileRef = 8814584D1B01EE8B0024E6F4 /* Main.storyboard */; };
		8814585F1B01EE8B0024E6F4 /* PingeborgAnnotationView.m in Sources */ = {isa = PBXBuildFile; fileRef = 8814584F1B01EE8B0024E6F4 /* PingeborgAnnotationView.m */; };
		881458601B01EE8B0024E6F4 /* PingeborgCalloutView.m in Sources */ = {isa = PBXBuildFile; fileRef = 881458511B01EE8B0024E6F4 /* PingeborgCalloutView.m */; };
		881458611B01EE8B0024E6F4 /* PingeborgCalloutView.xib in Resources */ = {isa = PBXBuildFile; fileRef = 881458521B01EE8B0024E6F4 /* PingeborgCalloutView.xib */; };
		88166D151AFCAC0B0012CBA6 /* XMMMusicPlayer.framework in Frameworks */ = {isa = PBXBuildFile; fileRef = 88166D0A1AFCAC0A0012CBA6 /* XMMMusicPlayer.framework */; };
		88166D211AFCAC0B0012CBA6 /* XMMMusicPlayer.framework in Frameworks */ = {isa = PBXBuildFile; fileRef = 88166D0A1AFCAC0A0012CBA6 /* XMMMusicPlayer.framework */; };
		883574801AB1CCF40099DF4A /* QuartzCore.framework in Frameworks */ = {isa = PBXBuildFile; fileRef = 8835747F1AB1CCF40099DF4A /* QuartzCore.framework */; };
		8860DA791AE78CB800DF2239 /* libSVGKit-iOS.1.2.0.a in Frameworks */ = {isa = PBXBuildFile; fileRef = 8860DA771AE78CB800DF2239 /* libSVGKit-iOS.1.2.0.a */; };
		8860DA7A1AE78CB800DF2239 /* usr in Resources */ = {isa = PBXBuildFile; fileRef = 8860DA781AE78CB800DF2239 /* usr */; };
		8860DA7D1AE78D0500DF2239 /* CoreText.framework in Frameworks */ = {isa = PBXBuildFile; fileRef = 8860DA7C1AE78D0500DF2239 /* CoreText.framework */; };
		8860DA7F1AE78D0E00DF2239 /* CoreImage.framework in Frameworks */ = {isa = PBXBuildFile; fileRef = 8860DA7E1AE78D0E00DF2239 /* CoreImage.framework */; };
		8860DA811AE78D2C00DF2239 /* libxml2.dylib in Frameworks */ = {isa = PBXBuildFile; fileRef = 8860DA801AE78D2C00DF2239 /* libxml2.dylib */; };
		8860DA831AE78D3500DF2239 /* CoreGraphics.framework in Frameworks */ = {isa = PBXBuildFile; fileRef = 8860DA821AE78D3500DF2239 /* CoreGraphics.framework */; };
		8860DA851AE78D3B00DF2239 /* UIKit.framework in Frameworks */ = {isa = PBXBuildFile; fileRef = 8860DA841AE78D3B00DF2239 /* UIKit.framework */; };
		887BE0331B53D43000E9D584 /* Localizable.strings in Resources */ = {isa = PBXBuildFile; fileRef = 887BE0351B53D43000E9D584 /* Localizable.strings */; };
		889BE4301B38295E002850D5 /* libGoogleAnalyticsServices.a in Frameworks */ = {isa = PBXBuildFile; fileRef = 889BE42F1B38295E002850D5 /* libGoogleAnalyticsServices.a */; };
		889BE4321B3829A0002850D5 /* CoreData.framework in Frameworks */ = {isa = PBXBuildFile; fileRef = 889BE4311B3829A0002850D5 /* CoreData.framework */; };
		889BE4341B3829B1002850D5 /* SystemConfiguration.framework in Frameworks */ = {isa = PBXBuildFile; fileRef = 889BE4331B3829B1002850D5 /* SystemConfiguration.framework */; };
		889BE4361B3829BF002850D5 /* libz.dylib in Frameworks */ = {isa = PBXBuildFile; fileRef = 889BE4351B3829BF002850D5 /* libz.dylib */; };
		889BE4381B3829CA002850D5 /* libsqlite3.dylib in Frameworks */ = {isa = PBXBuildFile; fileRef = 889BE4371B3829CA002850D5 /* libsqlite3.dylib */; };
		889BE43E1B3854C5002850D5 /* MainTabBarController.m in Sources */ = {isa = PBXBuildFile; fileRef = 889BE43D1B3854C5002850D5 /* MainTabBarController.m */; };
		88A62C4F1AD55F2C00EAD4C3 /* AVFoundation.framework in Frameworks */ = {isa = PBXBuildFile; fileRef = 88A62C4E1AD55F2C00EAD4C3 /* AVFoundation.framework */; };
		88A62C531AD561DB00EAD4C3 /* MediaPlayer.framework in Frameworks */ = {isa = PBXBuildFile; fileRef = 88A62C521AD561DB00EAD4C3 /* MediaPlayer.framework */; };
		88BA01F51AA859F90091A43C /* main.m in Sources */ = {isa = PBXBuildFile; fileRef = 88BA01F41AA859F90091A43C /* main.m */; };
		88BA01F81AA859F90091A43C /* AppDelegate.m in Sources */ = {isa = PBXBuildFile; fileRef = 88BA01F71AA859F90091A43C /* AppDelegate.m */; };
		88BA02031AA859F90091A43C /* LaunchScreen.xib in Resources */ = {isa = PBXBuildFile; fileRef = 88BA02011AA859F90091A43C /* LaunchScreen.xib */; };
		88BA020F1AA859F90091A43C /* xamoom_pingeborg_iosTests.m in Sources */ = {isa = PBXBuildFile; fileRef = 88BA020E1AA859F90091A43C /* xamoom_pingeborg_iosTests.m */; };
		88CBAEE11AA9EC9E000E480A /* MapKit.framework in Frameworks */ = {isa = PBXBuildFile; fileRef = 88CBAEE01AA9EC9E000E480A /* MapKit.framework */; };
		88DB74DC1B0217DA0064EE7E /* ScanResultViewController.m in Sources */ = {isa = PBXBuildFile; fileRef = 88DB74DB1B0217DA0064EE7E /* ScanResultViewController.m */; };
		88E2FAEA1AF74D5800917AFB /* UIImage+animatedGIF.m in Sources */ = {isa = PBXBuildFile; fileRef = 88E2FAE91AF74D5800917AFB /* UIImage+animatedGIF.m */; };
		88EB481C1B56390D00A6C63F /* apikey.txt in Resources */ = {isa = PBXBuildFile; fileRef = 88EB481B1B56390D00A6C63F /* apikey.txt */; };
		88EB481D1B563C8700A6C63F /* Images.xcassets in Resources */ = {isa = PBXBuildFile; fileRef = 88BA01FF1AA859F90091A43C /* Images.xcassets */; };
		88F038471B0E0D1200E17573 /* XMMImageUtility.m in Sources */ = {isa = PBXBuildFile; fileRef = 88F038461B0E0D1200E17573 /* XMMImageUtility.m */; };
		88F1E92F1B15A95500C60504 /* XMMMusicPlayer.framework in CopyFiles */ = {isa = PBXBuildFile; fileRef = 88166D0A1AFCAC0A0012CBA6 /* XMMMusicPlayer.framework */; settings = {ATTRIBUTES = (CodeSignOnCopy, RemoveHeadersOnCopy, ); }; };
/* End PBXBuildFile section */

/* Begin PBXContainerItemProxy section */
		88166D161AFCAC0B0012CBA6 /* PBXContainerItemProxy */ = {
			isa = PBXContainerItemProxy;
			containerPortal = 88BA01E71AA859F90091A43C /* Project object */;
			proxyType = 1;
			remoteGlobalIDString = 88166D091AFCAC0A0012CBA6;
			remoteInfo = XMMMusicPlayer;
		};
		88166D181AFCAC0B0012CBA6 /* PBXContainerItemProxy */ = {
			isa = PBXContainerItemProxy;
			containerPortal = 88BA01E71AA859F90091A43C /* Project object */;
			proxyType = 1;
			remoteGlobalIDString = 88BA01EE1AA859F90091A43C;
			remoteInfo = "xamoom-pingeborg-ios";
		};
		88BA02091AA859F90091A43C /* PBXContainerItemProxy */ = {
			isa = PBXContainerItemProxy;
			containerPortal = 88BA01E71AA859F90091A43C /* Project object */;
			proxyType = 1;
			remoteGlobalIDString = 88BA01EE1AA859F90091A43C;
			remoteInfo = "xamoom-pingeborg-ios";
		};
/* End PBXContainerItemProxy section */

/* Begin PBXCopyFilesBuildPhase section */
		88F1E92E1B15A94800C60504 /* CopyFiles */ = {
			isa = PBXCopyFilesBuildPhase;
			buildActionMask = 2147483647;
			dstPath = "";
			dstSubfolderSpec = 10;
			files = (
				88F1E92F1B15A95500C60504 /* XMMMusicPlayer.framework in CopyFiles */,
			);
			runOnlyForDeploymentPostprocessing = 0;
		};
/* End PBXCopyFilesBuildPhase section */

/* Begin PBXFileReference section */
		081CE084B2E648F4E71D7D2A /* Pods.debug.xcconfig */ = {isa = PBXFileReference; includeInIndex = 1; lastKnownFileType = text.xcconfig; name = Pods.debug.xcconfig; path = "Pods/Target Support Files/Pods/Pods.debug.xcconfig"; sourceTree = "<group>"; };
		48251170F65DFEEAACD48338 /* Pods.release.xcconfig */ = {isa = PBXFileReference; includeInIndex = 1; lastKnownFileType = text.xcconfig; name = Pods.release.xcconfig; path = "Pods/Target Support Files/Pods/Pods.release.xcconfig"; sourceTree = "<group>"; };
		88052D791AE103C300AB433D /* Globals.h */ = {isa = PBXFileReference; fileEncoding = 4; lastKnownFileType = sourcecode.c.h; path = Globals.h; sourceTree = "<group>"; };
		88052D7A1AE103C300AB433D /* Globals.m */ = {isa = PBXFileReference; fileEncoding = 4; lastKnownFileType = sourcecode.c.objc; path = Globals.m; sourceTree = "<group>"; };
		881457BE1B01E7CF0024E6F4 /* libPods-AFNetworking.a */ = {isa = PBXFileReference; lastKnownFileType = archive.ar; name = "libPods-AFNetworking.a"; path = "Pods/build/Debug-iphoneos/libPods-AFNetworking.a"; sourceTree = "<group>"; };
		881457C01B01E7DE0024E6F4 /* libPods.a */ = {isa = PBXFileReference; lastKnownFileType = archive.ar; name = libPods.a; path = "Pods/build/Debug-iphoneos/libPods.a"; sourceTree = "<group>"; };
		881457C41B01E8620024E6F4 /* AudioBlockTableViewCell.h */ = {isa = PBXFileReference; fileEncoding = 4; lastKnownFileType = sourcecode.c.h; path = AudioBlockTableViewCell.h; sourceTree = "<group>"; };
		881457C51B01E8620024E6F4 /* AudioBlockTableViewCell.m */ = {isa = PBXFileReference; fileEncoding = 4; lastKnownFileType = sourcecode.c.objc; path = AudioBlockTableViewCell.m; sourceTree = "<group>"; };
		881457C61B01E8620024E6F4 /* AudioBlockTableViewCell.xib */ = {isa = PBXFileReference; fileEncoding = 4; lastKnownFileType = file.xib; path = AudioBlockTableViewCell.xib; sourceTree = "<group>"; };
		881457C71B01E8620024E6F4 /* ContentBlockTableViewCell.h */ = {isa = PBXFileReference; fileEncoding = 4; lastKnownFileType = sourcecode.c.h; path = ContentBlockTableViewCell.h; sourceTree = "<group>"; };
		881457C81B01E8620024E6F4 /* ContentBlockTableViewCell.m */ = {isa = PBXFileReference; fileEncoding = 4; lastKnownFileType = sourcecode.c.objc; path = ContentBlockTableViewCell.m; sourceTree = "<group>"; };
		881457C91B01E8620024E6F4 /* ContentBlockTableViewCell.xib */ = {isa = PBXFileReference; fileEncoding = 4; lastKnownFileType = file.xib; path = ContentBlockTableViewCell.xib; sourceTree = "<group>"; };
		881457CA1B01E8620024E6F4 /* DownloadBlockTableViewCell.h */ = {isa = PBXFileReference; fileEncoding = 4; lastKnownFileType = sourcecode.c.h; path = DownloadBlockTableViewCell.h; sourceTree = "<group>"; };
		881457CB1B01E8620024E6F4 /* DownloadBlockTableViewCell.m */ = {isa = PBXFileReference; fileEncoding = 4; lastKnownFileType = sourcecode.c.objc; path = DownloadBlockTableViewCell.m; sourceTree = "<group>"; };
		881457CC1B01E8620024E6F4 /* DownloadBlockTableViewCell.xib */ = {isa = PBXFileReference; fileEncoding = 4; lastKnownFileType = file.xib; path = DownloadBlockTableViewCell.xib; sourceTree = "<group>"; };
		881457CD1B01E8620024E6F4 /* EbookBlockTableViewCell.h */ = {isa = PBXFileReference; fileEncoding = 4; lastKnownFileType = sourcecode.c.h; path = EbookBlockTableViewCell.h; sourceTree = "<group>"; };
		881457CE1B01E8620024E6F4 /* EbookBlockTableViewCell.m */ = {isa = PBXFileReference; fileEncoding = 4; lastKnownFileType = sourcecode.c.objc; path = EbookBlockTableViewCell.m; sourceTree = "<group>"; };
		881457CF1B01E8620024E6F4 /* EbookBlockTableViewCell.xib */ = {isa = PBXFileReference; fileEncoding = 4; lastKnownFileType = file.xib; path = EbookBlockTableViewCell.xib; sourceTree = "<group>"; };
		881457D01B01E8620024E6F4 /* ImageBlockTableViewCell.h */ = {isa = PBXFileReference; fileEncoding = 4; lastKnownFileType = sourcecode.c.h; path = ImageBlockTableViewCell.h; sourceTree = "<group>"; };
		881457D11B01E8620024E6F4 /* ImageBlockTableViewCell.m */ = {isa = PBXFileReference; fileEncoding = 4; lastKnownFileType = sourcecode.c.objc; path = ImageBlockTableViewCell.m; sourceTree = "<group>"; };
		881457D21B01E8620024E6F4 /* ImageBlockTableViewCell.xib */ = {isa = PBXFileReference; fileEncoding = 4; lastKnownFileType = file.xib; path = ImageBlockTableViewCell.xib; sourceTree = "<group>"; };
		881457D31B01E8620024E6F4 /* LinkBlockTableViewCell.h */ = {isa = PBXFileReference; fileEncoding = 4; lastKnownFileType = sourcecode.c.h; path = LinkBlockTableViewCell.h; sourceTree = "<group>"; };
		881457D41B01E8620024E6F4 /* LinkBlockTableViewCell.m */ = {isa = PBXFileReference; fileEncoding = 4; lastKnownFileType = sourcecode.c.objc; path = LinkBlockTableViewCell.m; sourceTree = "<group>"; };
		881457D51B01E8620024E6F4 /* LinkBlockTableViewCell.xib */ = {isa = PBXFileReference; fileEncoding = 4; lastKnownFileType = file.xib; path = LinkBlockTableViewCell.xib; sourceTree = "<group>"; };
		881457D71B01E8620024E6F4 /* SoundcloudBlockTableViewCell.h */ = {isa = PBXFileReference; fileEncoding = 4; lastKnownFileType = sourcecode.c.h; path = SoundcloudBlockTableViewCell.h; sourceTree = "<group>"; };
		881457D81B01E8620024E6F4 /* SoundcloudBlockTableViewCell.m */ = {isa = PBXFileReference; fileEncoding = 4; lastKnownFileType = sourcecode.c.objc; path = SoundcloudBlockTableViewCell.m; sourceTree = "<group>"; };
		881457D91B01E8620024E6F4 /* SoundcloudBlockTableViewCell.xib */ = {isa = PBXFileReference; fileEncoding = 4; lastKnownFileType = file.xib; path = SoundcloudBlockTableViewCell.xib; sourceTree = "<group>"; };
		881457DA1B01E8620024E6F4 /* SpotMapBlockTableViewCell.h */ = {isa = PBXFileReference; fileEncoding = 4; lastKnownFileType = sourcecode.c.h; path = SpotMapBlockTableViewCell.h; sourceTree = "<group>"; };
		881457DB1B01E8620024E6F4 /* SpotMapBlockTableViewCell.m */ = {isa = PBXFileReference; fileEncoding = 4; lastKnownFileType = sourcecode.c.objc; path = SpotMapBlockTableViewCell.m; sourceTree = "<group>"; };
		881457DC1B01E8620024E6F4 /* SpotMapBlockTableViewCell.xib */ = {isa = PBXFileReference; fileEncoding = 4; lastKnownFileType = file.xib; path = SpotMapBlockTableViewCell.xib; sourceTree = "<group>"; };
		881457DD1B01E8620024E6F4 /* TextBlockTableViewCell.h */ = {isa = PBXFileReference; fileEncoding = 4; lastKnownFileType = sourcecode.c.h; path = TextBlockTableViewCell.h; sourceTree = "<group>"; };
		881457DE1B01E8620024E6F4 /* TextBlockTableViewCell.m */ = {isa = PBXFileReference; fileEncoding = 4; lastKnownFileType = sourcecode.c.objc; path = TextBlockTableViewCell.m; sourceTree = "<group>"; };
		881457DF1B01E8620024E6F4 /* TextBlockTableViewCell.xib */ = {isa = PBXFileReference; fileEncoding = 4; lastKnownFileType = file.xib; path = TextBlockTableViewCell.xib; sourceTree = "<group>"; };
		881457E01B01E8620024E6F4 /* YoutubeBlockTableViewCell.h */ = {isa = PBXFileReference; fileEncoding = 4; lastKnownFileType = sourcecode.c.h; path = YoutubeBlockTableViewCell.h; sourceTree = "<group>"; };
		881457E11B01E8620024E6F4 /* YoutubeBlockTableViewCell.m */ = {isa = PBXFileReference; fileEncoding = 4; lastKnownFileType = sourcecode.c.objc; path = YoutubeBlockTableViewCell.m; sourceTree = "<group>"; };
		881457E21B01E8620024E6F4 /* YoutubeBlockTableViewCell.xib */ = {isa = PBXFileReference; fileEncoding = 4; lastKnownFileType = file.xib; path = YoutubeBlockTableViewCell.xib; sourceTree = "<group>"; };
		881457E31B01E8620024E6F4 /* XMMContentBlocks.h */ = {isa = PBXFileReference; fileEncoding = 4; lastKnownFileType = sourcecode.c.h; path = XMMContentBlocks.h; sourceTree = "<group>"; };
		881457E41B01E8620024E6F4 /* XMMContentBlocks.m */ = {isa = PBXFileReference; fileEncoding = 4; lastKnownFileType = sourcecode.c.objc; path = XMMContentBlocks.m; sourceTree = "<group>"; };
		881457E51B01E8620024E6F4 /* XMMMusicPlayer.h */ = {isa = PBXFileReference; fileEncoding = 4; lastKnownFileType = sourcecode.c.h; path = XMMMusicPlayer.h; sourceTree = "<group>"; };
		881457E61B01E8620024E6F4 /* XMMMusicPlayer.m */ = {isa = PBXFileReference; fileEncoding = 4; lastKnownFileType = sourcecode.c.objc; path = XMMMusicPlayer.m; sourceTree = "<group>"; };
		881458391B01EE8B0024E6F4 /* PingebAnnotation.h */ = {isa = PBXFileReference; fileEncoding = 4; lastKnownFileType = sourcecode.c.h; path = PingebAnnotation.h; sourceTree = "<group>"; };
		8814583A1B01EE8B0024E6F4 /* PingebAnnotation.m */ = {isa = PBXFileReference; fileEncoding = 4; lastKnownFileType = sourcecode.c.objc; path = PingebAnnotation.m; sourceTree = "<group>"; };
		8814583C1B01EE8B0024E6F4 /* AboutViewController.h */ = {isa = PBXFileReference; fileEncoding = 4; lastKnownFileType = sourcecode.c.h; path = AboutViewController.h; sourceTree = "<group>"; };
		8814583D1B01EE8B0024E6F4 /* AboutViewController.m */ = {isa = PBXFileReference; fileEncoding = 4; lastKnownFileType = sourcecode.c.objc; path = AboutViewController.m; sourceTree = "<group>"; };
		8814583E1B01EE8B0024E6F4 /* ArtistDetailViewController.h */ = {isa = PBXFileReference; fileEncoding = 4; lastKnownFileType = sourcecode.c.h; path = ArtistDetailViewController.h; sourceTree = "<group>"; };
		8814583F1B01EE8B0024E6F4 /* ArtistDetailViewController.m */ = {isa = PBXFileReference; fileEncoding = 4; lastKnownFileType = sourcecode.c.objc; path = ArtistDetailViewController.m; sourceTree = "<group>"; };
		881458401B01EE8B0024E6F4 /* FeedTableViewController.h */ = {isa = PBXFileReference; fileEncoding = 4; lastKnownFileType = sourcecode.c.h; path = FeedTableViewController.h; sourceTree = "<group>"; };
		881458411B01EE8B0024E6F4 /* FeedTableViewController.m */ = {isa = PBXFileReference; fileEncoding = 4; lastKnownFileType = sourcecode.c.objc; path = FeedTableViewController.m; sourceTree = "<group>"; };
		881458421B01EE8B0024E6F4 /* MapkitViewController.h */ = {isa = PBXFileReference; fileEncoding = 4; lastKnownFileType = sourcecode.c.h; path = MapkitViewController.h; sourceTree = "<group>"; };
		881458431B01EE8B0024E6F4 /* MapkitViewController.m */ = {isa = PBXFileReference; fileEncoding = 4; lastKnownFileType = sourcecode.c.objc; path = MapkitViewController.m; sourceTree = "<group>"; };
		881458451B01EE8B0024E6F4 /* MainTabBarController.h */ = {isa = PBXFileReference; fileEncoding = 4; lastKnownFileType = sourcecode.c.h; path = MainTabBarController.h; sourceTree = "<group>"; };
		881458471B01EE8B0024E6F4 /* NavigationViewController.h */ = {isa = PBXFileReference; fileEncoding = 4; lastKnownFileType = sourcecode.c.h; path = NavigationViewController.h; sourceTree = "<group>"; };
		881458481B01EE8B0024E6F4 /* NavigationViewController.m */ = {isa = PBXFileReference; fileEncoding = 4; lastKnownFileType = sourcecode.c.objc; path = NavigationViewController.m; sourceTree = "<group>"; };
		8814584A1B01EE8B0024E6F4 /* FeedItemCell.h */ = {isa = PBXFileReference; fileEncoding = 4; lastKnownFileType = sourcecode.c.h; path = FeedItemCell.h; sourceTree = "<group>"; };
		8814584B1B01EE8B0024E6F4 /* FeedItemCell.m */ = {isa = PBXFileReference; fileEncoding = 4; lastKnownFileType = sourcecode.c.objc; path = FeedItemCell.m; sourceTree = "<group>"; };
		8814584C1B01EE8B0024E6F4 /* FeedItemCell.xib */ = {isa = PBXFileReference; fileEncoding = 4; lastKnownFileType = file.xib; path = FeedItemCell.xib; sourceTree = "<group>"; };
		8814584D1B01EE8B0024E6F4 /* Main.storyboard */ = {isa = PBXFileReference; fileEncoding = 4; lastKnownFileType = file.storyboard; path = Main.storyboard; sourceTree = "<group>"; };
		8814584E1B01EE8B0024E6F4 /* PingeborgAnnotationView.h */ = {isa = PBXFileReference; fileEncoding = 4; lastKnownFileType = sourcecode.c.h; path = PingeborgAnnotationView.h; sourceTree = "<group>"; };
		8814584F1B01EE8B0024E6F4 /* PingeborgAnnotationView.m */ = {isa = PBXFileReference; fileEncoding = 4; lastKnownFileType = sourcecode.c.objc; path = PingeborgAnnotationView.m; sourceTree = "<group>"; };
		881458501B01EE8B0024E6F4 /* PingeborgCalloutView.h */ = {isa = PBXFileReference; fileEncoding = 4; lastKnownFileType = sourcecode.c.h; path = PingeborgCalloutView.h; sourceTree = "<group>"; };
		881458511B01EE8B0024E6F4 /* PingeborgCalloutView.m */ = {isa = PBXFileReference; fileEncoding = 4; lastKnownFileType = sourcecode.c.objc; path = PingeborgCalloutView.m; sourceTree = "<group>"; };
		881458521B01EE8B0024E6F4 /* PingeborgCalloutView.xib */ = {isa = PBXFileReference; fileEncoding = 4; lastKnownFileType = file.xib; path = PingeborgCalloutView.xib; sourceTree = "<group>"; };
		88166D0A1AFCAC0A0012CBA6 /* XMMMusicPlayer.framework */ = {isa = PBXFileReference; explicitFileType = wrapper.framework; includeInIndex = 0; path = XMMMusicPlayer.framework; sourceTree = BUILT_PRODUCTS_DIR; };
		88166D141AFCAC0B0012CBA6 /* XMMMusicPlayerTests.xctest */ = {isa = PBXFileReference; explicitFileType = wrapper.cfbundle; includeInIndex = 0; path = XMMMusicPlayerTests.xctest; sourceTree = BUILT_PRODUCTS_DIR; };
		8835747F1AB1CCF40099DF4A /* QuartzCore.framework */ = {isa = PBXFileReference; lastKnownFileType = wrapper.framework; name = QuartzCore.framework; path = System/Library/Frameworks/QuartzCore.framework; sourceTree = SDKROOT; };
		8860DA771AE78CB800DF2239 /* libSVGKit-iOS.1.2.0.a */ = {isa = PBXFileReference; lastKnownFileType = archive.ar; path = "libSVGKit-iOS.1.2.0.a"; sourceTree = "<group>"; };
		8860DA781AE78CB800DF2239 /* usr */ = {isa = PBXFileReference; lastKnownFileType = folder; path = usr; sourceTree = "<group>"; };
		8860DA7C1AE78D0500DF2239 /* CoreText.framework */ = {isa = PBXFileReference; lastKnownFileType = wrapper.framework; name = CoreText.framework; path = System/Library/Frameworks/CoreText.framework; sourceTree = SDKROOT; };
		8860DA7E1AE78D0E00DF2239 /* CoreImage.framework */ = {isa = PBXFileReference; lastKnownFileType = wrapper.framework; name = CoreImage.framework; path = System/Library/Frameworks/CoreImage.framework; sourceTree = SDKROOT; };
		8860DA801AE78D2C00DF2239 /* libxml2.dylib */ = {isa = PBXFileReference; lastKnownFileType = "compiled.mach-o.dylib"; name = libxml2.dylib; path = usr/lib/libxml2.dylib; sourceTree = SDKROOT; };
		8860DA821AE78D3500DF2239 /* CoreGraphics.framework */ = {isa = PBXFileReference; lastKnownFileType = wrapper.framework; name = CoreGraphics.framework; path = System/Library/Frameworks/CoreGraphics.framework; sourceTree = SDKROOT; };
		8860DA841AE78D3B00DF2239 /* UIKit.framework */ = {isa = PBXFileReference; lastKnownFileType = wrapper.framework; name = UIKit.framework; path = System/Library/Frameworks/UIKit.framework; sourceTree = SDKROOT; };
		887BE0321B53D40200E9D584 /* de */ = {isa = PBXFileReference; lastKnownFileType = text.plist.strings; name = de; path = de.lproj/LaunchScreen.strings; sourceTree = "<group>"; };
		887BE0341B53D43000E9D584 /* en */ = {isa = PBXFileReference; lastKnownFileType = text.plist.strings; name = en; path = en.lproj/Localizable.strings; sourceTree = "<group>"; };
		887BE0361B53D44700E9D584 /* de */ = {isa = PBXFileReference; lastKnownFileType = text.plist.strings; name = de; path = de.lproj/Localizable.strings; sourceTree = "<group>"; };
		889BE4241B38290D002850D5 /* GAI.h */ = {isa = PBXFileReference; fileEncoding = 4; lastKnownFileType = sourcecode.c.h; path = GAI.h; sourceTree = "<group>"; };
		889BE4251B38290D002850D5 /* GAIDictionaryBuilder.h */ = {isa = PBXFileReference; fileEncoding = 4; lastKnownFileType = sourcecode.c.h; path = GAIDictionaryBuilder.h; sourceTree = "<group>"; };
		889BE42A1B38290D002850D5 /* GAIFields.h */ = {isa = PBXFileReference; fileEncoding = 4; lastKnownFileType = sourcecode.c.h; path = GAIFields.h; sourceTree = "<group>"; };
		889BE42B1B38290D002850D5 /* GAILogger.h */ = {isa = PBXFileReference; fileEncoding = 4; lastKnownFileType = sourcecode.c.h; path = GAILogger.h; sourceTree = "<group>"; };
		889BE42C1B38290D002850D5 /* GAITrackedViewController.h */ = {isa = PBXFileReference; fileEncoding = 4; lastKnownFileType = sourcecode.c.h; path = GAITrackedViewController.h; sourceTree = "<group>"; };
		889BE42D1B38290D002850D5 /* GAITracker.h */ = {isa = PBXFileReference; fileEncoding = 4; lastKnownFileType = sourcecode.c.h; path = GAITracker.h; sourceTree = "<group>"; };
		889BE42F1B38295E002850D5 /* libGoogleAnalyticsServices.a */ = {isa = PBXFileReference; lastKnownFileType = archive.ar; path = libGoogleAnalyticsServices.a; sourceTree = "<group>"; };
		889BE4311B3829A0002850D5 /* CoreData.framework */ = {isa = PBXFileReference; lastKnownFileType = wrapper.framework; name = CoreData.framework; path = System/Library/Frameworks/CoreData.framework; sourceTree = SDKROOT; };
		889BE4331B3829B1002850D5 /* SystemConfiguration.framework */ = {isa = PBXFileReference; lastKnownFileType = wrapper.framework; name = SystemConfiguration.framework; path = System/Library/Frameworks/SystemConfiguration.framework; sourceTree = SDKROOT; };
		889BE4351B3829BF002850D5 /* libz.dylib */ = {isa = PBXFileReference; lastKnownFileType = "compiled.mach-o.dylib"; name = libz.dylib; path = usr/lib/libz.dylib; sourceTree = SDKROOT; };
		889BE4371B3829CA002850D5 /* libsqlite3.dylib */ = {isa = PBXFileReference; lastKnownFileType = "compiled.mach-o.dylib"; name = libsqlite3.dylib; path = usr/lib/libsqlite3.dylib; sourceTree = SDKROOT; };
		889BE4391B382C8D002850D5 /* GAIEcommerceFields.h */ = {isa = PBXFileReference; fileEncoding = 4; lastKnownFileType = sourcecode.c.h; path = GAIEcommerceFields.h; sourceTree = "<group>"; };
		889BE43A1B382C8D002850D5 /* GAIEcommerceProduct.h */ = {isa = PBXFileReference; fileEncoding = 4; lastKnownFileType = sourcecode.c.h; path = GAIEcommerceProduct.h; sourceTree = "<group>"; };
		889BE43B1B382C8D002850D5 /* GAIEcommerceProductAction.h */ = {isa = PBXFileReference; fileEncoding = 4; lastKnownFileType = sourcecode.c.h; path = GAIEcommerceProductAction.h; sourceTree = "<group>"; };
		889BE43C1B382C8D002850D5 /* GAIEcommercePromotion.h */ = {isa = PBXFileReference; fileEncoding = 4; lastKnownFileType = sourcecode.c.h; path = GAIEcommercePromotion.h; sourceTree = "<group>"; };
		889BE43D1B3854C5002850D5 /* MainTabBarController.m */ = {isa = PBXFileReference; fileEncoding = 4; lastKnownFileType = sourcecode.c.objc; name = MainTabBarController.m; path = "xamoom-pingeborg-ios/viewControllers/navigation/MainTabBarController.m"; sourceTree = SOURCE_ROOT; };
		88A62C4E1AD55F2C00EAD4C3 /* AVFoundation.framework */ = {isa = PBXFileReference; lastKnownFileType = wrapper.framework; name = AVFoundation.framework; path = System/Library/Frameworks/AVFoundation.framework; sourceTree = SDKROOT; };
		88A62C521AD561DB00EAD4C3 /* MediaPlayer.framework */ = {isa = PBXFileReference; lastKnownFileType = wrapper.framework; name = MediaPlayer.framework; path = System/Library/Frameworks/MediaPlayer.framework; sourceTree = SDKROOT; };
		88BA01EF1AA859F90091A43C /* pingeb.org.app */ = {isa = PBXFileReference; explicitFileType = wrapper.application; includeInIndex = 0; path = pingeb.org.app; sourceTree = BUILT_PRODUCTS_DIR; };
		88BA01F31AA859F90091A43C /* Info.plist */ = {isa = PBXFileReference; lastKnownFileType = text.plist.xml; path = Info.plist; sourceTree = "<group>"; };
		88BA01F41AA859F90091A43C /* main.m */ = {isa = PBXFileReference; lastKnownFileType = sourcecode.c.objc; path = main.m; sourceTree = "<group>"; };
		88BA01F61AA859F90091A43C /* AppDelegate.h */ = {isa = PBXFileReference; lastKnownFileType = sourcecode.c.h; path = AppDelegate.h; sourceTree = "<group>"; };
		88BA01F71AA859F90091A43C /* AppDelegate.m */ = {isa = PBXFileReference; lastKnownFileType = sourcecode.c.objc; path = AppDelegate.m; sourceTree = "<group>"; };
		88BA01FF1AA859F90091A43C /* Images.xcassets */ = {isa = PBXFileReference; lastKnownFileType = folder.assetcatalog; path = Images.xcassets; sourceTree = "<group>"; };
		88BA02021AA859F90091A43C /* Base */ = {isa = PBXFileReference; lastKnownFileType = file.xib; name = Base; path = Base.lproj/LaunchScreen.xib; sourceTree = "<group>"; };
		88BA02081AA859F90091A43C /* pingeb.orgTests.xctest */ = {isa = PBXFileReference; explicitFileType = wrapper.cfbundle; includeInIndex = 0; path = pingeb.orgTests.xctest; sourceTree = BUILT_PRODUCTS_DIR; };
		88BA020D1AA859F90091A43C /* Info.plist */ = {isa = PBXFileReference; lastKnownFileType = text.plist.xml; path = Info.plist; sourceTree = "<group>"; };
		88BA020E1AA859F90091A43C /* xamoom_pingeborg_iosTests.m */ = {isa = PBXFileReference; lastKnownFileType = sourcecode.c.objc; path = xamoom_pingeborg_iosTests.m; sourceTree = "<group>"; };
		88CBAEE01AA9EC9E000E480A /* MapKit.framework */ = {isa = PBXFileReference; lastKnownFileType = wrapper.framework; name = MapKit.framework; path = System/Library/Frameworks/MapKit.framework; sourceTree = SDKROOT; };
		88DB74DA1B0217DA0064EE7E /* ScanResultViewController.h */ = {isa = PBXFileReference; fileEncoding = 4; lastKnownFileType = sourcecode.c.h; path = ScanResultViewController.h; sourceTree = "<group>"; };
		88DB74DB1B0217DA0064EE7E /* ScanResultViewController.m */ = {isa = PBXFileReference; fileEncoding = 4; lastKnownFileType = sourcecode.c.objc; path = ScanResultViewController.m; sourceTree = "<group>"; };
		88E243191B14505000E9E208 /* pingeb.org-Prefix.pch */ = {isa = PBXFileReference; fileEncoding = 4; lastKnownFileType = sourcecode.c.h; path = "pingeb.org-Prefix.pch"; sourceTree = SOURCE_ROOT; };
		88E2FAE81AF74D5800917AFB /* UIImage+animatedGIF.h */ = {isa = PBXFileReference; fileEncoding = 4; lastKnownFileType = sourcecode.c.h; path = "UIImage+animatedGIF.h"; sourceTree = "<group>"; };
		88E2FAE91AF74D5800917AFB /* UIImage+animatedGIF.m */ = {isa = PBXFileReference; fileEncoding = 4; lastKnownFileType = sourcecode.c.objc; path = "UIImage+animatedGIF.m"; sourceTree = "<group>"; };
		88EB481B1B56390D00A6C63F /* apikey.txt */ = {isa = PBXFileReference; fileEncoding = 4; lastKnownFileType = text; path = apikey.txt; sourceTree = "<group>"; };
		88F038451B0E0D1200E17573 /* XMMImageUtility.h */ = {isa = PBXFileReference; fileEncoding = 4; lastKnownFileType = sourcecode.c.h; path = XMMImageUtility.h; sourceTree = "<group>"; };
		88F038461B0E0D1200E17573 /* XMMImageUtility.m */ = {isa = PBXFileReference; fileEncoding = 4; lastKnownFileType = sourcecode.c.objc; path = XMMImageUtility.m; sourceTree = "<group>"; };
		C530CDEFFEDDFCABBEC918B0 /* libPods.a */ = {isa = PBXFileReference; explicitFileType = archive.ar; includeInIndex = 0; path = libPods.a; sourceTree = BUILT_PRODUCTS_DIR; };
/* End PBXFileReference section */

/* Begin PBXFrameworksBuildPhase section */
		88166D061AFCAC0A0012CBA6 /* Frameworks */ = {
			isa = PBXFrameworksBuildPhase;
			buildActionMask = 2147483647;
			files = (
				881457C11B01E7DE0024E6F4 /* libPods.a in Frameworks */,
			);
			runOnlyForDeploymentPostprocessing = 0;
		};
		88166D111AFCAC0B0012CBA6 /* Frameworks */ = {
			isa = PBXFrameworksBuildPhase;
			buildActionMask = 2147483647;
			files = (
				88166D151AFCAC0B0012CBA6 /* XMMMusicPlayer.framework in Frameworks */,
			);
			runOnlyForDeploymentPostprocessing = 0;
		};
		88BA01EC1AA859F90091A43C /* Frameworks */ = {
			isa = PBXFrameworksBuildPhase;
			buildActionMask = 2147483647;
			files = (
				889BE4381B3829CA002850D5 /* libsqlite3.dylib in Frameworks */,
				889BE4361B3829BF002850D5 /* libz.dylib in Frameworks */,
				889BE4341B3829B1002850D5 /* SystemConfiguration.framework in Frameworks */,
				889BE4321B3829A0002850D5 /* CoreData.framework in Frameworks */,
				889BE4301B38295E002850D5 /* libGoogleAnalyticsServices.a in Frameworks */,
				8860DA851AE78D3B00DF2239 /* UIKit.framework in Frameworks */,
				8860DA831AE78D3500DF2239 /* CoreGraphics.framework in Frameworks */,
				8860DA811AE78D2C00DF2239 /* libxml2.dylib in Frameworks */,
				8860DA7F1AE78D0E00DF2239 /* CoreImage.framework in Frameworks */,
				8860DA7D1AE78D0500DF2239 /* CoreText.framework in Frameworks */,
				88A62C531AD561DB00EAD4C3 /* MediaPlayer.framework in Frameworks */,
				88A62C4F1AD55F2C00EAD4C3 /* AVFoundation.framework in Frameworks */,
				883574801AB1CCF40099DF4A /* QuartzCore.framework in Frameworks */,
				88166D211AFCAC0B0012CBA6 /* XMMMusicPlayer.framework in Frameworks */,
				88CBAEE11AA9EC9E000E480A /* MapKit.framework in Frameworks */,
				8860DA791AE78CB800DF2239 /* libSVGKit-iOS.1.2.0.a in Frameworks */,
				594E123E6C9FD768422C1CEE /* libPods.a in Frameworks */,
			);
			runOnlyForDeploymentPostprocessing = 0;
		};
		88BA02051AA859F90091A43C /* Frameworks */ = {
			isa = PBXFrameworksBuildPhase;
			buildActionMask = 2147483647;
			files = (
			);
			runOnlyForDeploymentPostprocessing = 0;
		};
/* End PBXFrameworksBuildPhase section */

/* Begin PBXGroup section */
		881457C21B01E8620024E6F4 /* XMMContentBlocks */ = {
			isa = PBXGroup;
			children = (
				881457C31B01E8620024E6F4 /* Blocks */,
				881457E31B01E8620024E6F4 /* XMMContentBlocks.h */,
				881457E41B01E8620024E6F4 /* XMMContentBlocks.m */,
				881457E51B01E8620024E6F4 /* XMMMusicPlayer.h */,
				881457E61B01E8620024E6F4 /* XMMMusicPlayer.m */,
			);
			name = XMMContentBlocks;
			path = ContentBlocks;
			sourceTree = "<group>";
		};
		881457C31B01E8620024E6F4 /* Blocks */ = {
			isa = PBXGroup;
			children = (
				881457C41B01E8620024E6F4 /* AudioBlockTableViewCell.h */,
				881457C51B01E8620024E6F4 /* AudioBlockTableViewCell.m */,
				881457C61B01E8620024E6F4 /* AudioBlockTableViewCell.xib */,
				881457C71B01E8620024E6F4 /* ContentBlockTableViewCell.h */,
				881457C81B01E8620024E6F4 /* ContentBlockTableViewCell.m */,
				881457C91B01E8620024E6F4 /* ContentBlockTableViewCell.xib */,
				881457CA1B01E8620024E6F4 /* DownloadBlockTableViewCell.h */,
				881457CB1B01E8620024E6F4 /* DownloadBlockTableViewCell.m */,
				881457CC1B01E8620024E6F4 /* DownloadBlockTableViewCell.xib */,
				881457CD1B01E8620024E6F4 /* EbookBlockTableViewCell.h */,
				881457CE1B01E8620024E6F4 /* EbookBlockTableViewCell.m */,
				881457CF1B01E8620024E6F4 /* EbookBlockTableViewCell.xib */,
				881457D01B01E8620024E6F4 /* ImageBlockTableViewCell.h */,
				881457D11B01E8620024E6F4 /* ImageBlockTableViewCell.m */,
				881457D21B01E8620024E6F4 /* ImageBlockTableViewCell.xib */,
				881457D31B01E8620024E6F4 /* LinkBlockTableViewCell.h */,
				881457D41B01E8620024E6F4 /* LinkBlockTableViewCell.m */,
				881457D51B01E8620024E6F4 /* LinkBlockTableViewCell.xib */,
				881457D71B01E8620024E6F4 /* SoundcloudBlockTableViewCell.h */,
				881457D81B01E8620024E6F4 /* SoundcloudBlockTableViewCell.m */,
				881457D91B01E8620024E6F4 /* SoundcloudBlockTableViewCell.xib */,
				881457DA1B01E8620024E6F4 /* SpotMapBlockTableViewCell.h */,
				881457DB1B01E8620024E6F4 /* SpotMapBlockTableViewCell.m */,
				881457DC1B01E8620024E6F4 /* SpotMapBlockTableViewCell.xib */,
				881457DD1B01E8620024E6F4 /* TextBlockTableViewCell.h */,
				881457DE1B01E8620024E6F4 /* TextBlockTableViewCell.m */,
				881457DF1B01E8620024E6F4 /* TextBlockTableViewCell.xib */,
				881457E01B01E8620024E6F4 /* YoutubeBlockTableViewCell.h */,
				881457E11B01E8620024E6F4 /* YoutubeBlockTableViewCell.m */,
				881457E21B01E8620024E6F4 /* YoutubeBlockTableViewCell.xib */,
			);
			path = Blocks;
			sourceTree = "<group>";
		};
		881458381B01EE8B0024E6F4 /* Models */ = {
			isa = PBXGroup;
			children = (
				881458391B01EE8B0024E6F4 /* PingebAnnotation.h */,
				8814583A1B01EE8B0024E6F4 /* PingebAnnotation.m */,
			);
			path = Models;
			sourceTree = "<group>";
		};
		8814583B1B01EE8B0024E6F4 /* ViewControllers */ = {
			isa = PBXGroup;
			children = (
				881458401B01EE8B0024E6F4 /* FeedTableViewController.h */,
				881458411B01EE8B0024E6F4 /* FeedTableViewController.m */,
				8814583E1B01EE8B0024E6F4 /* ArtistDetailViewController.h */,
				8814583F1B01EE8B0024E6F4 /* ArtistDetailViewController.m */,
				881458421B01EE8B0024E6F4 /* MapkitViewController.h */,
				881458431B01EE8B0024E6F4 /* MapkitViewController.m */,
				8814583C1B01EE8B0024E6F4 /* AboutViewController.h */,
				8814583D1B01EE8B0024E6F4 /* AboutViewController.m */,
				88DB74DA1B0217DA0064EE7E /* ScanResultViewController.h */,
				88DB74DB1B0217DA0064EE7E /* ScanResultViewController.m */,
				881458441B01EE8B0024E6F4 /* Navigation */,
			);
			path = ViewControllers;
			sourceTree = "<group>";
		};
		881458441B01EE8B0024E6F4 /* Navigation */ = {
			isa = PBXGroup;
			children = (
				881458451B01EE8B0024E6F4 /* MainTabBarController.h */,
				889BE43D1B3854C5002850D5 /* MainTabBarController.m */,
				881458471B01EE8B0024E6F4 /* NavigationViewController.h */,
				881458481B01EE8B0024E6F4 /* NavigationViewController.m */,
			);
			name = Navigation;
			path = navigation;
			sourceTree = "<group>";
		};
		881458491B01EE8B0024E6F4 /* Views */ = {
			isa = PBXGroup;
			children = (
				8814584D1B01EE8B0024E6F4 /* Main.storyboard */,
				88BA02011AA859F90091A43C /* LaunchScreen.xib */,
				8814584A1B01EE8B0024E6F4 /* FeedItemCell.h */,
				8814584B1B01EE8B0024E6F4 /* FeedItemCell.m */,
				8814584C1B01EE8B0024E6F4 /* FeedItemCell.xib */,
				8814584E1B01EE8B0024E6F4 /* PingeborgAnnotationView.h */,
				8814584F1B01EE8B0024E6F4 /* PingeborgAnnotationView.m */,
				881458501B01EE8B0024E6F4 /* PingeborgCalloutView.h */,
				881458511B01EE8B0024E6F4 /* PingeborgCalloutView.m */,
				881458521B01EE8B0024E6F4 /* PingeborgCalloutView.xib */,
			);
			path = Views;
			sourceTree = "<group>";
		};
		8860DA7B1AE78CDF00DF2239 /* SVGKit */ = {
			isa = PBXGroup;
			children = (
				8860DA771AE78CB800DF2239 /* libSVGKit-iOS.1.2.0.a */,
				8860DA781AE78CB800DF2239 /* usr */,
			);
			name = SVGKit;
			sourceTree = "<group>";
		};
		889BE42E1B382916002850D5 /* Google Analytics */ = {
			isa = PBXGroup;
			children = (
				889BE4241B38290D002850D5 /* GAI.h */,
				889BE4251B38290D002850D5 /* GAIDictionaryBuilder.h */,
				889BE4391B382C8D002850D5 /* GAIEcommerceFields.h */,
				889BE43A1B382C8D002850D5 /* GAIEcommerceProduct.h */,
				889BE43B1B382C8D002850D5 /* GAIEcommerceProductAction.h */,
				889BE43C1B382C8D002850D5 /* GAIEcommercePromotion.h */,
				889BE42A1B38290D002850D5 /* GAIFields.h */,
				889BE42B1B38290D002850D5 /* GAILogger.h */,
				889BE42C1B38290D002850D5 /* GAITrackedViewController.h */,
				889BE42D1B38290D002850D5 /* GAITracker.h */,
			);
			name = "Google Analytics";
			sourceTree = "<group>";
		};
		88BA01E61AA859F90091A43C = {
			isa = PBXGroup;
			children = (
				88BA01F11AA859F90091A43C /* xamoom-pingeborg-ios */,
				88BA020B1AA859F90091A43C /* xamoom-pingeborg-iosTests */,
				88BA01F01AA859F90091A43C /* Products */,
				F58201F992BD4B4517D1E332 /* Pods */,
				B091DC0989CBE4B0B40B108B /* Frameworks */,
			);
			sourceTree = "<group>";
		};
		88BA01F01AA859F90091A43C /* Products */ = {
			isa = PBXGroup;
			children = (
				88BA01EF1AA859F90091A43C /* pingeb.org.app */,
				88BA02081AA859F90091A43C /* pingeb.orgTests.xctest */,
				88166D0A1AFCAC0A0012CBA6 /* XMMMusicPlayer.framework */,
				88166D141AFCAC0B0012CBA6 /* XMMMusicPlayerTests.xctest */,
			);
			name = Products;
			sourceTree = "<group>";
		};
		88BA01F11AA859F90091A43C /* xamoom-pingeborg-ios */ = {
			isa = PBXGroup;
			children = (
				88E243191B14505000E9E208 /* pingeb.org-Prefix.pch */,
				88BA01F61AA859F90091A43C /* AppDelegate.h */,
				88BA01F71AA859F90091A43C /* AppDelegate.m */,
				88052D791AE103C300AB433D /* Globals.h */,
				88052D7A1AE103C300AB433D /* Globals.m */,
				881458381B01EE8B0024E6F4 /* Models */,
				8814583B1B01EE8B0024E6F4 /* ViewControllers */,
				881458491B01EE8B0024E6F4 /* Views */,
				88E2431A1B14507200E9E208 /* XMMImageUtility */,
				881457C21B01E8620024E6F4 /* XMMContentBlocks */,
				8860DA7B1AE78CDF00DF2239 /* SVGKit */,
				889BE42E1B382916002850D5 /* Google Analytics */,
				88BA01F21AA859F90091A43C /* Supporting Files */,
				88BA01FF1AA859F90091A43C /* Images.xcassets */,
			);
			path = "xamoom-pingeborg-ios";
			sourceTree = "<group>";
		};
		88BA01F21AA859F90091A43C /* Supporting Files */ = {
			isa = PBXGroup;
			children = (
				88EB481B1B56390D00A6C63F /* apikey.txt */,
				887BE0351B53D43000E9D584 /* Localizable.strings */,
				88BA01F31AA859F90091A43C /* Info.plist */,
				88BA01F41AA859F90091A43C /* main.m */,
			);
			name = "Supporting Files";
			sourceTree = "<group>";
		};
		88BA020B1AA859F90091A43C /* xamoom-pingeborg-iosTests */ = {
			isa = PBXGroup;
			children = (
				88BA020E1AA859F90091A43C /* xamoom_pingeborg_iosTests.m */,
				88BA020C1AA859F90091A43C /* Supporting Files */,
			);
			path = "xamoom-pingeborg-iosTests";
			sourceTree = "<group>";
		};
		88BA020C1AA859F90091A43C /* Supporting Files */ = {
			isa = PBXGroup;
			children = (
				88BA020D1AA859F90091A43C /* Info.plist */,
			);
			name = "Supporting Files";
			sourceTree = "<group>";
		};
		88E2431A1B14507200E9E208 /* XMMImageUtility */ = {
			isa = PBXGroup;
			children = (
				88F038451B0E0D1200E17573 /* XMMImageUtility.h */,
				88F038461B0E0D1200E17573 /* XMMImageUtility.m */,
				88E2FAE81AF74D5800917AFB /* UIImage+animatedGIF.h */,
				88E2FAE91AF74D5800917AFB /* UIImage+animatedGIF.m */,
			);
			name = XMMImageUtility;
			sourceTree = "<group>";
		};
		B091DC0989CBE4B0B40B108B /* Frameworks */ = {
			isa = PBXGroup;
			children = (
				889BE4371B3829CA002850D5 /* libsqlite3.dylib */,
				889BE4351B3829BF002850D5 /* libz.dylib */,
				889BE4331B3829B1002850D5 /* SystemConfiguration.framework */,
				889BE4311B3829A0002850D5 /* CoreData.framework */,
				889BE42F1B38295E002850D5 /* libGoogleAnalyticsServices.a */,
				881457C01B01E7DE0024E6F4 /* libPods.a */,
				881457BE1B01E7CF0024E6F4 /* libPods-AFNetworking.a */,
				8860DA841AE78D3B00DF2239 /* UIKit.framework */,
				8860DA821AE78D3500DF2239 /* CoreGraphics.framework */,
				8860DA801AE78D2C00DF2239 /* libxml2.dylib */,
				8860DA7E1AE78D0E00DF2239 /* CoreImage.framework */,
				8860DA7C1AE78D0500DF2239 /* CoreText.framework */,
				88A62C521AD561DB00EAD4C3 /* MediaPlayer.framework */,
				88A62C4E1AD55F2C00EAD4C3 /* AVFoundation.framework */,
				8835747F1AB1CCF40099DF4A /* QuartzCore.framework */,
				88CBAEE01AA9EC9E000E480A /* MapKit.framework */,
				C530CDEFFEDDFCABBEC918B0 /* libPods.a */,
			);
			name = Frameworks;
			sourceTree = "<group>";
		};
		F58201F992BD4B4517D1E332 /* Pods */ = {
			isa = PBXGroup;
			children = (
				081CE084B2E648F4E71D7D2A /* Pods.debug.xcconfig */,
				48251170F65DFEEAACD48338 /* Pods.release.xcconfig */,
			);
			name = Pods;
			sourceTree = "<group>";
		};
/* End PBXGroup section */

/* Begin PBXHeadersBuildPhase section */
		88166D071AFCAC0A0012CBA6 /* Headers */ = {
			isa = PBXHeadersBuildPhase;
			buildActionMask = 2147483647;
			files = (
			);
			runOnlyForDeploymentPostprocessing = 0;
		};
/* End PBXHeadersBuildPhase section */

/* Begin PBXNativeTarget section */
		88166D091AFCAC0A0012CBA6 /* XMMMusicPlayer */ = {
			isa = PBXNativeTarget;
			buildConfigurationList = 88166D231AFCAC0B0012CBA6 /* Build configuration list for PBXNativeTarget "XMMMusicPlayer" */;
			buildPhases = (
				88166D051AFCAC0A0012CBA6 /* Sources */,
				88166D061AFCAC0A0012CBA6 /* Frameworks */,
				88166D071AFCAC0A0012CBA6 /* Headers */,
				88166D081AFCAC0A0012CBA6 /* Resources */,
			);
			buildRules = (
			);
			dependencies = (
			);
			name = XMMMusicPlayer;
			productName = XMMMusicPlayer;
			productReference = 88166D0A1AFCAC0A0012CBA6 /* XMMMusicPlayer.framework */;
			productType = "com.apple.product-type.framework";
		};
		88166D131AFCAC0B0012CBA6 /* XMMMusicPlayerTests */ = {
			isa = PBXNativeTarget;
			buildConfigurationList = 88166D271AFCAC0B0012CBA6 /* Build configuration list for PBXNativeTarget "XMMMusicPlayerTests" */;
			buildPhases = (
				88166D101AFCAC0B0012CBA6 /* Sources */,
				88166D111AFCAC0B0012CBA6 /* Frameworks */,
				88166D121AFCAC0B0012CBA6 /* Resources */,
			);
			buildRules = (
			);
			dependencies = (
				88166D171AFCAC0B0012CBA6 /* PBXTargetDependency */,
				88166D191AFCAC0B0012CBA6 /* PBXTargetDependency */,
			);
			name = XMMMusicPlayerTests;
			productName = XMMMusicPlayerTests;
			productReference = 88166D141AFCAC0B0012CBA6 /* XMMMusicPlayerTests.xctest */;
			productType = "com.apple.product-type.bundle.unit-test";
		};
		88BA01EE1AA859F90091A43C /* pingeb.org */ = {
			isa = PBXNativeTarget;
			buildConfigurationList = 88BA02121AA859F90091A43C /* Build configuration list for PBXNativeTarget "pingeb.org" */;
			buildPhases = (
				67C0B652B053E0CD90BF6C1D /* Check Pods Manifest.lock */,
				88BA01EB1AA859F90091A43C /* Sources */,
				88BA01EC1AA859F90091A43C /* Frameworks */,
				88BA01ED1AA859F90091A43C /* Resources */,
				90EA120C81E9206AB860F36C /* Copy Pods Resources */,
				88F1E92E1B15A94800C60504 /* CopyFiles */,
			);
			buildRules = (
			);
			dependencies = (
			);
			name = pingeb.org;
			productName = "xamoom-pingeborg-ios";
			productReference = 88BA01EF1AA859F90091A43C /* pingeb.org.app */;
			productType = "com.apple.product-type.application";
		};
		88BA02071AA859F90091A43C /* pingeb.orgTests */ = {
			isa = PBXNativeTarget;
			buildConfigurationList = 88BA02151AA859F90091A43C /* Build configuration list for PBXNativeTarget "pingeb.orgTests" */;
			buildPhases = (
				88BA02041AA859F90091A43C /* Sources */,
				88BA02051AA859F90091A43C /* Frameworks */,
				88BA02061AA859F90091A43C /* Resources */,
			);
			buildRules = (
			);
			dependencies = (
				88BA020A1AA859F90091A43C /* PBXTargetDependency */,
			);
			name = pingeb.orgTests;
			productName = "xamoom-pingeborg-iosTests";
			productReference = 88BA02081AA859F90091A43C /* pingeb.orgTests.xctest */;
			productType = "com.apple.product-type.bundle.unit-test";
		};
/* End PBXNativeTarget section */

/* Begin PBXProject section */
		88BA01E71AA859F90091A43C /* Project object */ = {
			isa = PBXProject;
			attributes = {
				CLASSPREFIX = XMM;
				LastUpgradeCheck = 0610;
				ORGANIZATIONNAME = "xamoom GmbH";
				TargetAttributes = {
					88166D091AFCAC0A0012CBA6 = {
						CreatedOnToolsVersion = 6.3.1;
						DevelopmentTeam = 55MDUF7392;
					};
					88166D131AFCAC0B0012CBA6 = {
						CreatedOnToolsVersion = 6.3.1;
						TestTargetID = 88BA01EE1AA859F90091A43C;
					};
					88BA01EE1AA859F90091A43C = {
						CreatedOnToolsVersion = 6.1.1;
						DevelopmentTeam = 55MDUF7392;
						SystemCapabilities = {
							com.apple.Maps.iOS = {
								enabled = 1;
							};
						};
					};
					88BA02071AA859F90091A43C = {
						CreatedOnToolsVersion = 6.1.1;
						TestTargetID = 88BA01EE1AA859F90091A43C;
					};
				};
			};
			buildConfigurationList = 88BA01EA1AA859F90091A43C /* Build configuration list for PBXProject "pingeb.org" */;
			compatibilityVersion = "Xcode 3.2";
			developmentRegion = English;
			hasScannedForEncodings = 0;
			knownRegions = (
				en,
				Base,
				de,
			);
			mainGroup = 88BA01E61AA859F90091A43C;
			productRefGroup = 88BA01F01AA859F90091A43C /* Products */;
			projectDirPath = "";
			projectRoot = "";
			targets = (
				88BA01EE1AA859F90091A43C /* pingeb.org */,
				88BA02071AA859F90091A43C /* pingeb.orgTests */,
				88166D091AFCAC0A0012CBA6 /* XMMMusicPlayer */,
				88166D131AFCAC0B0012CBA6 /* XMMMusicPlayerTests */,
			);
		};
/* End PBXProject section */

/* Begin PBXResourcesBuildPhase section */
		88166D081AFCAC0A0012CBA6 /* Resources */ = {
			isa = PBXResourcesBuildPhase;
			buildActionMask = 2147483647;
			files = (
			);
			runOnlyForDeploymentPostprocessing = 0;
		};
		88166D121AFCAC0B0012CBA6 /* Resources */ = {
			isa = PBXResourcesBuildPhase;
			buildActionMask = 2147483647;
			files = (
			);
			runOnlyForDeploymentPostprocessing = 0;
		};
		88BA01ED1AA859F90091A43C /* Resources */ = {
			isa = PBXResourcesBuildPhase;
			buildActionMask = 2147483647;
			files = (
				88EB481D1B563C8700A6C63F /* Images.xcassets in Resources */,
				887BE0331B53D43000E9D584 /* Localizable.strings in Resources */,
				881457F71B01E8620024E6F4 /* SpotMapBlockTableViewCell.xib in Resources */,
				881457EA1B01E8620024E6F4 /* ContentBlockTableViewCell.xib in Resources */,
				881457F21B01E8620024E6F4 /* LinkBlockTableViewCell.xib in Resources */,
				881457F01B01E8620024E6F4 /* ImageBlockTableViewCell.xib in Resources */,
				8814585D1B01EE8B0024E6F4 /* FeedItemCell.xib in Resources */,
				881458611B01EE8B0024E6F4 /* PingeborgCalloutView.xib in Resources */,
				881457FB1B01E8620024E6F4 /* YoutubeBlockTableViewCell.xib in Resources */,
				88BA02031AA859F90091A43C /* LaunchScreen.xib in Resources */,
				88EB481C1B56390D00A6C63F /* apikey.txt in Resources */,
				881457F51B01E8620024E6F4 /* SoundcloudBlockTableViewCell.xib in Resources */,
				8860DA7A1AE78CB800DF2239 /* usr in Resources */,
				881457E81B01E8620024E6F4 /* AudioBlockTableViewCell.xib in Resources */,
				8814585E1B01EE8B0024E6F4 /* Main.storyboard in Resources */,
				881457EC1B01E8620024E6F4 /* DownloadBlockTableViewCell.xib in Resources */,
				881457F91B01E8620024E6F4 /* TextBlockTableViewCell.xib in Resources */,
				881457EE1B01E8620024E6F4 /* EbookBlockTableViewCell.xib in Resources */,
			);
			runOnlyForDeploymentPostprocessing = 0;
		};
		88BA02061AA859F90091A43C /* Resources */ = {
			isa = PBXResourcesBuildPhase;
			buildActionMask = 2147483647;
			files = (
			);
			runOnlyForDeploymentPostprocessing = 0;
		};
/* End PBXResourcesBuildPhase section */

/* Begin PBXShellScriptBuildPhase section */
		67C0B652B053E0CD90BF6C1D /* Check Pods Manifest.lock */ = {
			isa = PBXShellScriptBuildPhase;
			buildActionMask = 2147483647;
			files = (
			);
			inputPaths = (
			);
			name = "Check Pods Manifest.lock";
			outputPaths = (
			);
			runOnlyForDeploymentPostprocessing = 0;
			shellPath = /bin/sh;
			shellScript = "diff \"${PODS_ROOT}/../Podfile.lock\" \"${PODS_ROOT}/Manifest.lock\" > /dev/null\nif [[ $? != 0 ]] ; then\n    cat << EOM\nerror: The sandbox is not in sync with the Podfile.lock. Run 'pod install' or update your CocoaPods installation.\nEOM\n    exit 1\nfi\n";
			showEnvVarsInLog = 0;
		};
		90EA120C81E9206AB860F36C /* Copy Pods Resources */ = {
			isa = PBXShellScriptBuildPhase;
			buildActionMask = 2147483647;
			files = (
			);
			inputPaths = (
			);
			name = "Copy Pods Resources";
			outputPaths = (
			);
			runOnlyForDeploymentPostprocessing = 0;
			shellPath = /bin/sh;
			shellScript = "\"${SRCROOT}/Pods/Target Support Files/Pods/Pods-resources.sh\"\n";
			showEnvVarsInLog = 0;
		};
/* End PBXShellScriptBuildPhase section */

/* Begin PBXSourcesBuildPhase section */
		88166D051AFCAC0A0012CBA6 /* Sources */ = {
			isa = PBXSourcesBuildPhase;
			buildActionMask = 2147483647;
			files = (
			);
			runOnlyForDeploymentPostprocessing = 0;
		};
		88166D101AFCAC0B0012CBA6 /* Sources */ = {
			isa = PBXSourcesBuildPhase;
			buildActionMask = 2147483647;
			files = (
			);
			runOnlyForDeploymentPostprocessing = 0;
		};
		88BA01EB1AA859F90091A43C /* Sources */ = {
			isa = PBXSourcesBuildPhase;
			buildActionMask = 2147483647;
			files = (
				881457F61B01E8620024E6F4 /* SpotMapBlockTableViewCell.m in Sources */,
				88DB74DC1B0217DA0064EE7E /* ScanResultViewController.m in Sources */,
				881457E91B01E8620024E6F4 /* ContentBlockTableViewCell.m in Sources */,
				881457EF1B01E8620024E6F4 /* ImageBlockTableViewCell.m in Sources */,
				8814585C1B01EE8B0024E6F4 /* FeedItemCell.m in Sources */,
				8814585F1B01EE8B0024E6F4 /* PingeborgAnnotationView.m in Sources */,
				881457ED1B01E8620024E6F4 /* EbookBlockTableViewCell.m in Sources */,
				88E2FAEA1AF74D5800917AFB /* UIImage+animatedGIF.m in Sources */,
				881457E71B01E8620024E6F4 /* AudioBlockTableViewCell.m in Sources */,
				88BA01F81AA859F90091A43C /* AppDelegate.m in Sources */,
				881458561B01EE8B0024E6F4 /* AboutViewController.m in Sources */,
				88052D7B1AE103C300AB433D /* Globals.m in Sources */,
				881457FC1B01E8620024E6F4 /* XMMContentBlocks.m in Sources */,
				88F038471B0E0D1200E17573 /* XMMImageUtility.m in Sources */,
				881458591B01EE8B0024E6F4 /* MapkitViewController.m in Sources */,
				881457F81B01E8620024E6F4 /* TextBlockTableViewCell.m in Sources */,
				88BA01F51AA859F90091A43C /* main.m in Sources */,
				881457FD1B01E8620024E6F4 /* XMMMusicPlayer.m in Sources */,
				881457FA1B01E8620024E6F4 /* YoutubeBlockTableViewCell.m in Sources */,
				881458551B01EE8B0024E6F4 /* PingebAnnotation.m in Sources */,
				8814585B1B01EE8B0024E6F4 /* NavigationViewController.m in Sources */,
				881458581B01EE8B0024E6F4 /* FeedTableViewController.m in Sources */,
				889BE43E1B3854C5002850D5 /* MainTabBarController.m in Sources */,
				881458571B01EE8B0024E6F4 /* ArtistDetailViewController.m in Sources */,
				881457F11B01E8620024E6F4 /* LinkBlockTableViewCell.m in Sources */,
				881457F41B01E8620024E6F4 /* SoundcloudBlockTableViewCell.m in Sources */,
				881458601B01EE8B0024E6F4 /* PingeborgCalloutView.m in Sources */,
				881457EB1B01E8620024E6F4 /* DownloadBlockTableViewCell.m in Sources */,
			);
			runOnlyForDeploymentPostprocessing = 0;
		};
		88BA02041AA859F90091A43C /* Sources */ = {
			isa = PBXSourcesBuildPhase;
			buildActionMask = 2147483647;
			files = (
				88BA020F1AA859F90091A43C /* xamoom_pingeborg_iosTests.m in Sources */,
			);
			runOnlyForDeploymentPostprocessing = 0;
		};
/* End PBXSourcesBuildPhase section */

/* Begin PBXTargetDependency section */
		88166D171AFCAC0B0012CBA6 /* PBXTargetDependency */ = {
			isa = PBXTargetDependency;
			target = 88166D091AFCAC0A0012CBA6 /* XMMMusicPlayer */;
			targetProxy = 88166D161AFCAC0B0012CBA6 /* PBXContainerItemProxy */;
		};
		88166D191AFCAC0B0012CBA6 /* PBXTargetDependency */ = {
			isa = PBXTargetDependency;
			target = 88BA01EE1AA859F90091A43C /* pingeb.org */;
			targetProxy = 88166D181AFCAC0B0012CBA6 /* PBXContainerItemProxy */;
		};
		88BA020A1AA859F90091A43C /* PBXTargetDependency */ = {
			isa = PBXTargetDependency;
			target = 88BA01EE1AA859F90091A43C /* pingeb.org */;
			targetProxy = 88BA02091AA859F90091A43C /* PBXContainerItemProxy */;
		};
/* End PBXTargetDependency section */

/* Begin PBXVariantGroup section */
		887BE0351B53D43000E9D584 /* Localizable.strings */ = {
			isa = PBXVariantGroup;
			children = (
				887BE0341B53D43000E9D584 /* en */,
				887BE0361B53D44700E9D584 /* de */,
			);
			name = Localizable.strings;
			path = ..;
			sourceTree = "<group>";
		};
		88BA02011AA859F90091A43C /* LaunchScreen.xib */ = {
			isa = PBXVariantGroup;
			children = (
				88BA02021AA859F90091A43C /* Base */,
				887BE0321B53D40200E9D584 /* de */,
			);
			name = LaunchScreen.xib;
			path = ..;
			sourceTree = "<group>";
		};
/* End PBXVariantGroup section */

/* Begin XCBuildConfiguration section */
		88166D241AFCAC0B0012CBA6 /* Debug */ = {
			isa = XCBuildConfiguration;
			buildSettings = {
				ALWAYS_SEARCH_USER_PATHS = NO;
				CODE_SIGN_IDENTITY = "iPhone Developer";
				"CODE_SIGN_IDENTITY[sdk=iphoneos*]" = "iPhone Developer";
				CURRENT_PROJECT_VERSION = 1;
				DEBUG_INFORMATION_FORMAT = "dwarf-with-dsym";
				DEFINES_MODULE = YES;
				DYLIB_COMPATIBILITY_VERSION = 1;
				DYLIB_CURRENT_VERSION = 1;
				DYLIB_INSTALL_NAME_BASE = "@rpath";
				GCC_NO_COMMON_BLOCKS = YES;
				GCC_PREPROCESSOR_DEFINITIONS = (
					"DEBUG=1",
					"$(inherited)",
				);
				INFOPLIST_FILE = XMMMusicPlayer/Info.plist;
				INSTALL_PATH = "$(LOCAL_LIBRARY_DIR)/Frameworks";
				IPHONEOS_DEPLOYMENT_TARGET = 8.0;
				LD_RUNPATH_SEARCH_PATHS = "$(inherited) @executable_path/Frameworks @loader_path/Frameworks";
				LIBRARY_SEARCH_PATHS = (
					"$(inherited)",
					"$(PROJECT_DIR)/Pods/build/Debug-iphoneos",
				);
				PRODUCT_NAME = "$(TARGET_NAME)";
				PROVISIONING_PROFILE = "";
				SKIP_INSTALL = YES;
				TARGETED_DEVICE_FAMILY = "1,2";
				VERSIONING_SYSTEM = "apple-generic";
				VERSION_INFO_PREFIX = "";
			};
			name = Debug;
		};
		88166D251AFCAC0B0012CBA6 /* Release */ = {
			isa = XCBuildConfiguration;
			buildSettings = {
				ALWAYS_SEARCH_USER_PATHS = NO;
				CODE_SIGN_IDENTITY = "iPhone Developer";
				"CODE_SIGN_IDENTITY[sdk=iphoneos*]" = "iPhone Developer";
				COPY_PHASE_STRIP = NO;
				CURRENT_PROJECT_VERSION = 1;
				DEBUG_INFORMATION_FORMAT = "dwarf-with-dsym";
				DEFINES_MODULE = YES;
				DYLIB_COMPATIBILITY_VERSION = 1;
				DYLIB_CURRENT_VERSION = 1;
				DYLIB_INSTALL_NAME_BASE = "@rpath";
				GCC_NO_COMMON_BLOCKS = YES;
				INFOPLIST_FILE = XMMMusicPlayer/Info.plist;
				INSTALL_PATH = "$(LOCAL_LIBRARY_DIR)/Frameworks";
				IPHONEOS_DEPLOYMENT_TARGET = 8.0;
				LD_RUNPATH_SEARCH_PATHS = "$(inherited) @executable_path/Frameworks @loader_path/Frameworks";
				LIBRARY_SEARCH_PATHS = (
					"$(inherited)",
					"$(PROJECT_DIR)/Pods/build/Debug-iphoneos",
				);
				PRODUCT_NAME = "$(TARGET_NAME)";
				PROVISIONING_PROFILE = "";
				SKIP_INSTALL = YES;
				TARGETED_DEVICE_FAMILY = "1,2";
				VERSIONING_SYSTEM = "apple-generic";
				VERSION_INFO_PREFIX = "";
			};
			name = Release;
		};
		88166D281AFCAC0B0012CBA6 /* Debug */ = {
			isa = XCBuildConfiguration;
			buildSettings = {
				ALWAYS_SEARCH_USER_PATHS = NO;
				DEBUG_INFORMATION_FORMAT = "dwarf-with-dsym";
				FRAMEWORK_SEARCH_PATHS = (
					"$(SDKROOT)/Developer/Library/Frameworks",
					"$(inherited)",
				);
				GCC_NO_COMMON_BLOCKS = YES;
				GCC_PREPROCESSOR_DEFINITIONS = (
					"DEBUG=1",
					"$(inherited)",
				);
				INFOPLIST_FILE = XMMMusicPlayerTests/Info.plist;
				IPHONEOS_DEPLOYMENT_TARGET = 8.3;
				LD_RUNPATH_SEARCH_PATHS = "$(inherited) @executable_path/Frameworks @loader_path/Frameworks";
				PRODUCT_NAME = "$(TARGET_NAME)";
				TEST_HOST = "$(BUILT_PRODUCTS_DIR)/xamoom-pingeborg-ios.app/xamoom-pingeborg-ios";
			};
			name = Debug;
		};
		88166D291AFCAC0B0012CBA6 /* Release */ = {
			isa = XCBuildConfiguration;
			buildSettings = {
				ALWAYS_SEARCH_USER_PATHS = NO;
				COPY_PHASE_STRIP = NO;
				DEBUG_INFORMATION_FORMAT = "dwarf-with-dsym";
				FRAMEWORK_SEARCH_PATHS = (
					"$(SDKROOT)/Developer/Library/Frameworks",
					"$(inherited)",
				);
				GCC_NO_COMMON_BLOCKS = YES;
				INFOPLIST_FILE = XMMMusicPlayerTests/Info.plist;
				IPHONEOS_DEPLOYMENT_TARGET = 8.3;
				LD_RUNPATH_SEARCH_PATHS = "$(inherited) @executable_path/Frameworks @loader_path/Frameworks";
				PRODUCT_NAME = "$(TARGET_NAME)";
				TEST_HOST = "$(BUILT_PRODUCTS_DIR)/xamoom-pingeborg-ios.app/xamoom-pingeborg-ios";
			};
			name = Release;
		};
		88BA02101AA859F90091A43C /* Debug */ = {
			isa = XCBuildConfiguration;
			baseConfigurationReference = 081CE084B2E648F4E71D7D2A /* Pods.debug.xcconfig */;
			buildSettings = {
				CLANG_CXX_LANGUAGE_STANDARD = "gnu++0x";
				CLANG_CXX_LIBRARY = "libc++";
				CLANG_ENABLE_MODULES = YES;
				CLANG_ENABLE_OBJC_ARC = YES;
				CLANG_WARN_BOOL_CONVERSION = YES;
				CLANG_WARN_CONSTANT_CONVERSION = YES;
				CLANG_WARN_DIRECT_OBJC_ISA_USAGE = YES_ERROR;
				CLANG_WARN_EMPTY_BODY = YES;
				CLANG_WARN_ENUM_CONVERSION = YES;
				CLANG_WARN_INT_CONVERSION = YES;
				CLANG_WARN_OBJC_ROOT_CLASS = YES_ERROR;
				CLANG_WARN_UNREACHABLE_CODE = YES;
				CLANG_WARN__DUPLICATE_METHOD_MATCH = YES;
				CODE_SIGN_IDENTITY = "iPhone Distribution";
				"CODE_SIGN_IDENTITY[sdk=iphoneos*]" = "iPhone Developer";
				COPY_PHASE_STRIP = NO;
				ENABLE_STRICT_OBJC_MSGSEND = YES;
				GCC_C_LANGUAGE_STANDARD = gnu99;
				GCC_DYNAMIC_NO_PIC = NO;
				GCC_OPTIMIZATION_LEVEL = 0;
				GCC_PREPROCESSOR_DEFINITIONS = (
					"DEBUG=1",
					"$(inherited)",
				);
				GCC_SYMBOLS_PRIVATE_EXTERN = NO;
				GCC_WARN_64_TO_32_BIT_CONVERSION = YES;
				GCC_WARN_ABOUT_RETURN_TYPE = YES_ERROR;
				GCC_WARN_UNDECLARED_SELECTOR = YES;
				GCC_WARN_UNINITIALIZED_AUTOS = YES_AGGRESSIVE;
				GCC_WARN_UNUSED_FUNCTION = YES;
				GCC_WARN_UNUSED_VARIABLE = YES;
				IPHONEOS_DEPLOYMENT_TARGET = 8.0;
				MTL_ENABLE_DEBUG_INFO = YES;
				ONLY_ACTIVE_ARCH = YES;
				SDKROOT = iphoneos;
			};
			name = Debug;
		};
		88BA02111AA859F90091A43C /* Release */ = {
			isa = XCBuildConfiguration;
			baseConfigurationReference = 48251170F65DFEEAACD48338 /* Pods.release.xcconfig */;
			buildSettings = {
				CLANG_CXX_LANGUAGE_STANDARD = "gnu++0x";
				CLANG_CXX_LIBRARY = "libc++";
				CLANG_ENABLE_MODULES = YES;
				CLANG_ENABLE_OBJC_ARC = YES;
				CLANG_WARN_BOOL_CONVERSION = YES;
				CLANG_WARN_CONSTANT_CONVERSION = YES;
				CLANG_WARN_DIRECT_OBJC_ISA_USAGE = YES_ERROR;
				CLANG_WARN_EMPTY_BODY = YES;
				CLANG_WARN_ENUM_CONVERSION = YES;
				CLANG_WARN_INT_CONVERSION = YES;
				CLANG_WARN_OBJC_ROOT_CLASS = YES_ERROR;
				CLANG_WARN_UNREACHABLE_CODE = YES;
				CLANG_WARN__DUPLICATE_METHOD_MATCH = YES;
				CODE_SIGN_IDENTITY = "iPhone Distribution";
				"CODE_SIGN_IDENTITY[sdk=iphoneos*]" = "iPhone Developer";
				COPY_PHASE_STRIP = YES;
				ENABLE_NS_ASSERTIONS = NO;
				ENABLE_STRICT_OBJC_MSGSEND = YES;
				GCC_C_LANGUAGE_STANDARD = gnu99;
				GCC_WARN_64_TO_32_BIT_CONVERSION = YES;
				GCC_WARN_ABOUT_RETURN_TYPE = YES_ERROR;
				GCC_WARN_UNDECLARED_SELECTOR = YES;
				GCC_WARN_UNINITIALIZED_AUTOS = YES_AGGRESSIVE;
				GCC_WARN_UNUSED_FUNCTION = YES;
				GCC_WARN_UNUSED_VARIABLE = YES;
				IPHONEOS_DEPLOYMENT_TARGET = 8.0;
				MTL_ENABLE_DEBUG_INFO = NO;
				SDKROOT = iphoneos;
				VALIDATE_PRODUCT = YES;
			};
			name = Release;
		};
		88BA02131AA859F90091A43C /* Debug */ = {
			isa = XCBuildConfiguration;
			baseConfigurationReference = 081CE084B2E648F4E71D7D2A /* Pods.debug.xcconfig */;
			buildSettings = {
				ASSETCATALOG_COMPILER_APPICON_NAME = AppIcon;
				CODE_SIGN_IDENTITY = "iPhone Developer";
				"CODE_SIGN_IDENTITY[sdk=iphoneos*]" = "iPhone Developer";
				GCC_PRECOMPILE_PREFIX_HEADER = YES;
				GCC_PREFIX_HEADER = "pingeb.org-Prefix.pch";
				GCC_TREAT_WARNINGS_AS_ERRORS = NO;
				HEADER_SEARCH_PATHS = (
					"$(inherited)",
					/Applications/Xcode.app/Contents/Developer/Toolchains/XcodeDefault.xctoolchain/usr/include,
					"${SRCROOT}/**",
				);
				INFOPLIST_FILE = "xamoom-pingeborg-ios/Info.plist";
				IPHONEOS_DEPLOYMENT_TARGET = 8.0;
				LD_RUNPATH_SEARCH_PATHS = "$(inherited) @executable_path/Frameworks";
				LIBRARY_SEARCH_PATHS = (
					"$(SRCROOT)/**",
					"$(inherited)",
					"$(PROJECT_DIR)/xamoom-pingeborg-ios",
					"$(PROJECT_DIR)/Pods/build/Debug-iphoneos",
					"$(PROJECT_DIR)",
				);
				PRODUCT_NAME = pingeb.org;
				PROVISIONING_PROFILE = "";
				SKIP_INSTALL = NO;
				TARGETED_DEVICE_FAMILY = 1;
				USER_HEADER_SEARCH_PATHS = "";
			};
			name = Debug;
		};
		88BA02141AA859F90091A43C /* Release */ = {
			isa = XCBuildConfiguration;
			baseConfigurationReference = 48251170F65DFEEAACD48338 /* Pods.release.xcconfig */;
			buildSettings = {
				ASSETCATALOG_COMPILER_APPICON_NAME = AppIcon;
				CODE_SIGN_IDENTITY = "iPhone Developer";
				"CODE_SIGN_IDENTITY[sdk=iphoneos*]" = "iPhone Developer";
				GCC_PRECOMPILE_PREFIX_HEADER = YES;
				GCC_PREFIX_HEADER = "pingeb.org-Prefix.pch";
				GCC_TREAT_WARNINGS_AS_ERRORS = NO;
				HEADER_SEARCH_PATHS = (
					"\"${PODS_ROOT}/Headers/Public\"",
					"\"${PODS_ROOT}/Headers/Public/AFNetworking\"",
					"\"${PODS_ROOT}/Headers/Public/ISO8601DateFormatterValueTransformer\"",
					"\"${PODS_ROOT}/Headers/Public/JGProgressHUD\"",
					"\"${PODS_ROOT}/Headers/Public/QRCodeReaderViewController\"",
					"\"${PODS_ROOT}/Headers/Public/REMenu\"",
					"\"${PODS_ROOT}/Headers/Public/RKValueTransformers\"",
					"\"${PODS_ROOT}/Headers/Public/RestKit\"",
					"\"${PODS_ROOT}/Headers/Public/RestKit/CoreData\"",
					"\"${PODS_ROOT}/Headers/Public/RestKit/Network\"",
					"\"${PODS_ROOT}/Headers/Public/RestKit/ObjectMapping\"",
					"\"${PODS_ROOT}/Headers/Public/RestKit/Support\"",
					"\"${PODS_ROOT}/Headers/Public/SMCalloutView\"",
					"\"${PODS_ROOT}/Headers/Public/SOCKit\"",
					"\"${PODS_ROOT}/Headers/Public/TransitionKit\"",
					"\"${PODS_ROOT}/Headers/Public/Vendor/LibComponentLogging/Core\"",
					"\"${PODS_ROOT}/Headers/Public/xamoom-ios-sdk\"",
					"\"${PODS_ROOT}/Headers/Public/youtube-ios-player-helper\"",
					"${SRCROOT}/**",
				);
				INFOPLIST_FILE = "xamoom-pingeborg-ios/Info.plist";
				IPHONEOS_DEPLOYMENT_TARGET = 8.0;
				LD_RUNPATH_SEARCH_PATHS = "$(inherited) @executable_path/Frameworks";
				LIBRARY_SEARCH_PATHS = (
					"$(SRCROOT)/**",
					"$(inherited)",
					"$(PROJECT_DIR)/xamoom-pingeborg-ios",
					"$(PROJECT_DIR)/Pods/build/Debug-iphoneos",
					"$(PROJECT_DIR)",
				);
				PRODUCT_NAME = pingeb.org;
				PROVISIONING_PROFILE = "";
				SKIP_INSTALL = NO;
				TARGETED_DEVICE_FAMILY = 1;
				USER_HEADER_SEARCH_PATHS = "";
			};
			name = Release;
		};
		88BA02161AA859F90091A43C /* Debug */ = {
			isa = XCBuildConfiguration;
			baseConfigurationReference = 081CE084B2E648F4E71D7D2A /* Pods.debug.xcconfig */;
			buildSettings = {
				BUNDLE_LOADER = "$(TEST_HOST)";
				FRAMEWORK_SEARCH_PATHS = (
					"$(SDKROOT)/Developer/Library/Frameworks",
					"$(inherited)",
				);
				GCC_PREPROCESSOR_DEFINITIONS = (
					"DEBUG=1",
					"$(inherited)",
				);
				INFOPLIST_FILE = "xamoom-pingeborg-iosTests/Info.plist";
				LD_RUNPATH_SEARCH_PATHS = "$(inherited) @executable_path/Frameworks @loader_path/Frameworks";
				PRODUCT_NAME = pingeb.orgTests;
				TEST_HOST = "$(BUILT_PRODUCTS_DIR)/xamoom-pingeborg-ios.app/xamoom-pingeborg-ios";
			};
			name = Debug;
		};
		88BA02171AA859F90091A43C /* Release */ = {
			isa = XCBuildConfiguration;
			baseConfigurationReference = 48251170F65DFEEAACD48338 /* Pods.release.xcconfig */;
			buildSettings = {
				BUNDLE_LOADER = "$(TEST_HOST)";
				FRAMEWORK_SEARCH_PATHS = (
					"$(SDKROOT)/Developer/Library/Frameworks",
					"$(inherited)",
				);
				INFOPLIST_FILE = "xamoom-pingeborg-iosTests/Info.plist";
				LD_RUNPATH_SEARCH_PATHS = "$(inherited) @executable_path/Frameworks @loader_path/Frameworks";
				PRODUCT_NAME = pingeb.orgTests;
				TEST_HOST = "$(BUILT_PRODUCTS_DIR)/xamoom-pingeborg-ios.app/xamoom-pingeborg-ios";
			};
			name = Release;
		};
/* End XCBuildConfiguration section */

/* Begin XCConfigurationList section */
		88166D231AFCAC0B0012CBA6 /* Build configuration list for PBXNativeTarget "XMMMusicPlayer" */ = {
			isa = XCConfigurationList;
			buildConfigurations = (
				88166D241AFCAC0B0012CBA6 /* Debug */,
				88166D251AFCAC0B0012CBA6 /* Release */,
			);
			defaultConfigurationIsVisible = 0;
			defaultConfigurationName = Release;
		};
		88166D271AFCAC0B0012CBA6 /* Build configuration list for PBXNativeTarget "XMMMusicPlayerTests" */ = {
			isa = XCConfigurationList;
			buildConfigurations = (
				88166D281AFCAC0B0012CBA6 /* Debug */,
				88166D291AFCAC0B0012CBA6 /* Release */,
			);
			defaultConfigurationIsVisible = 0;
			defaultConfigurationName = Release;
		};
		88BA01EA1AA859F90091A43C /* Build configuration list for PBXProject "pingeb.org" */ = {
			isa = XCConfigurationList;
			buildConfigurations = (
				88BA02101AA859F90091A43C /* Debug */,
				88BA02111AA859F90091A43C /* Release */,
			);
			defaultConfigurationIsVisible = 0;
			defaultConfigurationName = Release;
		};
		88BA02121AA859F90091A43C /* Build configuration list for PBXNativeTarget "pingeb.org" */ = {
			isa = XCConfigurationList;
			buildConfigurations = (
				88BA02131AA859F90091A43C /* Debug */,
				88BA02141AA859F90091A43C /* Release */,
			);
			defaultConfigurationIsVisible = 0;
			defaultConfigurationName = Release;
		};
		88BA02151AA859F90091A43C /* Build configuration list for PBXNativeTarget "pingeb.orgTests" */ = {
			isa = XCConfigurationList;
			buildConfigurations = (
				88BA02161AA859F90091A43C /* Debug */,
				88BA02171AA859F90091A43C /* Release */,
			);
			defaultConfigurationIsVisible = 0;
			defaultConfigurationName = Release;
		};
/* End XCConfigurationList section */
	};
	rootObject = 88BA01E71AA859F90091A43C /* Project object */;
}
